{
  "version": 4,
  "terraform_version": "1.15.4",
  "serial": 175,
  "lineage": "42c9d961-01f1-274d-fb00-42f10cdffa09",
  "outputs": {
    "alb_arn": {
      "value": "arn:aws:elasticloadbalancing:us-east-1:091869721157:loadbalancer/app/blacktickets-dev-public-alb/f1054844ac8f9d95",
      "type": "string"
    },
    "alb_dns_name": {
      "value": "blacktickets-dev-public-alb-49050539.us-east-1.elb.amazonaws.com",
      "type": "string"
    },
    "alb_http_listener_arn": {
      "value": "arn:aws:elasticloadbalancing:us-east-1:091869721157:listener/app/blacktickets-dev-public-alb/f1054844ac8f9d95/f6114e13668ac7f3",
      "type": "string"
    },
    "alb_security_group_id": {
      "value": "sg-0825596952b78fc5b",
      "type": "string"
    },
    "alb_target_group_arn": {
      "value": "arn:aws:elasticloadbalancing:us-east-1:091869721157:targetgroup/blacktickets-dev-frontend-tg/3572a6cfc703e480",
      "type": "string"
    },
    "alb_zone_id": {
      "value": "Z35SXDOTRQ7X7K",
      "type": "string"
    },
    "app_config_secret_arn": {
      "value": "arn:aws:secretsmanager:us-east-1:091869721157:secret:blacktickets-dev/app-config-Edhx0h",
      "type": "string"
    },
    "autoscaling_group_name": {
      "value": "blacktickets-dev-app-asg",
      "type": "string"
    },
    "backend_target_group_arns": {
      "value": {
        "booking": "arn:aws:elasticloadbalancing:us-east-1:091869721157:targetgroup/blacktickets-dev-booking-tg/3185c7710cd3bed7",
        "chatbot": "arn:aws:elasticloadbalancing:us-east-1:091869721157:targetgroup/blacktickets-dev-chatbot-tg/082778350a4f073a",
        "event": "arn:aws:elasticloadbalancing:us-east-1:091869721157:targetgroup/blacktickets-dev-event-tg/057999f31ad0b20a",
        "identity": "arn:aws:elasticloadbalancing:us-east-1:091869721157:targetgroup/blacktickets-dev-identity-tg/7068144c3634db54"
      },
      "type": [
        "object",
        {
          "booking": "string",
          "chatbot": "string",
          "event": "string",
          "identity": "string"
        }
      ]
    },
    "booking_notification_lambda_arn": {
      "value": "arn:aws:lambda:us-east-1:091869721157:function:blacktickets-dev-booking-notification-consumer",
      "type": "string"
    },
    "booking_notification_lambda_name": {
      "value": "blacktickets-dev-booking-notification-consumer",
      "type": "string"
    },
    "booking_notifications_queue_arn": {
      "value": "arn:aws:sqs:us-east-1:091869721157:blacktickets-dev-booking-notifications",
      "type": "string"
    },
    "booking_notifications_queue_url": {
      "value": "https://sqs.us-east-1.amazonaws.com/091869721157/blacktickets-dev-booking-notifications",
      "type": "string"
    },
    "booking_notifications_sns_topic_arn": {
      "value": "arn:aws:sns:us-east-1:091869721157:blacktickets-dev-booking-notifications",
      "type": "string"
    },
    "cloudtrail_bucket_name": {
      "value": "blacktickets-dev-cloudtrail-logs",
      "type": "string"
    },
    "cloudtrail_log_group_name": {
      "value": "/aws/cloudtrail/blacktickets-dev",
      "type": "string"
    },
    "cloudtrail_name": {
      "value": "blacktickets-dev-trail",
      "type": "string"
    },
    "cloudwatch_alarm_names": {
      "value": [
        "blacktickets-dev-public-alb-5xx-errors",
        "blacktickets-dev-private-alb-target-5xx-errors",
        "blacktickets-dev-ec2-cpu-high",
        "blacktickets-dev-rds-cpu-high",
        "blacktickets-dev-rds-free-storage-low",
        "blacktickets-dev-lambda-errors",
        "blacktickets-dev-sqs-queue-depth-high"
      ],
      "type": [
        "tuple",
        [
          "string",
          "string",
          "string",
          "string",
          "string",
          "string",
          "string"
        ]
      ]
    },
    "cloudwatch_dashboard_name": {
      "value": "BlackTickets-Operations",
      "type": "string"
    },
    "ec2_app_security_group_id": {
      "value": "sg-0b9537c4caaa723d0",
      "type": "string"
    },
    "ec2_iam_role_name": {
      "value": "blacktickets-dev-ec2-app-role",
      "type": "string"
    },
    "ec2_instance_profile_name": {
      "value": "blacktickets-dev-ec2-app-profile",
      "type": "string"
    },
    "interface_endpoint_ids": {
      "value": {
        "cloudwatch_logs": "vpce-0b4fab68b58493c0c",
        "ec2_messages": "vpce-0cc2733ee7c7d71e3",
        "ecr_api": "vpce-0c79d2a39a460e2d6",
        "ecr_dkr": "vpce-0ff8f6d241c937c86",
        "secretsmanager": "vpce-0e41676dc80175948",
        "ssm": "vpce-0c3e5da47db3f590f",
        "ssm_messages": "vpce-08e78ea03cd235d67"
      },
      "type": [
        "object",
        {
          "cloudwatch_logs": "string",
          "ec2_messages": "string",
          "ecr_api": "string",
          "ecr_dkr": "string",
          "secretsmanager": "string",
          "ssm": "string",
          "ssm_messages": "string"
        }
      ]
    },
    "internet_gateway_id": {
      "value": "igw-02e66748acf802549",
      "type": "string"
    },
    "launch_template_id": {
      "value": "lt-0550c80085ccdbe85",
      "type": "string"
    },
    "nat_gateway_id": {
      "value": "nat-02a6664e5ac1203ad",
      "type": "string"
    },
    "nat_gateway_public_ip": {
      "value": "184.73.255.90",
      "type": "string"
    },
    "poster_bucket_name": {
      "value": "blacktickets-dev-posters",
      "type": "string"
    },
    "poster_cloudfront_domain_name": {
      "value": "d1i4bgzramyznu.cloudfront.net",
      "type": "string"
    },
    "private_alb_dns_name": {
      "value": "internal-blacktickets-dev-private-alb-1223796737.us-east-1.elb.amazonaws.com",
      "type": "string"
    },
    "private_app_route_table_ids": {
      "value": [
        "rtb-00a33ee741c0f4b26",
        "rtb-0d8ed62600f4afa16"
      ],
      "type": [
        "tuple",
        [
          "string",
          "string"
        ]
      ]
    },
    "private_app_subnet_ids": {
      "value": [
        "subnet-0c1abec4a36d722dc",
        "subnet-06d4d03d4b66828ec"
      ],
      "type": [
        "tuple",
        [
          "string",
          "string"
        ]
      ]
    },
    "private_db_route_table_ids": {
      "value": [
        "rtb-04ddcc20f033ba100",
        "rtb-0c35ea7e0ca77f9e0"
      ],
      "type": [
        "tuple",
        [
          "string",
          "string"
        ]
      ]
    },
    "private_db_subnet_ids": {
      "value": [
        "subnet-0021137a192e9efb3",
        "subnet-09a126839c35a7626"
      ],
      "type": [
        "tuple",
        [
          "string",
          "string"
        ]
      ]
    },
    "public_alb_dns_name": {
      "value": "blacktickets-dev-public-alb-49050539.us-east-1.elb.amazonaws.com",
      "type": "string"
    },
    "public_route_table_id": {
      "value": "rtb-02c646f3747304d31",
      "type": "string"
    },
    "public_subnet_ids": {
      "value": [
        "subnet-07ee3e7f89d27ea31",
        "subnet-08ad07e63fe464e4c"
      ],
      "type": [
        "tuple",
        [
          "string",
          "string"
        ]
      ]
    },
    "rds_endpoint": {
      "value": "blacktickets-dev-postgres.cqpkso2i290v.us-east-1.rds.amazonaws.com",
      "type": "string"
    },
    "rds_security_group_id": {
      "value": "sg-0b1a323651a4c5fb5",
      "type": "string"
    },
    "s3_gateway_endpoint_id": {
      "value": "vpce-04af200fb233e8ecf",
      "type": "string"
    },
    "terraform_lock_table_name": {
      "value": "blacktickets-dev-terraform-locks",
      "type": "string"
    },
    "tfstate_bucket_name": {
      "value": "blacktickets-dev-tfstate",
      "type": "string"
    },
    "vpc_cidr_block": {
      "value": "10.0.0.0/16",
      "type": "string"
    },
    "vpc_endpoints_security_group_id": {
      "value": "sg-067422c4f704caa35",
      "type": "string"
    },
    "vpc_id": {
      "value": "vpc-086a5e59000af6f38",
      "type": "string"
    },
    "waf_web_acl_arn": {
      "value": "arn:aws:wafv2:us-east-1:091869721157:regional/webacl/blacktickets-dev-web-acl/0a6a164e-be32-482f-8230-6e0630c5caea",
      "type": "string"
    },
    "waf_web_acl_name": {
      "value": "blacktickets-dev-web-acl",
      "type": "string"
    }
  },
  "resources": [
    {
      "mode": "data",
      "type": "archive_file",
      "name": "booking_notification_consumer",
      "provider": "provider[\"registry.terraform.io/hashicorp/archive\"]",
      "instances": [
        {
          "schema_version": 0,
          "attributes": {
            "exclude_symlink_directories": null,
            "excludes": null,
            "id": "873ffc1044558be89c0bd1f8af901f25def22129",
            "output_base64sha256": "K7k59cz7nhUrlHJsY7WMgqdRLUaO4AJ/jDQEtvc9l6M=",
            "output_base64sha512": "uLBba+NNXm4jNo8yaQgupFylxJDKfWvBjTE4dTCZNxFvkdX9iHquRQoJt1b5hRG4r5hbfkbanCMBCeZR7QwMfQ==",
            "output_file_mode": null,
            "output_md5": "75018abfd9dd7fc3966d7d10fac92499",
            "output_path": "./.build/booking-notification-consumer.zip",
            "output_sha": "873ffc1044558be89c0bd1f8af901f25def22129",
            "output_sha256": "2bb939f5ccfb9e152b94726c63b58c82a7512d468ee0027f8c3404b6f73d97a3",
            "output_sha512": "b8b05b6be34d5e6e23368f3269082ea45ca5c490ca7d6bc18d313875309937116f91d5fd887aae450a09b756f98511b8af985b7e46da9c230109e651ed0c0c7d",
            "output_size": 868,
            "source": [],
            "source_content": null,
            "source_content_filename": null,
            "source_dir": "./../lambda/booking-notification-consumer",
            "source_file": null,
            "type": "zip"
          },
          "sensitive_attributes": [],
          "identity_schema_version": 0
        }
      ]
    },
    {
      "mode": "data",
      "type": "aws_ami",
      "name": "ubuntu_2404",
      "provider": "provider[\"registry.terraform.io/hashicorp/aws\"]",
      "instances": [
        {
          "schema_version": 0,
          "attributes": {
            "allow_unsafe_filter": null,
            "architecture": "x86_64",
            "arn": "arn:aws:ec2:us-east-1::image/ami-0021ac0c2e69d9c55",
            "block_device_mappings": [
              {
                "device_name": "/dev/sda1",
                "ebs": {
                  "delete_on_termination": "true",
                  "encrypted": "false",
                  "iops": "0",
                  "snapshot_id": "snap-05c21f247a1e4ff4c",
                  "throughput": "0",
                  "volume_initialization_rate": "0",
                  "volume_size": "8",
                  "volume_type": "gp3"
                },
                "no_device": "",
                "virtual_name": ""
              },
              {
                "device_name": "/dev/sdb",
                "ebs": {},
                "no_device": "",
                "virtual_name": "ephemeral0"
              },
              {
                "device_name": "/dev/sdc",
                "ebs": {},
                "no_device": "",
                "virtual_name": "ephemeral1"
              }
            ],
            "boot_mode": "uefi-preferred",
            "creation_date": "2026-06-04T11:04:08.000Z",
            "deprecation_time": "2028-06-04T11:04:08.000Z",
            "description": "Canonical, Ubuntu, 24.04, amd64 noble image",
            "ena_support": true,
            "executable_users": null,
            "filter": [
              {
                "name": "name",
                "values": [
                  "ubuntu/images/hvm-ssd-gp3/ubuntu-noble-24.04-amd64-server-*"
                ]
              },
              {
                "name": "virtualization-type",
                "values": [
                  "hvm"
                ]
              }
            ],
            "hypervisor": "xen",
            "id": "ami-0021ac0c2e69d9c55",
            "image_id": "ami-0021ac0c2e69d9c55",
            "image_location": "amazon/ubuntu/images/hvm-ssd-gp3/ubuntu-noble-24.04-amd64-server-20260604",
            "image_owner_alias": "amazon",
            "image_type": "machine",
            "imds_support": "v2.0",
            "include_deprecated": false,
            "kernel_id": "",
            "last_launched_time": "",
            "most_recent": true,
            "name": "ubuntu/images/hvm-ssd-gp3/ubuntu-noble-24.04-amd64-server-20260604",
            "name_regex": null,
            "owner_id": "099720109477",
            "owners": [
              "099720109477"
            ],
            "platform": "",
            "platform_details": "Linux/UNIX",
            "product_codes": [],
            "public": true,
            "ramdisk_id": "",
            "region": "us-east-1",
            "root_device_name": "/dev/sda1",
            "root_device_type": "ebs",
            "root_snapshot_id": "snap-05c21f247a1e4ff4c",
            "sriov_net_support": "simple",
            "state": "available",
            "state_reason": {
              "code": "UNSET",
              "message": "UNSET"
            },
            "tags": {},
            "timeouts": null,
            "tpm_support": "",
            "uefi_data": null,
            "usage_operation": "RunInstances",
            "virtualization_type": "hvm"
          },
          "sensitive_attributes": [],
          "identity_schema_version": 0
        }
      ]
    },
    {
      "mode": "data",
      "type": "aws_availability_zones",
      "name": "available",
      "provider": "provider[\"registry.terraform.io/hashicorp/aws\"]",
      "instances": [
        {
          "schema_version": 0,
          "attributes": {
            "all_availability_zones": null,
            "exclude_names": null,
            "exclude_zone_ids": null,
            "filter": null,
            "group_names": [
              "us-east-1-zg-1"
            ],
            "id": "us-east-1",
            "names": [
              "us-east-1a",
              "us-east-1b",
              "us-east-1c",
              "us-east-1d",
              "us-east-1e",
              "us-east-1f"
            ],
            "region": "us-east-1",
            "state": "available",
            "timeouts": null,
            "zone_ids": [
              "use1-az1",
              "use1-az2",
              "use1-az4",
              "use1-az6",
              "use1-az3",
              "use1-az5"
            ]
          },
          "sensitive_attributes": [],
          "identity_schema_version": 0
        }
      ]
    },
    {
      "mode": "data",
      "type": "aws_caller_identity",
      "name": "current",
      "provider": "provider[\"registry.terraform.io/hashicorp/aws\"]",
      "instances": [
        {
          "schema_version": 0,
          "attributes": {
            "account_id": "091869721157",
            "arn": "arn:aws:iam::091869721157:user/ananth-ust",
            "id": "091869721157",
            "user_id": "AIDARKY64WJC2MPJLWVJA"
          },
          "sensitive_attributes": [],
          "identity_schema_version": 0
        }
      ]
    },
    {
      "mode": "data",
      "type": "aws_iam_policy_document",
      "name": "booking_notification_consumer",
      "provider": "provider[\"registry.terraform.io/hashicorp/aws\"]",
      "instances": [
        {
          "schema_version": 0,
          "attributes": {
            "id": "3323198038",
            "json": "{\n  \"Version\": \"2012-10-17\",\n  \"Statement\": [\n    {\n      \"Sid\": \"WriteCloudWatchLogs\",\n      \"Effect\": \"Allow\",\n      \"Action\": [\n        \"logs:PutLogEvents\",\n        \"logs:CreateLogStream\"\n      ],\n      \"Resource\": \"arn:aws:logs:us-east-1:091869721157:log-group:/aws/lambda/blacktickets-dev-booking-notification-consumer:*\"\n    },\n    {\n      \"Sid\": \"ReadBookingNotificationQueue\",\n      \"Effect\": \"Allow\",\n      \"Action\": [\n        \"sqs:ReceiveMessage\",\n        \"sqs:GetQueueAttributes\",\n        \"sqs:DeleteMessage\",\n        \"sqs:ChangeMessageVisibility\"\n      ],\n      \"Resource\": \"arn:aws:sqs:us-east-1:091869721157:blacktickets-dev-booking-notifications\"\n    },\n    {\n      \"Sid\": \"PublishBookingNotifications\",\n      \"Effect\": \"Allow\",\n      \"Action\": \"sns:Publish\",\n      \"Resource\": \"arn:aws:sns:us-east-1:091869721157:blacktickets-dev-booking-notifications\"\n    }\n  ]\n}",
            "minified_json": "{\"Version\":\"2012-10-17\",\"Statement\":[{\"Sid\":\"WriteCloudWatchLogs\",\"Effect\":\"Allow\",\"Action\":[\"logs:PutLogEvents\",\"logs:CreateLogStream\"],\"Resource\":\"arn:aws:logs:us-east-1:091869721157:log-group:/aws/lambda/blacktickets-dev-booking-notification-consumer:*\"},{\"Sid\":\"ReadBookingNotificationQueue\",\"Effect\":\"Allow\",\"Action\":[\"sqs:ReceiveMessage\",\"sqs:GetQueueAttributes\",\"sqs:DeleteMessage\",\"sqs:ChangeMessageVisibility\"],\"Resource\":\"arn:aws:sqs:us-east-1:091869721157:blacktickets-dev-booking-notifications\"},{\"Sid\":\"PublishBookingNotifications\",\"Effect\":\"Allow\",\"Action\":\"sns:Publish\",\"Resource\":\"arn:aws:sns:us-east-1:091869721157:blacktickets-dev-booking-notifications\"}]}",
            "override_json": null,
            "override_policy_documents": null,
            "policy_id": null,
            "source_json": null,
            "source_policy_documents": null,
            "statement": [
              {
                "actions": [
                  "logs:CreateLogStream",
                  "logs:PutLogEvents"
                ],
                "condition": [],
                "effect": "Allow",
                "not_actions": [],
                "not_principals": [],
                "not_resources": [],
                "principals": [],
                "resources": [
                  "arn:aws:logs:us-east-1:091869721157:log-group:/aws/lambda/blacktickets-dev-booking-notification-consumer:*"
                ],
                "sid": "WriteCloudWatchLogs"
              },
              {
                "actions": [
                  "sqs:ChangeMessageVisibility",
                  "sqs:DeleteMessage",
                  "sqs:GetQueueAttributes",
                  "sqs:ReceiveMessage"
                ],
                "condition": [],
                "effect": "Allow",
                "not_actions": [],
                "not_principals": [],
                "not_resources": [],
                "principals": [],
                "resources": [
                  "arn:aws:sqs:us-east-1:091869721157:blacktickets-dev-booking-notifications"
                ],
                "sid": "ReadBookingNotificationQueue"
              },
              {
                "actions": [
                  "sns:Publish"
                ],
                "condition": [],
                "effect": "Allow",
                "not_actions": [],
                "not_principals": [],
                "not_resources": [],
                "principals": [],
                "resources": [
                  "arn:aws:sns:us-east-1:091869721157:blacktickets-dev-booking-notifications"
                ],
                "sid": "PublishBookingNotifications"
              }
            ],
            "version": "2012-10-17"
          },
          "sensitive_attributes": [],
          "identity_schema_version": 0
        }
      ]
    },
    {
      "mode": "data",
      "type": "aws_iam_policy_document",
      "name": "cloudtrail_assume_role",
      "provider": "provider[\"registry.terraform.io/hashicorp/aws\"]",
      "instances": [
        {
          "schema_version": 0,
          "attributes": {
            "id": "1399789601",
            "json": "{\n  \"Version\": \"2012-10-17\",\n  \"Statement\": [\n    {\n      \"Effect\": \"Allow\",\n      \"Action\": \"sts:AssumeRole\",\n      \"Principal\": {\n        \"Service\": \"cloudtrail.amazonaws.com\"\n      }\n    }\n  ]\n}",
            "minified_json": "{\"Version\":\"2012-10-17\",\"Statement\":[{\"Effect\":\"Allow\",\"Action\":\"sts:AssumeRole\",\"Principal\":{\"Service\":\"cloudtrail.amazonaws.com\"}}]}",
            "override_json": null,
            "override_policy_documents": null,
            "policy_id": null,
            "source_json": null,
            "source_policy_documents": null,
            "statement": [
              {
                "actions": [
                  "sts:AssumeRole"
                ],
                "condition": [],
                "effect": "Allow",
                "not_actions": [],
                "not_principals": [],
                "not_resources": [],
                "principals": [
                  {
                    "identifiers": [
                      "cloudtrail.amazonaws.com"
                    ],
                    "type": "Service"
                  }
                ],
                "resources": [],
                "sid": ""
              }
            ],
            "version": "2012-10-17"
          },
          "sensitive_attributes": [],
          "identity_schema_version": 0
        }
      ]
    },
    {
      "mode": "data",
      "type": "aws_iam_policy_document",
      "name": "cloudtrail_bucket",
      "provider": "provider[\"registry.terraform.io/hashicorp/aws\"]",
      "instances": [
        {
          "schema_version": 0,
          "attributes": {
            "id": "1840023992",
            "json": "{\n  \"Version\": \"2012-10-17\",\n  \"Statement\": [\n    {\n      \"Sid\": \"AWSCloudTrailAclCheck\",\n      \"Effect\": \"Allow\",\n      \"Action\": \"s3:GetBucketAcl\",\n      \"Resource\": \"arn:aws:s3:::blacktickets-dev-cloudtrail-logs\",\n      \"Principal\": {\n        \"Service\": \"cloudtrail.amazonaws.com\"\n      },\n      \"Condition\": {\n        \"StringEquals\": {\n          \"AWS:SourceArn\": \"arn:aws:cloudtrail:us-east-1:091869721157:trail/blacktickets-dev-trail\"\n        }\n      }\n    },\n    {\n      \"Sid\": \"AWSCloudTrailWrite\",\n      \"Effect\": \"Allow\",\n      \"Action\": \"s3:PutObject\",\n      \"Resource\": \"arn:aws:s3:::blacktickets-dev-cloudtrail-logs/AWSLogs/091869721157/*\",\n      \"Principal\": {\n        \"Service\": \"cloudtrail.amazonaws.com\"\n      },\n      \"Condition\": {\n        \"StringEquals\": {\n          \"AWS:SourceArn\": \"arn:aws:cloudtrail:us-east-1:091869721157:trail/blacktickets-dev-trail\",\n          \"s3:x-amz-acl\": \"bucket-owner-full-control\"\n        }\n      }\n    }\n  ]\n}",
            "minified_json": "{\"Version\":\"2012-10-17\",\"Statement\":[{\"Sid\":\"AWSCloudTrailAclCheck\",\"Effect\":\"Allow\",\"Action\":\"s3:GetBucketAcl\",\"Resource\":\"arn:aws:s3:::blacktickets-dev-cloudtrail-logs\",\"Principal\":{\"Service\":\"cloudtrail.amazonaws.com\"},\"Condition\":{\"StringEquals\":{\"AWS:SourceArn\":\"arn:aws:cloudtrail:us-east-1:091869721157:trail/blacktickets-dev-trail\"}}},{\"Sid\":\"AWSCloudTrailWrite\",\"Effect\":\"Allow\",\"Action\":\"s3:PutObject\",\"Resource\":\"arn:aws:s3:::blacktickets-dev-cloudtrail-logs/AWSLogs/091869721157/*\",\"Principal\":{\"Service\":\"cloudtrail.amazonaws.com\"},\"Condition\":{\"StringEquals\":{\"AWS:SourceArn\":\"arn:aws:cloudtrail:us-east-1:091869721157:trail/blacktickets-dev-trail\",\"s3:x-amz-acl\":\"bucket-owner-full-control\"}}}]}",
            "override_json": null,
            "override_policy_documents": null,
            "policy_id": null,
            "source_json": null,
            "source_policy_documents": null,
            "statement": [
              {
                "actions": [
                  "s3:GetBucketAcl"
                ],
                "condition": [
                  {
                    "test": "StringEquals",
                    "values": [
                      "arn:aws:cloudtrail:us-east-1:091869721157:trail/blacktickets-dev-trail"
                    ],
                    "variable": "AWS:SourceArn"
                  }
                ],
                "effect": "Allow",
                "not_actions": [],
                "not_principals": [],
                "not_resources": [],
                "principals": [
                  {
                    "identifiers": [
                      "cloudtrail.amazonaws.com"
                    ],
                    "type": "Service"
                  }
                ],
                "resources": [
                  "arn:aws:s3:::blacktickets-dev-cloudtrail-logs"
                ],
                "sid": "AWSCloudTrailAclCheck"
              },
              {
                "actions": [
                  "s3:PutObject"
                ],
                "condition": [
                  {
                    "test": "StringEquals",
                    "values": [
                      "arn:aws:cloudtrail:us-east-1:091869721157:trail/blacktickets-dev-trail"
                    ],
                    "variable": "AWS:SourceArn"
                  },
                  {
                    "test": "StringEquals",
                    "values": [
                      "bucket-owner-full-control"
                    ],
                    "variable": "s3:x-amz-acl"
                  }
                ],
                "effect": "Allow",
                "not_actions": [],
                "not_principals": [],
                "not_resources": [],
                "principals": [
                  {
                    "identifiers": [
                      "cloudtrail.amazonaws.com"
                    ],
                    "type": "Service"
                  }
                ],
                "resources": [
                  "arn:aws:s3:::blacktickets-dev-cloudtrail-logs/AWSLogs/091869721157/*"
                ],
                "sid": "AWSCloudTrailWrite"
              }
            ],
            "version": "2012-10-17"
          },
          "sensitive_attributes": [],
          "identity_schema_version": 0
        }
      ]
    },
    {
      "mode": "data",
      "type": "aws_iam_policy_document",
      "name": "cloudtrail_cloudwatch_logs",
      "provider": "provider[\"registry.terraform.io/hashicorp/aws\"]",
      "instances": [
        {
          "schema_version": 0,
          "attributes": {
            "id": "343999299",
            "json": "{\n  \"Version\": \"2012-10-17\",\n  \"Statement\": [\n    {\n      \"Sid\": \"WriteCloudTrailLogs\",\n      \"Effect\": \"Allow\",\n      \"Action\": [\n        \"logs:PutLogEvents\",\n        \"logs:CreateLogStream\"\n      ],\n      \"Resource\": \"arn:aws:logs:us-east-1:091869721157:log-group:/aws/cloudtrail/blacktickets-dev:log-stream:091869721157_CloudTrail_*\"\n    }\n  ]\n}",
            "minified_json": "{\"Version\":\"2012-10-17\",\"Statement\":[{\"Sid\":\"WriteCloudTrailLogs\",\"Effect\":\"Allow\",\"Action\":[\"logs:PutLogEvents\",\"logs:CreateLogStream\"],\"Resource\":\"arn:aws:logs:us-east-1:091869721157:log-group:/aws/cloudtrail/blacktickets-dev:log-stream:091869721157_CloudTrail_*\"}]}",
            "override_json": null,
            "override_policy_documents": null,
            "policy_id": null,
            "source_json": null,
            "source_policy_documents": null,
            "statement": [
              {
                "actions": [
                  "logs:CreateLogStream",
                  "logs:PutLogEvents"
                ],
                "condition": [],
                "effect": "Allow",
                "not_actions": [],
                "not_principals": [],
                "not_resources": [],
                "principals": [],
                "resources": [
                  "arn:aws:logs:us-east-1:091869721157:log-group:/aws/cloudtrail/blacktickets-dev:log-stream:091869721157_CloudTrail_*"
                ],
                "sid": "WriteCloudTrailLogs"
              }
            ],
            "version": "2012-10-17"
          },
          "sensitive_attributes": [],
          "identity_schema_version": 0
        }
      ]
    },
    {
      "mode": "data",
      "type": "aws_iam_policy_document",
      "name": "ec2_assume_role",
      "provider": "provider[\"registry.terraform.io/hashicorp/aws\"]",
      "instances": [
        {
          "schema_version": 0,
          "attributes": {
            "id": "2851119427",
            "json": "{\n  \"Version\": \"2012-10-17\",\n  \"Statement\": [\n    {\n      \"Effect\": \"Allow\",\n      \"Action\": \"sts:AssumeRole\",\n      \"Principal\": {\n        \"Service\": \"ec2.amazonaws.com\"\n      }\n    }\n  ]\n}",
            "minified_json": "{\"Version\":\"2012-10-17\",\"Statement\":[{\"Effect\":\"Allow\",\"Action\":\"sts:AssumeRole\",\"Principal\":{\"Service\":\"ec2.amazonaws.com\"}}]}",
            "override_json": null,
            "override_policy_documents": null,
            "policy_id": null,
            "source_json": null,
            "source_policy_documents": null,
            "statement": [
              {
                "actions": [
                  "sts:AssumeRole"
                ],
                "condition": [],
                "effect": "Allow",
                "not_actions": [],
                "not_principals": [],
                "not_resources": [],
                "principals": [
                  {
                    "identifiers": [
                      "ec2.amazonaws.com"
                    ],
                    "type": "Service"
                  }
                ],
                "resources": [],
                "sid": ""
              }
            ],
            "version": "2012-10-17"
          },
          "sensitive_attributes": [],
          "identity_schema_version": 0
        }
      ]
    },
    {
      "mode": "data",
      "type": "aws_iam_policy_document",
      "name": "ec2_booking_notifications_sqs",
      "provider": "provider[\"registry.terraform.io/hashicorp/aws\"]",
      "instances": [
        {
          "schema_version": 0,
          "attributes": {
            "id": "2958653986",
            "json": "{\n  \"Version\": \"2012-10-17\",\n  \"Statement\": [\n    {\n      \"Effect\": \"Allow\",\n      \"Action\": [\n        \"sqs:SendMessage\",\n        \"sqs:GetQueueUrl\",\n        \"sqs:GetQueueAttributes\"\n      ],\n      \"Resource\": \"arn:aws:sqs:us-east-1:091869721157:blacktickets-dev-booking-notifications\"\n    }\n  ]\n}",
            "minified_json": "{\"Version\":\"2012-10-17\",\"Statement\":[{\"Effect\":\"Allow\",\"Action\":[\"sqs:SendMessage\",\"sqs:GetQueueUrl\",\"sqs:GetQueueAttributes\"],\"Resource\":\"arn:aws:sqs:us-east-1:091869721157:blacktickets-dev-booking-notifications\"}]}",
            "override_json": null,
            "override_policy_documents": null,
            "policy_id": null,
            "source_json": null,
            "source_policy_documents": null,
            "statement": [
              {
                "actions": [
                  "sqs:GetQueueAttributes",
                  "sqs:GetQueueUrl",
                  "sqs:SendMessage"
                ],
                "condition": [],
                "effect": "Allow",
                "not_actions": [],
                "not_principals": [],
                "not_resources": [],
                "principals": [],
                "resources": [
                  "arn:aws:sqs:us-east-1:091869721157:blacktickets-dev-booking-notifications"
                ],
                "sid": ""
              }
            ],
            "version": "2012-10-17"
          },
          "sensitive_attributes": [],
          "identity_schema_version": 0
        }
      ]
    },
    {
      "mode": "data",
      "type": "aws_iam_policy_document",
      "name": "ec2_poster_bucket_access",
      "provider": "provider[\"registry.terraform.io/hashicorp/aws\"]",
      "instances": [
        {
          "schema_version": 0,
          "attributes": {
            "id": "3867901249",
            "json": "{\n  \"Version\": \"2012-10-17\",\n  \"Statement\": [\n    {\n      \"Effect\": \"Allow\",\n      \"Action\": [\n        \"s3:PutObjectTagging\",\n        \"s3:PutObject\"\n      ],\n      \"Resource\": \"arn:aws:s3:::blacktickets-dev-posters/event-posters/*\"\n    }\n  ]\n}",
            "minified_json": "{\"Version\":\"2012-10-17\",\"Statement\":[{\"Effect\":\"Allow\",\"Action\":[\"s3:PutObjectTagging\",\"s3:PutObject\"],\"Resource\":\"arn:aws:s3:::blacktickets-dev-posters/event-posters/*\"}]}",
            "override_json": null,
            "override_policy_documents": null,
            "policy_id": null,
            "source_json": null,
            "source_policy_documents": null,
            "statement": [
              {
                "actions": [
                  "s3:PutObject",
                  "s3:PutObjectTagging"
                ],
                "condition": [],
                "effect": "Allow",
                "not_actions": [],
                "not_principals": [],
                "not_resources": [],
                "principals": [],
                "resources": [
                  "arn:aws:s3:::blacktickets-dev-posters/event-posters/*"
                ],
                "sid": ""
              }
            ],
            "version": "2012-10-17"
          },
          "sensitive_attributes": [],
          "identity_schema_version": 0
        }
      ]
    },
    {
      "mode": "data",
      "type": "aws_iam_policy_document",
      "name": "lambda_assume_role",
      "provider": "provider[\"registry.terraform.io/hashicorp/aws\"]",
      "instances": [
        {
          "schema_version": 0,
          "attributes": {
            "id": "2690255455",
            "json": "{\n  \"Version\": \"2012-10-17\",\n  \"Statement\": [\n    {\n      \"Effect\": \"Allow\",\n      \"Action\": \"sts:AssumeRole\",\n      \"Principal\": {\n        \"Service\": \"lambda.amazonaws.com\"\n      }\n    }\n  ]\n}",
            "minified_json": "{\"Version\":\"2012-10-17\",\"Statement\":[{\"Effect\":\"Allow\",\"Action\":\"sts:AssumeRole\",\"Principal\":{\"Service\":\"lambda.amazonaws.com\"}}]}",
            "override_json": null,
            "override_policy_documents": null,
            "policy_id": null,
            "source_json": null,
            "source_policy_documents": null,
            "statement": [
              {
                "actions": [
                  "sts:AssumeRole"
                ],
                "condition": [],
                "effect": "Allow",
                "not_actions": [],
                "not_principals": [],
                "not_resources": [],
                "principals": [
                  {
                    "identifiers": [
                      "lambda.amazonaws.com"
                    ],
                    "type": "Service"
                  }
                ],
                "resources": [],
                "sid": ""
              }
            ],
            "version": "2012-10-17"
          },
          "sensitive_attributes": [],
          "identity_schema_version": 0
        }
      ]
    },
    {
      "mode": "data",
      "type": "aws_iam_policy_document",
      "name": "poster_bucket_cloudfront_read",
      "provider": "provider[\"registry.terraform.io/hashicorp/aws\"]",
      "instances": [
        {
          "schema_version": 0,
          "attributes": {
            "id": "1919743575",
            "json": "{\n  \"Version\": \"2012-10-17\",\n  \"Statement\": [\n    {\n      \"Effect\": \"Allow\",\n      \"Action\": \"s3:GetObject\",\n      \"Resource\": \"arn:aws:s3:::blacktickets-dev-posters/event-posters/*\",\n      \"Principal\": {\n        \"Service\": \"cloudfront.amazonaws.com\"\n      },\n      \"Condition\": {\n        \"StringEquals\": {\n          \"AWS:SourceArn\": \"arn:aws:cloudfront::091869721157:distribution/E9UC9UFP8MN13\"\n        }\n      }\n    }\n  ]\n}",
            "minified_json": "{\"Version\":\"2012-10-17\",\"Statement\":[{\"Effect\":\"Allow\",\"Action\":\"s3:GetObject\",\"Resource\":\"arn:aws:s3:::blacktickets-dev-posters/event-posters/*\",\"Principal\":{\"Service\":\"cloudfront.amazonaws.com\"},\"Condition\":{\"StringEquals\":{\"AWS:SourceArn\":\"arn:aws:cloudfront::091869721157:distribution/E9UC9UFP8MN13\"}}}]}",
            "override_json": null,
            "override_policy_documents": null,
            "policy_id": null,
            "source_json": null,
            "source_policy_documents": null,
            "statement": [
              {
                "actions": [
                  "s3:GetObject"
                ],
                "condition": [
                  {
                    "test": "StringEquals",
                    "values": [
                      "arn:aws:cloudfront::091869721157:distribution/E9UC9UFP8MN13"
                    ],
                    "variable": "AWS:SourceArn"
                  }
                ],
                "effect": "Allow",
                "not_actions": [],
                "not_principals": [],
                "not_resources": [],
                "principals": [
                  {
                    "identifiers": [
                      "cloudfront.amazonaws.com"
                    ],
                    "type": "Service"
                  }
                ],
                "resources": [
                  "arn:aws:s3:::blacktickets-dev-posters/event-posters/*"
                ],
                "sid": ""
              }
            ],
            "version": "2012-10-17"
          },
          "sensitive_attributes": [],
          "identity_schema_version": 0
        }
      ]
    },
    {
      "mode": "managed",
      "type": "aws_autoscaling_group",
      "name": "app",
      "provider": "provider[\"registry.terraform.io/hashicorp/aws\"]",
      "instances": [
        {
          "schema_version": 1,
          "attributes": {
            "arn": "arn:aws:autoscaling:us-east-1:091869721157:autoScalingGroup:2a5ade5d-cc12-404c-a574-5164e1c15205:autoScalingGroupName/blacktickets-dev-app-asg",
            "availability_zone_distribution": [
              {
                "capacity_distribution_strategy": "balanced-best-effort"
              }
            ],
            "availability_zones": [
              "us-east-1a",
              "us-east-1b"
            ],
            "capacity_rebalance": false,
            "capacity_reservation_specification": [
              {
                "capacity_reservation_preference": "default",
                "capacity_reservation_target": []
              }
            ],
            "context": "",
            "default_cooldown": 300,
            "default_instance_warmup": 0,
            "desired_capacity": 1,
            "desired_capacity_type": "",
            "enabled_metrics": [
              "GroupAndWarmPoolDesiredCapacity",
              "GroupAndWarmPoolTotalCapacity",
              "GroupDesiredCapacity",
              "GroupInServiceCapacity",
              "GroupInServiceInstances",
              "GroupMaxSize",
              "GroupMinSize",
              "GroupPendingCapacity",
              "GroupPendingInstances",
              "GroupStandbyCapacity",
              "GroupStandbyInstances",
              "GroupTerminatingCapacity",
              "GroupTerminatingInstances",
              "GroupTerminatingRetainedCapacity",
              "GroupTerminatingRetainedInstances",
              "GroupTotalCapacity",
              "GroupTotalInstances",
              "WarmPoolDesiredCapacity",
              "WarmPoolMinSize",
              "WarmPoolPendingCapacity",
              "WarmPoolPendingRetainedCapacity",
              "WarmPoolTerminatingCapacity",
              "WarmPoolTerminatingRetainedCapacity",
              "WarmPoolTotalCapacity",
              "WarmPoolWarmedCapacity"
            ],
            "force_delete": false,
            "force_delete_warm_pool": false,
            "health_check_grace_period": 300,
            "health_check_type": "ELB",
            "id": "blacktickets-dev-app-asg",
            "ignore_failed_scaling_activities": false,
            "initial_lifecycle_hook": [],
            "instance_maintenance_policy": [],
            "instance_refresh": [],
            "launch_configuration": "",
            "launch_template": [
              {
                "id": "lt-0550c80085ccdbe85",
                "name": "blacktickets-dev-app-20260609051027262900000002",
                "version": "$Latest"
              }
            ],
            "load_balancers": [],
            "max_instance_lifetime": 0,
            "max_size": 2,
            "metrics_granularity": "1Minute",
            "min_elb_capacity": null,
            "min_size": 1,
            "mixed_instances_policy": [],
            "name": "blacktickets-dev-app-asg",
            "name_prefix": "",
            "placement_group": "",
            "predicted_capacity": 0,
            "protect_from_scale_in": false,
            "region": "us-east-1",
            "service_linked_role_arn": "arn:aws:iam::091869721157:role/aws-service-role/autoscaling.amazonaws.com/AWSServiceRoleForAutoScaling",
            "suspended_processes": [],
            "tag": [
              {
                "key": "Environment",
                "propagate_at_launch": true,
                "value": "dev"
              },
              {
                "key": "ManagedBy",
                "propagate_at_launch": true,
                "value": "terraform"
              },
              {
                "key": "Name",
                "propagate_at_launch": true,
                "value": "blacktickets-dev-app-asg"
              },
              {
                "key": "Project",
                "propagate_at_launch": true,
                "value": "blacktickets"
              }
            ],
            "target_group_arns": [
              "arn:aws:elasticloadbalancing:us-east-1:091869721157:targetgroup/blacktickets-dev-booking-tg/3185c7710cd3bed7",
              "arn:aws:elasticloadbalancing:us-east-1:091869721157:targetgroup/blacktickets-dev-chatbot-tg/082778350a4f073a",
              "arn:aws:elasticloadbalancing:us-east-1:091869721157:targetgroup/blacktickets-dev-event-tg/057999f31ad0b20a",
              "arn:aws:elasticloadbalancing:us-east-1:091869721157:targetgroup/blacktickets-dev-frontend-tg/3572a6cfc703e480",
              "arn:aws:elasticloadbalancing:us-east-1:091869721157:targetgroup/blacktickets-dev-identity-tg/7068144c3634db54"
            ],
            "termination_policies": [],
            "timeouts": null,
            "traffic_source": [
              {
                "identifier": "arn:aws:elasticloadbalancing:us-east-1:091869721157:targetgroup/blacktickets-dev-booking-tg/3185c7710cd3bed7",
                "type": "elbv2"
              },
              {
                "identifier": "arn:aws:elasticloadbalancing:us-east-1:091869721157:targetgroup/blacktickets-dev-chatbot-tg/082778350a4f073a",
                "type": "elbv2"
              },
              {
                "identifier": "arn:aws:elasticloadbalancing:us-east-1:091869721157:targetgroup/blacktickets-dev-event-tg/057999f31ad0b20a",
                "type": "elbv2"
              },
              {
                "identifier": "arn:aws:elasticloadbalancing:us-east-1:091869721157:targetgroup/blacktickets-dev-frontend-tg/3572a6cfc703e480",
                "type": "elbv2"
              },
              {
                "identifier": "arn:aws:elasticloadbalancing:us-east-1:091869721157:targetgroup/blacktickets-dev-identity-tg/7068144c3634db54",
                "type": "elbv2"
              }
            ],
            "vpc_zone_identifier": [
              "subnet-06d4d03d4b66828ec",
              "subnet-0c1abec4a36d722dc"
            ],
            "wait_for_capacity_timeout": "10m",
            "wait_for_elb_capacity": null,
            "warm_pool": [],
            "warm_pool_size": 0
          },
          "sensitive_attributes": [],
          "identity_schema_version": 0,
          "identity": {
            "account_id": "091869721157",
            "name": "blacktickets-dev-app-asg",
            "region": "us-east-1"
          },
          "private": "eyJlMmJmYjczMC1lY2FhLTExZTYtOGY4OC0zNDM2M2JjN2M0YzAiOnsiZGVsZXRlIjo2MDAwMDAwMDAwMDAsInVwZGF0ZSI6NjAwMDAwMDAwMDAwfSwic2NoZW1hX3ZlcnNpb24iOiIxIn0=",
          "dependencies": [
            "aws_cloudfront_distribution.posters",
            "aws_cloudfront_origin_access_control.posters",
            "aws_db_instance.postgres",
            "aws_db_subnet_group.main",
            "aws_iam_instance_profile.ec2_app",
            "aws_iam_role.ec2_app",
            "aws_launch_template.app",
            "aws_lb.private",
            "aws_lb_target_group.booking",
            "aws_lb_target_group.chatbot",
            "aws_lb_target_group.event",
            "aws_lb_target_group.frontend",
            "aws_lb_target_group.identity",
            "aws_s3_bucket.posters",
            "aws_secretsmanager_secret.app_config",
            "aws_secretsmanager_secret_version.app_config",
            "aws_security_group.ec2_app",
            "aws_security_group.private_alb",
            "aws_security_group.rds",
            "aws_sqs_queue.booking_notifications",
            "aws_subnet.private_app",
            "aws_subnet.private_db",
            "aws_vpc.main",
            "data.aws_ami.ubuntu_2404",
            "data.aws_availability_zones.available",
            "data.aws_caller_identity.current",
            "data.aws_iam_policy_document.ec2_assume_role"
          ]
        }
      ]
    },
    {
      "mode": "managed",
      "type": "aws_cloudfront_distribution",
      "name": "posters",
      "provider": "provider[\"registry.terraform.io/hashicorp/aws\"]",
      "instances": [
        {
          "schema_version": 1,
          "attributes": {
            "aliases": [],
            "anycast_ip_list_id": "",
            "arn": "arn:aws:cloudfront::091869721157:distribution/E9UC9UFP8MN13",
            "cache_tag_config": [],
            "caller_reference": "terraform-20260609092159197600000001",
            "comment": "blacktickets-dev poster images",
            "connection_function_association": [],
            "continuous_deployment_policy_id": "",
            "custom_error_response": [],
            "default_cache_behavior": [
              {
                "allowed_methods": [
                  "GET",
                  "HEAD",
                  "OPTIONS"
                ],
                "cache_policy_id": "",
                "cached_methods": [
                  "GET",
                  "HEAD"
                ],
                "compress": true,
                "default_ttl": 0,
                "field_level_encryption_id": "",
                "forwarded_values": [
                  {
                    "cookies": [
                      {
                        "forward": "none",
                        "whitelisted_names": []
                      }
                    ],
                    "headers": [],
                    "query_string": false,
                    "query_string_cache_keys": []
                  }
                ],
                "function_association": [],
                "grpc_config": [
                  {
                    "enabled": false
                  }
                ],
                "lambda_function_association": [],
                "max_ttl": 0,
                "min_ttl": 0,
                "origin_request_policy_id": "",
                "realtime_log_config_arn": "",
                "response_headers_policy_id": "",
                "smooth_streaming": false,
                "target_origin_id": "poster-s3-origin",
                "trusted_key_groups": [],
                "trusted_signers": [],
                "viewer_protocol_policy": "redirect-to-https"
              }
            ],
            "default_root_object": "",
            "domain_name": "d1i4bgzramyznu.cloudfront.net",
            "enabled": true,
            "etag": "E23ZP02F085DFQ",
            "hosted_zone_id": "Z2FDTNDATAQYW2",
            "http_version": "http2",
            "id": "E9UC9UFP8MN13",
            "in_progress_validation_batches": 0,
            "is_ipv6_enabled": false,
            "last_modified_time": "2026-06-09 09:21:59.322 +0000 UTC",
            "logging_config": [],
            "logging_v1_enabled": false,
            "ordered_cache_behavior": [],
            "origin": [
              {
                "connection_attempts": 3,
                "connection_timeout": 10,
                "custom_header": [],
                "custom_origin_config": [],
                "domain_name": "blacktickets-dev-posters.s3.us-east-1.amazonaws.com",
                "origin_access_control_id": "E1RM1MV5X32USN",
                "origin_id": "poster-s3-origin",
                "origin_path": "",
                "origin_shield": [],
                "response_completion_timeout": 0,
                "s3_origin_config": [],
                "vpc_origin_config": []
              }
            ],
            "origin_group": [],
            "price_class": "PriceClass_All",
            "restrictions": [
              {
                "geo_restriction": [
                  {
                    "locations": [],
                    "restriction_type": "none"
                  }
                ]
              }
            ],
            "retain_on_delete": false,
            "staging": false,
            "status": "Deployed",
            "tags": {
              "Environment": "dev",
              "ManagedBy": "terraform",
              "Name": "blacktickets-dev-poster-cdn",
              "Project": "blacktickets"
            },
            "tags_all": {
              "Environment": "dev",
              "ManagedBy": "terraform",
              "Name": "blacktickets-dev-poster-cdn",
              "Project": "blacktickets"
            },
            "trusted_key_groups": [
              {
                "enabled": false,
                "items": []
              }
            ],
            "trusted_signers": [
              {
                "enabled": false,
                "items": []
              }
            ],
            "viewer_certificate": [
              {
                "acm_certificate_arn": "",
                "cloudfront_default_certificate": true,
                "iam_certificate_id": "",
                "minimum_protocol_version": "TLSv1",
                "ssl_support_method": ""
              }
            ],
            "viewer_mtls_config": [],
            "wait_for_deployment": true,
            "web_acl_id": ""
          },
          "sensitive_attributes": [],
          "identity_schema_version": 0,
          "identity": {
            "account_id": "091869721157",
            "id": "E9UC9UFP8MN13"
          },
          "private": "eyJzY2hlbWFfdmVyc2lvbiI6IjEifQ==",
          "dependencies": [
            "aws_cloudfront_origin_access_control.posters",
            "aws_s3_bucket.posters"
          ]
        }
      ]
    },
    {
      "mode": "managed",
      "type": "aws_cloudfront_origin_access_control",
      "name": "posters",
      "provider": "provider[\"registry.terraform.io/hashicorp/aws\"]",
      "instances": [
        {
          "schema_version": 0,
          "attributes": {
            "arn": "arn:aws:cloudfront::091869721157:origin-access-control/E1RM1MV5X32USN",
            "description": "OAC for private event poster bucket",
            "etag": "ETVPDKIKX0DER",
            "id": "E1RM1MV5X32USN",
            "name": "blacktickets-dev-poster-oac",
            "origin_access_control_origin_type": "s3",
            "signing_behavior": "always",
            "signing_protocol": "sigv4"
          },
          "sensitive_attributes": [],
          "identity_schema_version": 0,
          "private": "bnVsbA=="
        }
      ]
    },
    {
      "mode": "managed",
      "type": "aws_cloudtrail",
      "name": "main",
      "provider": "provider[\"registry.terraform.io/hashicorp/aws\"]",
      "instances": [
        {
          "schema_version": 1,
          "attributes": {
            "advanced_event_selector": [],
            "arn": "arn:aws:cloudtrail:us-east-1:091869721157:trail/blacktickets-dev-trail",
            "cloud_watch_logs_group_arn": "arn:aws:logs:us-east-1:091869721157:log-group:/aws/cloudtrail/blacktickets-dev:*",
            "cloud_watch_logs_role_arn": "arn:aws:iam::091869721157:role/blacktickets-dev-cloudtrail-cloudwatch-logs-role",
            "enable_log_file_validation": true,
            "enable_logging": true,
            "event_selector": [
              {
                "data_resource": [
                  {
                    "type": "AWS::S3::Object",
                    "values": [
                      "arn:aws:s3:::blacktickets-dev-posters/"
                    ]
                  }
                ],
                "exclude_management_event_sources": [],
                "include_management_events": true,
                "read_write_type": "All"
              }
            ],
            "home_region": "us-east-1",
            "id": "arn:aws:cloudtrail:us-east-1:091869721157:trail/blacktickets-dev-trail",
            "include_global_service_events": true,
            "insight_selector": [],
            "is_multi_region_trail": true,
            "is_organization_trail": false,
            "kms_key_id": "",
            "name": "blacktickets-dev-trail",
            "region": "us-east-1",
            "s3_bucket_name": "blacktickets-dev-cloudtrail-logs",
            "s3_key_prefix": "",
            "sns_topic_arn": "",
            "sns_topic_name": "",
            "tags": {
              "Environment": "dev",
              "ManagedBy": "terraform",
              "Name": "blacktickets-dev-trail",
              "Project": "blacktickets"
            },
            "tags_all": {
              "Environment": "dev",
              "ManagedBy": "terraform",
              "Name": "blacktickets-dev-trail",
              "Project": "blacktickets"
            }
          },
          "sensitive_attributes": [],
          "identity_schema_version": 0,
          "identity": {
            "arn": "arn:aws:cloudtrail:us-east-1:091869721157:trail/blacktickets-dev-trail"
          },
          "private": "eyJzY2hlbWFfdmVyc2lvbiI6IjEifQ==",
          "dependencies": [
            "aws_cloudwatch_log_group.cloudtrail",
            "aws_iam_role.cloudtrail_cloudwatch_logs",
            "aws_iam_role_policy.cloudtrail_cloudwatch_logs",
            "aws_s3_bucket.cloudtrail_logs",
            "aws_s3_bucket.posters",
            "aws_s3_bucket_policy.cloudtrail_logs",
            "data.aws_caller_identity.current",
            "data.aws_iam_policy_document.cloudtrail_assume_role",
            "data.aws_iam_policy_document.cloudtrail_bucket",
            "data.aws_iam_policy_document.cloudtrail_cloudwatch_logs"
          ]
        }
      ]
    },
    {
      "mode": "managed",
      "type": "aws_cloudwatch_dashboard",
      "name": "operations",
      "provider": "provider[\"registry.terraform.io/hashicorp/aws\"]",
      "instances": [
        {
          "schema_version": 0,
          "attributes": {
            "dashboard_arn": "arn:aws:cloudwatch::091869721157:dashboard/BlackTickets-Operations",
            "dashboard_body": "{\"widgets\":[{\"height\":6,\"properties\":{\"metrics\":[[\"AWS/ApplicationELB\",\"RequestCount\",\"LoadBalancer\",\"app/blacktickets-dev-public-alb/f1054844ac8f9d95\",{\"label\":\"Request Count\",\"stat\":\"Sum\"}],[\".\",\"TargetResponseTime\",\".\",\".\",{\"label\":\"Target Response Time\",\"stat\":\"Average\",\"yAxis\":\"right\"}],[\".\",\"HTTPCode_ELB_5XX_Count\",\".\",\".\",{\"label\":\"ELB 5XX Count\",\"stat\":\"Sum\"}]],\"period\":300,\"region\":\"us-east-1\",\"stacked\":false,\"stat\":\"Sum\",\"title\":\"Public ALB\",\"view\":\"timeSeries\"},\"type\":\"metric\",\"width\":8,\"x\":0,\"y\":0},{\"height\":6,\"properties\":{\"metrics\":[[\"AWS/ApplicationELB\",\"RequestCount\",\"LoadBalancer\",\"app/blacktickets-dev-private-alb/0278e57cf3e82698\",{\"label\":\"Request Count\",\"stat\":\"Sum\"}],[\".\",\"TargetResponseTime\",\".\",\".\",{\"label\":\"Target Response Time\",\"stat\":\"Average\",\"yAxis\":\"right\"}],[\".\",\"HTTPCode_Target_5XX_Count\",\".\",\".\",{\"label\":\"Target 5XX Count\",\"stat\":\"Sum\"}]],\"period\":300,\"region\":\"us-east-1\",\"stacked\":false,\"stat\":\"Sum\",\"title\":\"Private ALB\",\"view\":\"timeSeries\"},\"type\":\"metric\",\"width\":8,\"x\":8,\"y\":0},{\"height\":6,\"properties\":{\"metrics\":[[\"AWS/AutoScaling\",\"GroupInServiceInstances\",\"AutoScalingGroupName\",\"blacktickets-dev-app-asg\",{\"label\":\"In-Service Instances\"}],[\".\",\"GroupDesiredCapacity\",\".\",\".\",{\"label\":\"Desired Capacity\"}]],\"period\":300,\"region\":\"us-east-1\",\"stacked\":false,\"stat\":\"Average\",\"title\":\"Auto Scaling Group\",\"view\":\"timeSeries\"},\"type\":\"metric\",\"width\":8,\"x\":16,\"y\":0},{\"height\":6,\"properties\":{\"metrics\":[[\"AWS/EC2\",\"CPUUtilization\",\"AutoScalingGroupName\",\"blacktickets-dev-app-asg\",{\"label\":\"CPU Utilization\"}]],\"period\":300,\"region\":\"us-east-1\",\"stacked\":false,\"stat\":\"Average\",\"title\":\"EC2\",\"view\":\"timeSeries\"},\"type\":\"metric\",\"width\":8,\"x\":0,\"y\":6},{\"height\":6,\"properties\":{\"metrics\":[[\"AWS/RDS\",\"CPUUtilization\",\"DBInstanceIdentifier\",\"blacktickets-dev-postgres\",{\"label\":\"CPU Utilization\"}],[\".\",\"DatabaseConnections\",\".\",\".\",{\"label\":\"Database Connections\"}],[\".\",\"FreeStorageSpace\",\".\",\".\",{\"label\":\"Free Storage Space\",\"yAxis\":\"right\"}]],\"period\":300,\"region\":\"us-east-1\",\"stacked\":false,\"stat\":\"Average\",\"title\":\"RDS PostgreSQL\",\"view\":\"timeSeries\"},\"type\":\"metric\",\"width\":8,\"x\":8,\"y\":6},{\"height\":6,\"properties\":{\"metrics\":[[\"AWS/Lambda\",\"Invocations\",\"FunctionName\",\"blacktickets-dev-booking-notification-consumer\",{\"label\":\"Invocations\",\"stat\":\"Sum\"}],[\".\",\"Errors\",\".\",\".\",{\"label\":\"Errors\",\"stat\":\"Sum\"}],[\".\",\"Duration\",\".\",\".\",{\"label\":\"Duration\",\"stat\":\"Average\",\"yAxis\":\"right\"}]],\"period\":300,\"region\":\"us-east-1\",\"stacked\":false,\"stat\":\"Sum\",\"title\":\"Lambda\",\"view\":\"timeSeries\"},\"type\":\"metric\",\"width\":8,\"x\":16,\"y\":6},{\"height\":6,\"properties\":{\"metrics\":[[\"AWS/SQS\",\"ApproximateNumberOfMessagesVisible\",\"QueueName\",\"blacktickets-dev-booking-notifications\",{\"label\":\"Visible Messages\",\"stat\":\"Average\"}],[\".\",\"NumberOfMessagesSent\",\".\",\".\",{\"label\":\"Messages Sent\",\"stat\":\"Sum\"}]],\"period\":300,\"region\":\"us-east-1\",\"stacked\":false,\"stat\":\"Sum\",\"title\":\"SQS\",\"view\":\"timeSeries\"},\"type\":\"metric\",\"width\":12,\"x\":0,\"y\":12},{\"height\":6,\"properties\":{\"metrics\":[[\"AWS/CloudFront\",\"Requests\",\"DistributionId\",\"E9UC9UFP8MN13\",\"Region\",\"Global\",{\"label\":\"Requests\",\"stat\":\"Sum\"}],[\".\",\"BytesDownloaded\",\".\",\".\",\".\",\".\",{\"label\":\"Bytes Downloaded\",\"stat\":\"Sum\",\"yAxis\":\"right\"}]],\"period\":300,\"region\":\"us-east-1\",\"stacked\":false,\"stat\":\"Sum\",\"title\":\"CloudFront\",\"view\":\"timeSeries\"},\"type\":\"metric\",\"width\":12,\"x\":12,\"y\":12}]}",
            "dashboard_name": "BlackTickets-Operations",
            "id": "BlackTickets-Operations",
            "region": "us-east-1"
          },
          "sensitive_attributes": [],
          "identity_schema_version": 0,
          "private": "bnVsbA==",
          "dependencies": [
            "aws_autoscaling_group.app",
            "aws_cloudfront_distribution.posters",
            "aws_cloudfront_origin_access_control.posters",
            "aws_cloudwatch_log_group.booking_notification_lambda",
            "aws_db_instance.postgres",
            "aws_db_subnet_group.main",
            "aws_iam_instance_profile.ec2_app",
            "aws_iam_role.booking_notification_lambda",
            "aws_iam_role.ec2_app",
            "aws_iam_role_policy.booking_notification_lambda",
            "aws_lambda_function.booking_notification_consumer",
            "aws_launch_template.app",
            "aws_lb.private",
            "aws_lb.public",
            "aws_lb_target_group.booking",
            "aws_lb_target_group.chatbot",
            "aws_lb_target_group.event",
            "aws_lb_target_group.frontend",
            "aws_lb_target_group.identity",
            "aws_s3_bucket.posters",
            "aws_secretsmanager_secret.app_config",
            "aws_secretsmanager_secret_version.app_config",
            "aws_security_group.alb",
            "aws_security_group.ec2_app",
            "aws_security_group.private_alb",
            "aws_security_group.rds",
            "aws_sns_topic.booking_notifications",
            "aws_sqs_queue.booking_notifications",
            "aws_subnet.private_app",
            "aws_subnet.private_db",
            "aws_subnet.public",
            "aws_vpc.main",
            "data.archive_file.booking_notification_consumer",
            "data.aws_ami.ubuntu_2404",
            "data.aws_availability_zones.available",
            "data.aws_caller_identity.current",
            "data.aws_iam_policy_document.booking_notification_consumer",
            "data.aws_iam_policy_document.ec2_assume_role",
            "data.aws_iam_policy_document.lambda_assume_role"
          ]
        }
      ]
    },
    {
      "mode": "managed",
      "type": "aws_cloudwatch_log_group",
      "name": "booking_notification_lambda",
      "provider": "provider[\"registry.terraform.io/hashicorp/aws\"]",
      "instances": [
        {
          "schema_version": 0,
          "attributes": {
            "arn": "arn:aws:logs:us-east-1:091869721157:log-group:/aws/lambda/blacktickets-dev-booking-notification-consumer",
            "deletion_protection_enabled": false,
            "id": "/aws/lambda/blacktickets-dev-booking-notification-consumer",
            "kms_key_id": "",
            "log_group_class": "STANDARD",
            "name": "/aws/lambda/blacktickets-dev-booking-notification-consumer",
            "name_prefix": "",
            "region": "us-east-1",
            "retention_in_days": 14,
            "skip_destroy": false,
            "tags": {
              "Environment": "dev",
              "ManagedBy": "terraform",
              "Name": "blacktickets-dev-booking-notification-consumer-logs",
              "Project": "blacktickets"
            },
            "tags_all": {
              "Environment": "dev",
              "ManagedBy": "terraform",
              "Name": "blacktickets-dev-booking-notification-consumer-logs",
              "Project": "blacktickets"
            }
          },
          "sensitive_attributes": [],
          "identity_schema_version": 0,
          "identity": {
            "account_id": "091869721157",
            "name": "/aws/lambda/blacktickets-dev-booking-notification-consumer",
            "region": "us-east-1"
          },
          "private": "bnVsbA=="
        }
      ]
    },
    {
      "mode": "managed",
      "type": "aws_cloudwatch_log_group",
      "name": "cloudtrail",
      "provider": "provider[\"registry.terraform.io/hashicorp/aws\"]",
      "instances": [
        {
          "schema_version": 0,
          "attributes": {
            "arn": "arn:aws:logs:us-east-1:091869721157:log-group:/aws/cloudtrail/blacktickets-dev",
            "deletion_protection_enabled": false,
            "id": "/aws/cloudtrail/blacktickets-dev",
            "kms_key_id": "",
            "log_group_class": "STANDARD",
            "name": "/aws/cloudtrail/blacktickets-dev",
            "name_prefix": "",
            "region": "us-east-1",
            "retention_in_days": 90,
            "skip_destroy": false,
            "tags": {
              "Environment": "dev",
              "ManagedBy": "terraform",
              "Name": "/aws/cloudtrail/blacktickets-dev",
              "Project": "blacktickets"
            },
            "tags_all": {
              "Environment": "dev",
              "ManagedBy": "terraform",
              "Name": "/aws/cloudtrail/blacktickets-dev",
              "Project": "blacktickets"
            }
          },
          "sensitive_attributes": [],
          "identity_schema_version": 0,
          "identity": {
            "account_id": "091869721157",
            "name": "/aws/cloudtrail/blacktickets-dev",
            "region": "us-east-1"
          },
          "private": "bnVsbA=="
        }
      ]
    },
    {
      "mode": "managed",
      "type": "aws_cloudwatch_metric_alarm",
      "name": "ec2_cpu_high",
      "provider": "provider[\"registry.terraform.io/hashicorp/aws\"]",
      "instances": [
        {
          "schema_version": 1,
          "attributes": {
            "actions_enabled": true,
            "alarm_actions": [
              "arn:aws:sns:us-east-1:091869721157:blacktickets-dev-booking-notifications"
            ],
            "alarm_description": "EC2 average CPU utilization is at least 80% for 5 minutes.",
            "alarm_name": "blacktickets-dev-ec2-cpu-high",
            "arn": "arn:aws:cloudwatch:us-east-1:091869721157:alarm:blacktickets-dev-ec2-cpu-high",
            "comparison_operator": "GreaterThanOrEqualToThreshold",
            "datapoints_to_alarm": 1,
            "dimensions": {
              "AutoScalingGroupName": "blacktickets-dev-app-asg"
            },
            "evaluate_low_sample_count_percentiles": "",
            "evaluation_criteria": [],
            "evaluation_interval": 0,
            "evaluation_periods": 1,
            "extended_statistic": "",
            "id": "blacktickets-dev-ec2-cpu-high",
            "insufficient_data_actions": [],
            "metric_name": "CPUUtilization",
            "metric_query": [],
            "namespace": "AWS/EC2",
            "ok_actions": [
              "arn:aws:sns:us-east-1:091869721157:blacktickets-dev-booking-notifications"
            ],
            "period": 300,
            "region": "us-east-1",
            "statistic": "Average",
            "tags": {
              "Environment": "dev",
              "ManagedBy": "terraform",
              "Name": "blacktickets-dev-ec2-cpu-high",
              "Project": "blacktickets"
            },
            "tags_all": {
              "Environment": "dev",
              "ManagedBy": "terraform",
              "Name": "blacktickets-dev-ec2-cpu-high",
              "Project": "blacktickets"
            },
            "threshold": 80,
            "threshold_metric_id": "",
            "treat_missing_data": "notBreaching",
            "unit": ""
          },
          "sensitive_attributes": [],
          "identity_schema_version": 0,
          "identity": {
            "account_id": "091869721157",
            "alarm_name": "blacktickets-dev-ec2-cpu-high",
            "region": "us-east-1"
          },
          "private": "eyJzY2hlbWFfdmVyc2lvbiI6IjEifQ==",
          "dependencies": [
            "aws_autoscaling_group.app",
            "aws_cloudfront_distribution.posters",
            "aws_cloudfront_origin_access_control.posters",
            "aws_db_instance.postgres",
            "aws_db_subnet_group.main",
            "aws_iam_instance_profile.ec2_app",
            "aws_iam_role.ec2_app",
            "aws_launch_template.app",
            "aws_lb.private",
            "aws_lb_target_group.booking",
            "aws_lb_target_group.chatbot",
            "aws_lb_target_group.event",
            "aws_lb_target_group.frontend",
            "aws_lb_target_group.identity",
            "aws_s3_bucket.posters",
            "aws_secretsmanager_secret.app_config",
            "aws_secretsmanager_secret_version.app_config",
            "aws_security_group.ec2_app",
            "aws_security_group.private_alb",
            "aws_security_group.rds",
            "aws_sns_topic.booking_notifications",
            "aws_sqs_queue.booking_notifications",
            "aws_subnet.private_app",
            "aws_subnet.private_db",
            "aws_vpc.main",
            "data.aws_ami.ubuntu_2404",
            "data.aws_availability_zones.available",
            "data.aws_caller_identity.current",
            "data.aws_iam_policy_document.ec2_assume_role"
          ]
        }
      ]
    },
    {
      "mode": "managed",
      "type": "aws_cloudwatch_metric_alarm",
      "name": "lambda_errors",
      "provider": "provider[\"registry.terraform.io/hashicorp/aws\"]",
      "instances": [
        {
          "schema_version": 1,
          "attributes": {
            "actions_enabled": true,
            "alarm_actions": [
              "arn:aws:sns:us-east-1:091869721157:blacktickets-dev-booking-notifications"
            ],
            "alarm_description": "Booking notification Lambda has at least 1 error in 5 minutes.",
            "alarm_name": "blacktickets-dev-lambda-errors",
            "arn": "arn:aws:cloudwatch:us-east-1:091869721157:alarm:blacktickets-dev-lambda-errors",
            "comparison_operator": "GreaterThanOrEqualToThreshold",
            "datapoints_to_alarm": 1,
            "dimensions": {
              "FunctionName": "blacktickets-dev-booking-notification-consumer"
            },
            "evaluate_low_sample_count_percentiles": "",
            "evaluation_criteria": [],
            "evaluation_interval": 0,
            "evaluation_periods": 1,
            "extended_statistic": "",
            "id": "blacktickets-dev-lambda-errors",
            "insufficient_data_actions": [],
            "metric_name": "Errors",
            "metric_query": [],
            "namespace": "AWS/Lambda",
            "ok_actions": [
              "arn:aws:sns:us-east-1:091869721157:blacktickets-dev-booking-notifications"
            ],
            "period": 300,
            "region": "us-east-1",
            "statistic": "Sum",
            "tags": {
              "Environment": "dev",
              "ManagedBy": "terraform",
              "Name": "blacktickets-dev-lambda-errors",
              "Project": "blacktickets"
            },
            "tags_all": {
              "Environment": "dev",
              "ManagedBy": "terraform",
              "Name": "blacktickets-dev-lambda-errors",
              "Project": "blacktickets"
            },
            "threshold": 1,
            "threshold_metric_id": "",
            "treat_missing_data": "notBreaching",
            "unit": ""
          },
          "sensitive_attributes": [],
          "identity_schema_version": 0,
          "identity": {
            "account_id": "091869721157",
            "alarm_name": "blacktickets-dev-lambda-errors",
            "region": "us-east-1"
          },
          "private": "eyJzY2hlbWFfdmVyc2lvbiI6IjEifQ==",
          "dependencies": [
            "aws_cloudwatch_log_group.booking_notification_lambda",
            "aws_iam_role.booking_notification_lambda",
            "aws_iam_role_policy.booking_notification_lambda",
            "aws_lambda_function.booking_notification_consumer",
            "aws_sns_topic.booking_notifications",
            "aws_sqs_queue.booking_notifications",
            "data.archive_file.booking_notification_consumer",
            "data.aws_iam_policy_document.booking_notification_consumer",
            "data.aws_iam_policy_document.lambda_assume_role"
          ]
        }
      ]
    },
    {
      "mode": "managed",
      "type": "aws_cloudwatch_metric_alarm",
      "name": "private_alb_target_5xx_errors",
      "provider": "provider[\"registry.terraform.io/hashicorp/aws\"]",
      "instances": [
        {
          "schema_version": 1,
          "attributes": {
            "actions_enabled": true,
            "alarm_actions": [
              "arn:aws:sns:us-east-1:091869721157:blacktickets-dev-booking-notifications"
            ],
            "alarm_description": "Private ALB targets have at least 5 target 5XX errors in 5 minutes.",
            "alarm_name": "blacktickets-dev-private-alb-target-5xx-errors",
            "arn": "arn:aws:cloudwatch:us-east-1:091869721157:alarm:blacktickets-dev-private-alb-target-5xx-errors",
            "comparison_operator": "GreaterThanOrEqualToThreshold",
            "datapoints_to_alarm": 1,
            "dimensions": {
              "LoadBalancer": "app/blacktickets-dev-private-alb/0278e57cf3e82698"
            },
            "evaluate_low_sample_count_percentiles": "",
            "evaluation_criteria": [],
            "evaluation_interval": 0,
            "evaluation_periods": 1,
            "extended_statistic": "",
            "id": "blacktickets-dev-private-alb-target-5xx-errors",
            "insufficient_data_actions": [],
            "metric_name": "HTTPCode_Target_5XX_Count",
            "metric_query": [],
            "namespace": "AWS/ApplicationELB",
            "ok_actions": [
              "arn:aws:sns:us-east-1:091869721157:blacktickets-dev-booking-notifications"
            ],
            "period": 300,
            "region": "us-east-1",
            "statistic": "Sum",
            "tags": {
              "Environment": "dev",
              "ManagedBy": "terraform",
              "Name": "blacktickets-dev-private-alb-target-5xx-errors",
              "Project": "blacktickets"
            },
            "tags_all": {
              "Environment": "dev",
              "ManagedBy": "terraform",
              "Name": "blacktickets-dev-private-alb-target-5xx-errors",
              "Project": "blacktickets"
            },
            "threshold": 5,
            "threshold_metric_id": "",
            "treat_missing_data": "notBreaching",
            "unit": ""
          },
          "sensitive_attributes": [],
          "identity_schema_version": 0,
          "identity": {
            "account_id": "091869721157",
            "alarm_name": "blacktickets-dev-private-alb-target-5xx-errors",
            "region": "us-east-1"
          },
          "private": "eyJzY2hlbWFfdmVyc2lvbiI6IjEifQ==",
          "dependencies": [
            "aws_lb.private",
            "aws_security_group.private_alb",
            "aws_sns_topic.booking_notifications",
            "aws_subnet.private_app",
            "aws_vpc.main",
            "data.aws_availability_zones.available"
          ]
        }
      ]
    },
    {
      "mode": "managed",
      "type": "aws_cloudwatch_metric_alarm",
      "name": "public_alb_5xx_errors",
      "provider": "provider[\"registry.terraform.io/hashicorp/aws\"]",
      "instances": [
        {
          "schema_version": 1,
          "attributes": {
            "actions_enabled": true,
            "alarm_actions": [
              "arn:aws:sns:us-east-1:091869721157:blacktickets-dev-booking-notifications"
            ],
            "alarm_description": "Public ALB has at least 5 ELB 5XX errors in 5 minutes.",
            "alarm_name": "blacktickets-dev-public-alb-5xx-errors",
            "arn": "arn:aws:cloudwatch:us-east-1:091869721157:alarm:blacktickets-dev-public-alb-5xx-errors",
            "comparison_operator": "GreaterThanOrEqualToThreshold",
            "datapoints_to_alarm": 1,
            "dimensions": {
              "LoadBalancer": "app/blacktickets-dev-public-alb/f1054844ac8f9d95"
            },
            "evaluate_low_sample_count_percentiles": "",
            "evaluation_criteria": [],
            "evaluation_interval": 0,
            "evaluation_periods": 1,
            "extended_statistic": "",
            "id": "blacktickets-dev-public-alb-5xx-errors",
            "insufficient_data_actions": [],
            "metric_name": "HTTPCode_ELB_5XX_Count",
            "metric_query": [],
            "namespace": "AWS/ApplicationELB",
            "ok_actions": [
              "arn:aws:sns:us-east-1:091869721157:blacktickets-dev-booking-notifications"
            ],
            "period": 300,
            "region": "us-east-1",
            "statistic": "Sum",
            "tags": {
              "Environment": "dev",
              "ManagedBy": "terraform",
              "Name": "blacktickets-dev-public-alb-5xx-errors",
              "Project": "blacktickets"
            },
            "tags_all": {
              "Environment": "dev",
              "ManagedBy": "terraform",
              "Name": "blacktickets-dev-public-alb-5xx-errors",
              "Project": "blacktickets"
            },
            "threshold": 5,
            "threshold_metric_id": "",
            "treat_missing_data": "notBreaching",
            "unit": ""
          },
          "sensitive_attributes": [],
          "identity_schema_version": 0,
          "identity": {
            "account_id": "091869721157",
            "alarm_name": "blacktickets-dev-public-alb-5xx-errors",
            "region": "us-east-1"
          },
          "private": "eyJzY2hlbWFfdmVyc2lvbiI6IjEifQ==",
          "dependencies": [
            "aws_lb.public",
            "aws_security_group.alb",
            "aws_sns_topic.booking_notifications",
            "aws_subnet.public",
            "aws_vpc.main",
            "data.aws_availability_zones.available"
          ]
        }
      ]
    },
    {
      "mode": "managed",
      "type": "aws_cloudwatch_metric_alarm",
      "name": "rds_cpu_high",
      "provider": "provider[\"registry.terraform.io/hashicorp/aws\"]",
      "instances": [
        {
          "schema_version": 1,
          "attributes": {
            "actions_enabled": true,
            "alarm_actions": [
              "arn:aws:sns:us-east-1:091869721157:blacktickets-dev-booking-notifications"
            ],
            "alarm_description": "RDS PostgreSQL CPU utilization is at least 80% for 5 minutes.",
            "alarm_name": "blacktickets-dev-rds-cpu-high",
            "arn": "arn:aws:cloudwatch:us-east-1:091869721157:alarm:blacktickets-dev-rds-cpu-high",
            "comparison_operator": "GreaterThanOrEqualToThreshold",
            "datapoints_to_alarm": 1,
            "dimensions": {
              "DBInstanceIdentifier": "blacktickets-dev-postgres"
            },
            "evaluate_low_sample_count_percentiles": "",
            "evaluation_criteria": [],
            "evaluation_interval": 0,
            "evaluation_periods": 1,
            "extended_statistic": "",
            "id": "blacktickets-dev-rds-cpu-high",
            "insufficient_data_actions": [],
            "metric_name": "CPUUtilization",
            "metric_query": [],
            "namespace": "AWS/RDS",
            "ok_actions": [
              "arn:aws:sns:us-east-1:091869721157:blacktickets-dev-booking-notifications"
            ],
            "period": 300,
            "region": "us-east-1",
            "statistic": "Average",
            "tags": {
              "Environment": "dev",
              "ManagedBy": "terraform",
              "Name": "blacktickets-dev-rds-cpu-high",
              "Project": "blacktickets"
            },
            "tags_all": {
              "Environment": "dev",
              "ManagedBy": "terraform",
              "Name": "blacktickets-dev-rds-cpu-high",
              "Project": "blacktickets"
            },
            "threshold": 80,
            "threshold_metric_id": "",
            "treat_missing_data": "notBreaching",
            "unit": ""
          },
          "sensitive_attributes": [],
          "identity_schema_version": 0,
          "identity": {
            "account_id": "091869721157",
            "alarm_name": "blacktickets-dev-rds-cpu-high",
            "region": "us-east-1"
          },
          "private": "eyJzY2hlbWFfdmVyc2lvbiI6IjEifQ==",
          "dependencies": [
            "aws_db_instance.postgres",
            "aws_db_subnet_group.main",
            "aws_security_group.ec2_app",
            "aws_security_group.rds",
            "aws_sns_topic.booking_notifications",
            "aws_subnet.private_db",
            "aws_vpc.main",
            "data.aws_availability_zones.available"
          ]
        }
      ]
    },
    {
      "mode": "managed",
      "type": "aws_cloudwatch_metric_alarm",
      "name": "rds_free_storage_low",
      "provider": "provider[\"registry.terraform.io/hashicorp/aws\"]",
      "instances": [
        {
          "schema_version": 1,
          "attributes": {
            "actions_enabled": true,
            "alarm_actions": [
              "arn:aws:sns:us-east-1:091869721157:blacktickets-dev-booking-notifications"
            ],
            "alarm_description": "RDS PostgreSQL free storage is 5 GB or lower.",
            "alarm_name": "blacktickets-dev-rds-free-storage-low",
            "arn": "arn:aws:cloudwatch:us-east-1:091869721157:alarm:blacktickets-dev-rds-free-storage-low",
            "comparison_operator": "LessThanOrEqualToThreshold",
            "datapoints_to_alarm": 1,
            "dimensions": {
              "DBInstanceIdentifier": "blacktickets-dev-postgres"
            },
            "evaluate_low_sample_count_percentiles": "",
            "evaluation_criteria": [],
            "evaluation_interval": 0,
            "evaluation_periods": 1,
            "extended_statistic": "",
            "id": "blacktickets-dev-rds-free-storage-low",
            "insufficient_data_actions": [],
            "metric_name": "FreeStorageSpace",
            "metric_query": [],
            "namespace": "AWS/RDS",
            "ok_actions": [
              "arn:aws:sns:us-east-1:091869721157:blacktickets-dev-booking-notifications"
            ],
            "period": 300,
            "region": "us-east-1",
            "statistic": "Average",
            "tags": {
              "Environment": "dev",
              "ManagedBy": "terraform",
              "Name": "blacktickets-dev-rds-free-storage-low",
              "Project": "blacktickets"
            },
            "tags_all": {
              "Environment": "dev",
              "ManagedBy": "terraform",
              "Name": "blacktickets-dev-rds-free-storage-low",
              "Project": "blacktickets"
            },
            "threshold": 5368709120,
            "threshold_metric_id": "",
            "treat_missing_data": "notBreaching",
            "unit": ""
          },
          "sensitive_attributes": [],
          "identity_schema_version": 0,
          "identity": {
            "account_id": "091869721157",
            "alarm_name": "blacktickets-dev-rds-free-storage-low",
            "region": "us-east-1"
          },
          "private": "eyJzY2hlbWFfdmVyc2lvbiI6IjEifQ==",
          "dependencies": [
            "aws_db_instance.postgres",
            "aws_db_subnet_group.main",
            "aws_security_group.ec2_app",
            "aws_security_group.rds",
            "aws_sns_topic.booking_notifications",
            "aws_subnet.private_db",
            "aws_vpc.main",
            "data.aws_availability_zones.available"
          ]
        }
      ]
    },
    {
      "mode": "managed",
      "type": "aws_cloudwatch_metric_alarm",
      "name": "sqs_queue_depth_high",
      "provider": "provider[\"registry.terraform.io/hashicorp/aws\"]",
      "instances": [
        {
          "schema_version": 1,
          "attributes": {
            "actions_enabled": true,
            "alarm_actions": [
              "arn:aws:sns:us-east-1:091869721157:blacktickets-dev-booking-notifications"
            ],
            "alarm_description": "Booking notifications SQS queue has at least 10 visible messages.",
            "alarm_name": "blacktickets-dev-sqs-queue-depth-high",
            "arn": "arn:aws:cloudwatch:us-east-1:091869721157:alarm:blacktickets-dev-sqs-queue-depth-high",
            "comparison_operator": "GreaterThanOrEqualToThreshold",
            "datapoints_to_alarm": 1,
            "dimensions": {
              "QueueName": "blacktickets-dev-booking-notifications"
            },
            "evaluate_low_sample_count_percentiles": "",
            "evaluation_criteria": [],
            "evaluation_interval": 0,
            "evaluation_periods": 1,
            "extended_statistic": "",
            "id": "blacktickets-dev-sqs-queue-depth-high",
            "insufficient_data_actions": [],
            "metric_name": "ApproximateNumberOfMessagesVisible",
            "metric_query": [],
            "namespace": "AWS/SQS",
            "ok_actions": [
              "arn:aws:sns:us-east-1:091869721157:blacktickets-dev-booking-notifications"
            ],
            "period": 300,
            "region": "us-east-1",
            "statistic": "Average",
            "tags": {
              "Environment": "dev",
              "ManagedBy": "terraform",
              "Name": "blacktickets-dev-sqs-queue-depth-high",
              "Project": "blacktickets"
            },
            "tags_all": {
              "Environment": "dev",
              "ManagedBy": "terraform",
              "Name": "blacktickets-dev-sqs-queue-depth-high",
              "Project": "blacktickets"
            },
            "threshold": 10,
            "threshold_metric_id": "",
            "treat_missing_data": "notBreaching",
            "unit": ""
          },
          "sensitive_attributes": [],
          "identity_schema_version": 0,
          "identity": {
            "account_id": "091869721157",
            "alarm_name": "blacktickets-dev-sqs-queue-depth-high",
            "region": "us-east-1"
          },
          "private": "eyJzY2hlbWFfdmVyc2lvbiI6IjEifQ==",
          "dependencies": [
            "aws_sns_topic.booking_notifications",
            "aws_sqs_queue.booking_notifications"
          ]
        }
      ]
    },
    {
      "mode": "managed",
      "type": "aws_db_instance",
      "name": "postgres",
      "provider": "provider[\"registry.terraform.io/hashicorp/aws\"]",
      "instances": [
        {
          "schema_version": 2,
          "attributes": {
            "address": "blacktickets-dev-postgres.cqpkso2i290v.us-east-1.rds.amazonaws.com",
            "allocated_storage": 20,
            "allow_major_version_upgrade": null,
            "apply_immediately": false,
            "arn": "arn:aws:rds:us-east-1:091869721157:db:blacktickets-dev-postgres",
            "auto_minor_version_upgrade": true,
            "availability_zone": "us-east-1b",
            "backup_retention_period": 0,
            "backup_target": "region",
            "backup_window": "03:23-03:53",
            "blue_green_update": [],
            "ca_cert_identifier": "rds-ca-rsa2048-g1",
            "character_set_name": "",
            "copy_tags_to_snapshot": false,
            "custom_iam_instance_profile": "",
            "customer_owned_ip_enabled": false,
            "database_insights_mode": "standard",
            "db_name": "identity_db",
            "db_subnet_group_name": "blacktickets-dev-db-subnet-group",
            "dedicated_log_volume": false,
            "delete_automated_backups": true,
            "deletion_protection": false,
            "domain": "",
            "domain_auth_secret_arn": "",
            "domain_dns_ips": [],
            "domain_fqdn": "",
            "domain_iam_role_name": "",
            "domain_ou": "",
            "enabled_cloudwatch_logs_exports": [],
            "endpoint": "blacktickets-dev-postgres.cqpkso2i290v.us-east-1.rds.amazonaws.com:5432",
            "engine": "postgres",
            "engine_lifecycle_support": "open-source-rds-extended-support",
            "engine_version": "16",
            "engine_version_actual": "16.13",
            "final_snapshot_identifier": null,
            "hosted_zone_id": "Z2R2ITUGPM61AM",
            "iam_database_authentication_enabled": false,
            "id": "db-CYCNJ4LXIVUBVDD3ZGB76IXRKY",
            "identifier": "blacktickets-dev-postgres",
            "identifier_prefix": "",
            "instance_class": "db.t4g.micro",
            "iops": 0,
            "kms_key_id": "",
            "latest_restorable_time": "",
            "license_model": "postgresql-license",
            "listener_endpoint": [],
            "maintenance_window": "sun:05:43-sun:06:13",
            "manage_master_user_password": null,
            "master_user_secret": [],
            "master_user_secret_kms_key_id": null,
            "max_allocated_storage": 0,
            "monitoring_interval": 0,
            "monitoring_role_arn": "",
            "multi_az": false,
            "nchar_character_set_name": "",
            "network_type": "IPV4",
            "option_group_name": "default:postgres-16",
            "parameter_group_name": "default.postgres16",
            "password": "BlackTicketsDB123!",
            "password_wo": null,
            "password_wo_version": null,
            "performance_insights_enabled": false,
            "performance_insights_kms_key_id": "",
            "performance_insights_retention_period": 0,
            "port": 5432,
            "publicly_accessible": false,
            "region": "us-east-1",
            "replica_mode": "",
            "replicas": [],
            "replicate_source_db": "",
            "resource_id": "db-CYCNJ4LXIVUBVDD3ZGB76IXRKY",
            "restore_to_point_in_time": [],
            "s3_import": [],
            "skip_final_snapshot": true,
            "snapshot_identifier": null,
            "status": "available",
            "storage_encrypted": false,
            "storage_throughput": 0,
            "storage_type": "gp2",
            "tags": {
              "Environment": "dev",
              "ManagedBy": "terraform",
              "Name": "blacktickets-dev-postgres",
              "Project": "blacktickets"
            },
            "tags_all": {
              "Environment": "dev",
              "ManagedBy": "terraform",
              "Name": "blacktickets-dev-postgres",
              "Project": "blacktickets"
            },
            "timeouts": null,
            "timezone": "",
            "upgrade_rollout_order": "second",
            "upgrade_storage_config": null,
            "username": "postgres",
            "vpc_security_group_ids": [
              "sg-0b1a323651a4c5fb5"
            ]
          },
          "sensitive_attributes": [
            [
              {
                "type": "get_attr",
                "value": "password"
              }
            ],
            [
              {
                "type": "get_attr",
                "value": "password_wo"
              }
            ]
          ],
          "identity_schema_version": 0,
          "private": "eyJlMmJmYjczMC1lY2FhLTExZTYtOGY4OC0zNDM2M2JjN2M0YzAiOnsiY3JlYXRlIjozMDAwMDAwMDAwMDAwLCJkZWxldGUiOjM2MDAwMDAwMDAwMDAsInVwZGF0ZSI6NDgwMDAwMDAwMDAwMH0sInNjaGVtYV92ZXJzaW9uIjoiMiJ9",
          "dependencies": [
            "aws_db_subnet_group.main",
            "aws_security_group.ec2_app",
            "aws_security_group.rds",
            "aws_subnet.private_db",
            "aws_vpc.main",
            "data.aws_availability_zones.available"
          ]
        }
      ]
    },
    {
      "mode": "managed",
      "type": "aws_db_subnet_group",
      "name": "main",
      "provider": "provider[\"registry.terraform.io/hashicorp/aws\"]",
      "instances": [
        {
          "schema_version": 0,
          "attributes": {
            "arn": "arn:aws:rds:us-east-1:091869721157:subgrp:blacktickets-dev-db-subnet-group",
            "description": "Managed by Terraform",
            "id": "blacktickets-dev-db-subnet-group",
            "name": "blacktickets-dev-db-subnet-group",
            "name_prefix": "",
            "region": "us-east-1",
            "subnet_ids": [
              "subnet-0021137a192e9efb3",
              "subnet-09a126839c35a7626"
            ],
            "supported_network_types": [
              "IPV4"
            ],
            "tags": {
              "Environment": "dev",
              "ManagedBy": "terraform",
              "Name": "blacktickets-dev-db-subnet-group",
              "Project": "blacktickets"
            },
            "tags_all": {
              "Environment": "dev",
              "ManagedBy": "terraform",
              "Name": "blacktickets-dev-db-subnet-group",
              "Project": "blacktickets"
            },
            "vpc_id": "vpc-086a5e59000af6f38"
          },
          "sensitive_attributes": [],
          "identity_schema_version": 0,
          "identity": {
            "account_id": "091869721157",
            "name": "blacktickets-dev-db-subnet-group",
            "region": "us-east-1"
          },
          "private": "bnVsbA==",
          "dependencies": [
            "aws_subnet.private_db",
            "aws_vpc.main",
            "data.aws_availability_zones.available"
          ]
        }
      ]
    },
    {
      "mode": "managed",
      "type": "aws_dynamodb_table",
      "name": "terraform_locks",
      "provider": "provider[\"registry.terraform.io/hashicorp/aws\"]",
      "instances": [
        {
          "schema_version": 1,
          "attributes": {
            "arn": "arn:aws:dynamodb:us-east-1:091869721157:table/blacktickets-dev-terraform-locks",
            "attribute": [
              {
                "name": "LockID",
                "type": "S"
              }
            ],
            "billing_mode": "PAY_PER_REQUEST",
            "deletion_protection_enabled": false,
            "global_secondary_index": [],
            "global_table_witness": [],
            "hash_key": "LockID",
            "id": "blacktickets-dev-terraform-locks",
            "import_table": [],
            "local_secondary_index": [],
            "name": "blacktickets-dev-terraform-locks",
            "on_demand_throughput": [],
            "point_in_time_recovery": [
              {
                "enabled": false,
                "recovery_period_in_days": 0
              }
            ],
            "range_key": null,
            "read_capacity": 0,
            "region": "us-east-1",
            "replica": [],
            "restore_backup_arn": null,
            "restore_date_time": null,
            "restore_source_name": null,
            "restore_source_table_arn": null,
            "restore_to_latest_time": null,
            "server_side_encryption": [],
            "stream_arn": "",
            "stream_enabled": false,
            "stream_label": "",
            "stream_view_type": "",
            "table_class": "STANDARD",
            "tags": {
              "Environment": "dev",
              "ManagedBy": "terraform",
              "Name": "blacktickets-dev-terraform-locks",
              "Project": "blacktickets"
            },
            "tags_all": {
              "Environment": "dev",
              "ManagedBy": "terraform",
              "Name": "blacktickets-dev-terraform-locks",
              "Project": "blacktickets"
            },
            "timeouts": null,
            "ttl": [
              {
                "attribute_name": "",
                "enabled": false
              }
            ],
            "warm_throughput": [],
            "write_capacity": 0
          },
          "sensitive_attributes": [],
          "identity_schema_version": 0,
          "identity": {
            "account_id": "091869721157",
            "name": "blacktickets-dev-terraform-locks",
            "region": "us-east-1"
          },
          "private": "eyJlMmJmYjczMC1lY2FhLTExZTYtOGY4OC0zNDM2M2JjN2M0YzAiOnsiY3JlYXRlIjoxODAwMDAwMDAwMDAwLCJkZWxldGUiOjYwMDAwMDAwMDAwMCwidXBkYXRlIjozNjAwMDAwMDAwMDAwfSwic2NoZW1hX3ZlcnNpb24iOiIxIn0="
        }
      ]
    },
    {
      "mode": "managed",
      "type": "aws_eip",
      "name": "nat",
      "provider": "provider[\"registry.terraform.io/hashicorp/aws\"]",
      "instances": [
        {
          "schema_version": 0,
          "attributes": {
            "address": null,
            "allocation_id": "eipalloc-074bcdffd82009db8",
            "arn": "arn:aws:ec2:us-east-1:091869721157:elastic-ip/eipalloc-074bcdffd82009db8",
            "associate_with_private_ip": null,
            "association_id": "eipassoc-0a2c85504636bff38",
            "carrier_ip": "",
            "customer_owned_ip": "",
            "customer_owned_ipv4_pool": "",
            "domain": "vpc",
            "id": "eipalloc-074bcdffd82009db8",
            "instance": "",
            "ipam_pool_id": "",
            "network_border_group": "us-east-1",
            "network_interface": "eni-0a19b98f85da6182f",
            "private_dns": "ip-10-0-1-41.ec2.internal",
            "private_ip": "10.0.1.41",
            "ptr_record": "",
            "public_dns": "ec2-184-73-255-90.compute-1.amazonaws.com",
            "public_ip": "184.73.255.90",
            "public_ipv4_pool": "amazon",
            "region": "us-east-1",
            "tags": {
              "Environment": "dev",
              "ManagedBy": "terraform",
              "Name": "blacktickets-dev-nat-eip",
              "Project": "blacktickets"
            },
            "tags_all": {
              "Environment": "dev",
              "ManagedBy": "terraform",
              "Name": "blacktickets-dev-nat-eip",
              "Project": "blacktickets"
            },
            "timeouts": null
          },
          "sensitive_attributes": [],
          "identity_schema_version": 0,
          "identity": {
            "account_id": "091869721157",
            "id": "eipalloc-074bcdffd82009db8",
            "region": "us-east-1"
          },
          "private": "eyJlMmJmYjczMC1lY2FhLTExZTYtOGY4OC0zNDM2M2JjN2M0YzAiOnsiZGVsZXRlIjoxODAwMDAwMDAwMDAsInJlYWQiOjkwMDAwMDAwMDAwMCwidXBkYXRlIjozMDAwMDAwMDAwMDB9fQ=="
        }
      ]
    },
    {
      "mode": "managed",
      "type": "aws_iam_instance_profile",
      "name": "ec2_app",
      "provider": "provider[\"registry.terraform.io/hashicorp/aws\"]",
      "instances": [
        {
          "schema_version": 0,
          "attributes": {
            "arn": "arn:aws:iam::091869721157:instance-profile/blacktickets-dev-ec2-app-profile",
            "create_date": "2026-06-09T05:00:12Z",
            "id": "blacktickets-dev-ec2-app-profile",
            "name": "blacktickets-dev-ec2-app-profile",
            "name_prefix": "",
            "path": "/",
            "role": "blacktickets-dev-ec2-app-role",
            "tags": {
              "Environment": "dev",
              "ManagedBy": "terraform",
              "Name": "blacktickets-dev-ec2-app-profile",
              "Project": "blacktickets"
            },
            "tags_all": {
              "Environment": "dev",
              "ManagedBy": "terraform",
              "Name": "blacktickets-dev-ec2-app-profile",
              "Project": "blacktickets"
            },
            "unique_id": "AIPARKY64WJC3SLRXH6AC"
          },
          "sensitive_attributes": [],
          "identity_schema_version": 0,
          "identity": {
            "account_id": "091869721157",
            "name": "blacktickets-dev-ec2-app-profile"
          },
          "private": "bnVsbA==",
          "dependencies": [
            "aws_iam_role.ec2_app",
            "data.aws_iam_policy_document.ec2_assume_role"
          ]
        }
      ]
    },
    {
      "mode": "managed",
      "type": "aws_iam_role",
      "name": "booking_notification_lambda",
      "provider": "provider[\"registry.terraform.io/hashicorp/aws\"]",
      "instances": [
        {
          "schema_version": 0,
          "attributes": {
            "arn": "arn:aws:iam::091869721157:role/blacktickets-dev-booking-notification-lambda-role",
            "assume_role_policy": "{\"Statement\":[{\"Action\":\"sts:AssumeRole\",\"Effect\":\"Allow\",\"Principal\":{\"Service\":\"lambda.amazonaws.com\"}}],\"Version\":\"2012-10-17\"}",
            "create_date": "2026-06-09T11:38:18Z",
            "description": "",
            "force_detach_policies": false,
            "id": "blacktickets-dev-booking-notification-lambda-role",
            "inline_policy": [
              {
                "name": "blacktickets-dev-booking-notification-lambda-policy",
                "policy": "{\"Version\":\"2012-10-17\",\"Statement\":[{\"Action\":[\"logs:PutLogEvents\",\"logs:CreateLogStream\"],\"Effect\":\"Allow\",\"Resource\":\"arn:aws:logs:us-east-1:091869721157:log-group:/aws/lambda/blacktickets-dev-booking-notification-consumer:*\",\"Sid\":\"WriteCloudWatchLogs\"},{\"Action\":[\"sqs:ReceiveMessage\",\"sqs:GetQueueAttributes\",\"sqs:DeleteMessage\",\"sqs:ChangeMessageVisibility\"],\"Effect\":\"Allow\",\"Resource\":\"arn:aws:sqs:us-east-1:091869721157:blacktickets-dev-booking-notifications\",\"Sid\":\"ReadBookingNotificationQueue\"},{\"Action\":\"sns:Publish\",\"Effect\":\"Allow\",\"Resource\":\"arn:aws:sns:us-east-1:091869721157:blacktickets-dev-booking-notifications\",\"Sid\":\"PublishBookingNotifications\"}]}"
              }
            ],
            "managed_policy_arns": [],
            "max_session_duration": 3600,
            "name": "blacktickets-dev-booking-notification-lambda-role",
            "name_prefix": "",
            "path": "/",
            "permissions_boundary": "",
            "tags": {
              "Environment": "dev",
              "ManagedBy": "terraform",
              "Name": "blacktickets-dev-booking-notification-lambda-role",
              "Project": "blacktickets"
            },
            "tags_all": {
              "Environment": "dev",
              "ManagedBy": "terraform",
              "Name": "blacktickets-dev-booking-notification-lambda-role",
              "Project": "blacktickets"
            },
            "unique_id": "AROARKY64WJC7YMKZFHNC"
          },
          "sensitive_attributes": [],
          "identity_schema_version": 0,
          "identity": {
            "account_id": "091869721157",
            "name": "blacktickets-dev-booking-notification-lambda-role"
          },
          "private": "bnVsbA==",
          "dependencies": [
            "data.aws_iam_policy_document.lambda_assume_role"
          ]
        }
      ]
    },
    {
      "mode": "managed",
      "type": "aws_iam_role",
      "name": "cloudtrail_cloudwatch_logs",
      "provider": "provider[\"registry.terraform.io/hashicorp/aws\"]",
      "instances": [
        {
          "schema_version": 0,
          "attributes": {
            "arn": "arn:aws:iam::091869721157:role/blacktickets-dev-cloudtrail-cloudwatch-logs-role",
            "assume_role_policy": "{\"Statement\":[{\"Action\":\"sts:AssumeRole\",\"Effect\":\"Allow\",\"Principal\":{\"Service\":\"cloudtrail.amazonaws.com\"}}],\"Version\":\"2012-10-17\"}",
            "create_date": "2026-06-09T19:25:12Z",
            "description": "",
            "force_detach_policies": false,
            "id": "blacktickets-dev-cloudtrail-cloudwatch-logs-role",
            "inline_policy": [
              {
                "name": "blacktickets-dev-cloudtrail-cloudwatch-logs-policy",
                "policy": "{\"Version\":\"2012-10-17\",\"Statement\":[{\"Action\":[\"logs:PutLogEvents\",\"logs:CreateLogStream\"],\"Effect\":\"Allow\",\"Resource\":\"arn:aws:logs:us-east-1:091869721157:log-group:/aws/cloudtrail/blacktickets-dev:log-stream:091869721157_CloudTrail_*\",\"Sid\":\"WriteCloudTrailLogs\"}]}"
              }
            ],
            "managed_policy_arns": [],
            "max_session_duration": 3600,
            "name": "blacktickets-dev-cloudtrail-cloudwatch-logs-role",
            "name_prefix": "",
            "path": "/",
            "permissions_boundary": "",
            "tags": {
              "Environment": "dev",
              "ManagedBy": "terraform",
              "Name": "blacktickets-dev-cloudtrail-cloudwatch-logs-role",
              "Project": "blacktickets"
            },
            "tags_all": {
              "Environment": "dev",
              "ManagedBy": "terraform",
              "Name": "blacktickets-dev-cloudtrail-cloudwatch-logs-role",
              "Project": "blacktickets"
            },
            "unique_id": "AROARKY64WJC3VJK5J2ZY"
          },
          "sensitive_attributes": [],
          "identity_schema_version": 0,
          "identity": {
            "account_id": "091869721157",
            "name": "blacktickets-dev-cloudtrail-cloudwatch-logs-role"
          },
          "private": "bnVsbA==",
          "dependencies": [
            "data.aws_iam_policy_document.cloudtrail_assume_role"
          ]
        }
      ]
    },
    {
      "mode": "managed",
      "type": "aws_iam_role",
      "name": "ec2_app",
      "provider": "provider[\"registry.terraform.io/hashicorp/aws\"]",
      "instances": [
        {
          "schema_version": 0,
          "attributes": {
            "arn": "arn:aws:iam::091869721157:role/blacktickets-dev-ec2-app-role",
            "assume_role_policy": "{\"Statement\":[{\"Action\":\"sts:AssumeRole\",\"Effect\":\"Allow\",\"Principal\":{\"Service\":\"ec2.amazonaws.com\"}}],\"Version\":\"2012-10-17\"}",
            "create_date": "2026-06-09T05:00:11Z",
            "description": "",
            "force_detach_policies": false,
            "id": "blacktickets-dev-ec2-app-role",
            "inline_policy": [
              {
                "name": "blacktickets-dev-booking-notifications-sqs",
                "policy": "{\"Version\":\"2012-10-17\",\"Statement\":[{\"Action\":[\"sqs:SendMessage\",\"sqs:GetQueueUrl\",\"sqs:GetQueueAttributes\"],\"Effect\":\"Allow\",\"Resource\":\"arn:aws:sqs:us-east-1:091869721157:blacktickets-dev-booking-notifications\"}]}"
              },
              {
                "name": "blacktickets-dev-poster-bucket-access",
                "policy": "{\"Version\":\"2012-10-17\",\"Statement\":[{\"Action\":[\"s3:PutObjectTagging\",\"s3:PutObject\"],\"Effect\":\"Allow\",\"Resource\":\"arn:aws:s3:::blacktickets-dev-posters/event-posters/*\"}]}"
              }
            ],
            "managed_policy_arns": [
              "arn:aws:iam::aws:policy/AmazonEC2ContainerRegistryReadOnly",
              "arn:aws:iam::aws:policy/AmazonSSMManagedInstanceCore",
              "arn:aws:iam::aws:policy/SecretsManagerReadWrite"
            ],
            "max_session_duration": 3600,
            "name": "blacktickets-dev-ec2-app-role",
            "name_prefix": "",
            "path": "/",
            "permissions_boundary": "",
            "tags": {
              "Environment": "dev",
              "ManagedBy": "terraform",
              "Name": "blacktickets-dev-ec2-app-role",
              "Project": "blacktickets"
            },
            "tags_all": {
              "Environment": "dev",
              "ManagedBy": "terraform",
              "Name": "blacktickets-dev-ec2-app-role",
              "Project": "blacktickets"
            },
            "unique_id": "AROARKY64WJC5NVSWR4OT"
          },
          "sensitive_attributes": [],
          "identity_schema_version": 0,
          "identity": {
            "account_id": "091869721157",
            "name": "blacktickets-dev-ec2-app-role"
          },
          "private": "bnVsbA==",
          "dependencies": [
            "data.aws_iam_policy_document.ec2_assume_role"
          ]
        }
      ]
    },
    {
      "mode": "managed",
      "type": "aws_iam_role_policy",
      "name": "booking_notification_lambda",
      "provider": "provider[\"registry.terraform.io/hashicorp/aws\"]",
      "instances": [
        {
          "schema_version": 0,
          "attributes": {
            "id": "blacktickets-dev-booking-notification-lambda-role:blacktickets-dev-booking-notification-lambda-policy",
            "name": "blacktickets-dev-booking-notification-lambda-policy",
            "name_prefix": "",
            "policy": "{\"Version\":\"2012-10-17\",\"Statement\":[{\"Action\":[\"logs:PutLogEvents\",\"logs:CreateLogStream\"],\"Effect\":\"Allow\",\"Resource\":\"arn:aws:logs:us-east-1:091869721157:log-group:/aws/lambda/blacktickets-dev-booking-notification-consumer:*\",\"Sid\":\"WriteCloudWatchLogs\"},{\"Action\":[\"sqs:ReceiveMessage\",\"sqs:GetQueueAttributes\",\"sqs:DeleteMessage\",\"sqs:ChangeMessageVisibility\"],\"Effect\":\"Allow\",\"Resource\":\"arn:aws:sqs:us-east-1:091869721157:blacktickets-dev-booking-notifications\",\"Sid\":\"ReadBookingNotificationQueue\"},{\"Action\":\"sns:Publish\",\"Effect\":\"Allow\",\"Resource\":\"arn:aws:sns:us-east-1:091869721157:blacktickets-dev-booking-notifications\",\"Sid\":\"PublishBookingNotifications\"}]}",
            "role": "blacktickets-dev-booking-notification-lambda-role"
          },
          "sensitive_attributes": [],
          "identity_schema_version": 0,
          "identity": {
            "account_id": "091869721157",
            "name": "blacktickets-dev-booking-notification-lambda-policy",
            "role": "blacktickets-dev-booking-notification-lambda-role"
          },
          "private": "bnVsbA==",
          "dependencies": [
            "aws_cloudwatch_log_group.booking_notification_lambda",
            "aws_iam_role.booking_notification_lambda",
            "aws_sns_topic.booking_notifications",
            "aws_sqs_queue.booking_notifications",
            "data.aws_iam_policy_document.booking_notification_consumer",
            "data.aws_iam_policy_document.lambda_assume_role"
          ]
        }
      ]
    },
    {
      "mode": "managed",
      "type": "aws_iam_role_policy",
      "name": "cloudtrail_cloudwatch_logs",
      "provider": "provider[\"registry.terraform.io/hashicorp/aws\"]",
      "instances": [
        {
          "schema_version": 0,
          "attributes": {
            "id": "blacktickets-dev-cloudtrail-cloudwatch-logs-role:blacktickets-dev-cloudtrail-cloudwatch-logs-policy",
            "name": "blacktickets-dev-cloudtrail-cloudwatch-logs-policy",
            "name_prefix": "",
            "policy": "{\"Version\":\"2012-10-17\",\"Statement\":[{\"Action\":[\"logs:PutLogEvents\",\"logs:CreateLogStream\"],\"Effect\":\"Allow\",\"Resource\":\"arn:aws:logs:us-east-1:091869721157:log-group:/aws/cloudtrail/blacktickets-dev:log-stream:091869721157_CloudTrail_*\",\"Sid\":\"WriteCloudTrailLogs\"}]}",
            "role": "blacktickets-dev-cloudtrail-cloudwatch-logs-role"
          },
          "sensitive_attributes": [],
          "identity_schema_version": 0,
          "identity": {
            "account_id": "091869721157",
            "name": "blacktickets-dev-cloudtrail-cloudwatch-logs-policy",
            "role": "blacktickets-dev-cloudtrail-cloudwatch-logs-role"
          },
          "private": "bnVsbA==",
          "dependencies": [
            "aws_cloudwatch_log_group.cloudtrail",
            "aws_iam_role.cloudtrail_cloudwatch_logs",
            "data.aws_caller_identity.current",
            "data.aws_iam_policy_document.cloudtrail_assume_role",
            "data.aws_iam_policy_document.cloudtrail_cloudwatch_logs"
          ]
        }
      ]
    },
    {
      "mode": "managed",
      "type": "aws_iam_role_policy",
      "name": "ec2_booking_notifications_sqs",
      "provider": "provider[\"registry.terraform.io/hashicorp/aws\"]",
      "instances": [
        {
          "schema_version": 0,
          "attributes": {
            "id": "blacktickets-dev-ec2-app-role:blacktickets-dev-booking-notifications-sqs",
            "name": "blacktickets-dev-booking-notifications-sqs",
            "name_prefix": "",
            "policy": "{\"Version\":\"2012-10-17\",\"Statement\":[{\"Action\":[\"sqs:SendMessage\",\"sqs:GetQueueUrl\",\"sqs:GetQueueAttributes\"],\"Effect\":\"Allow\",\"Resource\":\"arn:aws:sqs:us-east-1:091869721157:blacktickets-dev-booking-notifications\"}]}",
            "role": "blacktickets-dev-ec2-app-role"
          },
          "sensitive_attributes": [],
          "identity_schema_version": 0,
          "identity": {
            "account_id": "091869721157",
            "name": "blacktickets-dev-booking-notifications-sqs",
            "role": "blacktickets-dev-ec2-app-role"
          },
          "private": "bnVsbA==",
          "dependencies": [
            "aws_iam_role.ec2_app",
            "aws_sqs_queue.booking_notifications",
            "data.aws_iam_policy_document.ec2_assume_role",
            "data.aws_iam_policy_document.ec2_booking_notifications_sqs"
          ]
        }
      ]
    },
    {
      "mode": "managed",
      "type": "aws_iam_role_policy",
      "name": "ec2_poster_bucket_access",
      "provider": "provider[\"registry.terraform.io/hashicorp/aws\"]",
      "instances": [
        {
          "schema_version": 0,
          "attributes": {
            "id": "blacktickets-dev-ec2-app-role:blacktickets-dev-poster-bucket-access",
            "name": "blacktickets-dev-poster-bucket-access",
            "name_prefix": "",
            "policy": "{\"Version\":\"2012-10-17\",\"Statement\":[{\"Action\":[\"s3:PutObjectTagging\",\"s3:PutObject\"],\"Effect\":\"Allow\",\"Resource\":\"arn:aws:s3:::blacktickets-dev-posters/event-posters/*\"}]}",
            "role": "blacktickets-dev-ec2-app-role"
          },
          "sensitive_attributes": [],
          "identity_schema_version": 0,
          "identity": {
            "account_id": "091869721157",
            "name": "blacktickets-dev-poster-bucket-access",
            "role": "blacktickets-dev-ec2-app-role"
          },
          "private": "bnVsbA==",
          "dependencies": [
            "aws_iam_role.ec2_app",
            "data.aws_iam_policy_document.ec2_assume_role",
            "data.aws_iam_policy_document.ec2_poster_bucket_access"
          ]
        }
      ]
    },
    {
      "mode": "managed",
      "type": "aws_iam_role_policy_attachment",
      "name": "ec2_ecr_read_only",
      "provider": "provider[\"registry.terraform.io/hashicorp/aws\"]",
      "instances": [
        {
          "schema_version": 0,
          "attributes": {
            "id": "blacktickets-dev-ec2-app-role/arn:aws:iam::aws:policy/AmazonEC2ContainerRegistryReadOnly",
            "policy_arn": "arn:aws:iam::aws:policy/AmazonEC2ContainerRegistryReadOnly",
            "role": "blacktickets-dev-ec2-app-role"
          },
          "sensitive_attributes": [],
          "identity_schema_version": 0,
          "identity": {
            "account_id": "091869721157",
            "policy_arn": "arn:aws:iam::aws:policy/AmazonEC2ContainerRegistryReadOnly",
            "role": "blacktickets-dev-ec2-app-role"
          },
          "private": "bnVsbA==",
          "dependencies": [
            "aws_iam_role.ec2_app",
            "data.aws_iam_policy_document.ec2_assume_role"
          ]
        }
      ]
    },
    {
      "mode": "managed",
      "type": "aws_iam_role_policy_attachment",
      "name": "ec2_secrets_manager_read_write",
      "provider": "provider[\"registry.terraform.io/hashicorp/aws\"]",
      "instances": [
        {
          "schema_version": 0,
          "attributes": {
            "id": "blacktickets-dev-ec2-app-role/arn:aws:iam::aws:policy/SecretsManagerReadWrite",
            "policy_arn": "arn:aws:iam::aws:policy/SecretsManagerReadWrite",
            "role": "blacktickets-dev-ec2-app-role"
          },
          "sensitive_attributes": [],
          "identity_schema_version": 0,
          "identity": {
            "account_id": "091869721157",
            "policy_arn": "arn:aws:iam::aws:policy/SecretsManagerReadWrite",
            "role": "blacktickets-dev-ec2-app-role"
          },
          "private": "bnVsbA==",
          "dependencies": [
            "aws_iam_role.ec2_app",
            "data.aws_iam_policy_document.ec2_assume_role"
          ]
        }
      ]
    },
    {
      "mode": "managed",
      "type": "aws_iam_role_policy_attachment",
      "name": "ec2_ssm_managed_instance_core",
      "provider": "provider[\"registry.terraform.io/hashicorp/aws\"]",
      "instances": [
        {
          "schema_version": 0,
          "attributes": {
            "id": "blacktickets-dev-ec2-app-role/arn:aws:iam::aws:policy/AmazonSSMManagedInstanceCore",
            "policy_arn": "arn:aws:iam::aws:policy/AmazonSSMManagedInstanceCore",
            "role": "blacktickets-dev-ec2-app-role"
          },
          "sensitive_attributes": [],
          "identity_schema_version": 0,
          "identity": {
            "account_id": "091869721157",
            "policy_arn": "arn:aws:iam::aws:policy/AmazonSSMManagedInstanceCore",
            "role": "blacktickets-dev-ec2-app-role"
          },
          "private": "bnVsbA==",
          "dependencies": [
            "aws_iam_role.ec2_app",
            "data.aws_iam_policy_document.ec2_assume_role"
          ]
        }
      ]
    },
    {
      "mode": "managed",
      "type": "aws_internet_gateway",
      "name": "main",
      "provider": "provider[\"registry.terraform.io/hashicorp/aws\"]",
      "instances": [
        {
          "schema_version": 0,
          "attributes": {
            "arn": "arn:aws:ec2:us-east-1:091869721157:internet-gateway/igw-02e66748acf802549",
            "id": "igw-02e66748acf802549",
            "owner_id": "091869721157",
            "region": "us-east-1",
            "tags": {
              "Environment": "dev",
              "ManagedBy": "terraform",
              "Name": "blacktickets-dev-igw",
              "Project": "blacktickets"
            },
            "tags_all": {
              "Environment": "dev",
              "ManagedBy": "terraform",
              "Name": "blacktickets-dev-igw",
              "Project": "blacktickets"
            },
            "timeouts": null,
            "vpc_id": "vpc-086a5e59000af6f38"
          },
          "sensitive_attributes": [],
          "identity_schema_version": 0,
          "identity": {
            "account_id": "091869721157",
            "id": "igw-02e66748acf802549",
            "region": "us-east-1"
          },
          "private": "eyJlMmJmYjczMC1lY2FhLTExZTYtOGY4OC0zNDM2M2JjN2M0YzAiOnsiY3JlYXRlIjoxMjAwMDAwMDAwMDAwLCJkZWxldGUiOjEyMDAwMDAwMDAwMDAsInVwZGF0ZSI6MTIwMDAwMDAwMDAwMH19",
          "dependencies": [
            "aws_vpc.main"
          ]
        }
      ]
    },
    {
      "mode": "managed",
      "type": "aws_lambda_event_source_mapping",
      "name": "booking_notification_consumer",
      "provider": "provider[\"registry.terraform.io/hashicorp/aws\"]",
      "instances": [
        {
          "schema_version": 0,
          "attributes": {
            "amazon_managed_kafka_event_source_config": [],
            "arn": "arn:aws:lambda:us-east-1:091869721157:event-source-mapping:d3c94a80-55fd-4327-9aae-6c1afbf605f7",
            "batch_size": 5,
            "bisect_batch_on_function_error": false,
            "destination_config": [],
            "document_db_event_source_config": [],
            "enabled": true,
            "event_source_arn": "arn:aws:sqs:us-east-1:091869721157:blacktickets-dev-booking-notifications",
            "filter_criteria": [],
            "function_arn": "arn:aws:lambda:us-east-1:091869721157:function:blacktickets-dev-booking-notification-consumer",
            "function_name": "arn:aws:lambda:us-east-1:091869721157:function:blacktickets-dev-booking-notification-consumer",
            "function_response_types": [],
            "id": "d3c94a80-55fd-4327-9aae-6c1afbf605f7",
            "kms_key_arn": "",
            "last_modified": "2026-06-09T11:38:36Z",
            "last_processing_result": "",
            "maximum_batching_window_in_seconds": 0,
            "maximum_record_age_in_seconds": 0,
            "maximum_retry_attempts": 0,
            "metrics_config": [],
            "parallelization_factor": 0,
            "provisioned_poller_config": [],
            "queues": [],
            "region": "us-east-1",
            "scaling_config": [],
            "self_managed_event_source": [],
            "self_managed_kafka_event_source_config": [],
            "source_access_configuration": [],
            "starting_position": "",
            "starting_position_timestamp": "",
            "state": "Enabled",
            "state_transition_reason": "USER_INITIATED",
            "tags": {},
            "tags_all": {},
            "topics": [],
            "tumbling_window_in_seconds": 0,
            "uuid": "d3c94a80-55fd-4327-9aae-6c1afbf605f7"
          },
          "sensitive_attributes": [],
          "identity_schema_version": 0,
          "identity": {
            "account_id": "091869721157",
            "region": "us-east-1",
            "uuid": "d3c94a80-55fd-4327-9aae-6c1afbf605f7"
          },
          "private": "bnVsbA==",
          "dependencies": [
            "aws_cloudwatch_log_group.booking_notification_lambda",
            "aws_iam_role.booking_notification_lambda",
            "aws_iam_role_policy.booking_notification_lambda",
            "aws_lambda_function.booking_notification_consumer",
            "aws_sns_topic.booking_notifications",
            "aws_sqs_queue.booking_notifications",
            "data.archive_file.booking_notification_consumer",
            "data.aws_iam_policy_document.booking_notification_consumer",
            "data.aws_iam_policy_document.lambda_assume_role"
          ]
        }
      ]
    },
    {
      "mode": "managed",
      "type": "aws_lambda_function",
      "name": "booking_notification_consumer",
      "provider": "provider[\"registry.terraform.io/hashicorp/aws\"]",
      "instances": [
        {
          "schema_version": 0,
          "attributes": {
            "architectures": [
              "x86_64"
            ],
            "arn": "arn:aws:lambda:us-east-1:091869721157:function:blacktickets-dev-booking-notification-consumer",
            "capacity_provider_config": [],
            "code_sha256": "K7k59cz7nhUrlHJsY7WMgqdRLUaO4AJ/jDQEtvc9l6M=",
            "code_signing_config_arn": "",
            "dead_letter_config": [],
            "description": "",
            "durable_config": [],
            "environment": [
              {
                "variables": {
                  "SNS_TOPIC_ARN": "arn:aws:sns:us-east-1:091869721157:blacktickets-dev-booking-notifications"
                }
              }
            ],
            "ephemeral_storage": [
              {
                "size": 512
              }
            ],
            "file_system_config": [],
            "filename": "./.build/booking-notification-consumer.zip",
            "function_name": "blacktickets-dev-booking-notification-consumer",
            "handler": "index.handler",
            "id": "blacktickets-dev-booking-notification-consumer",
            "image_config": [],
            "image_uri": "",
            "invoke_arn": "arn:aws:apigateway:us-east-1:lambda:path/2015-03-31/functions/arn:aws:lambda:us-east-1:091869721157:function:blacktickets-dev-booking-notification-consumer/invocations",
            "kms_key_arn": "",
            "last_modified": "2026-06-09T17:56:06.000+0000",
            "layers": [],
            "logging_config": [
              {
                "application_log_level": "",
                "log_format": "Text",
                "log_group": "/aws/lambda/blacktickets-dev-booking-notification-consumer",
                "system_log_level": ""
              }
            ],
            "memory_size": 128,
            "package_type": "Zip",
            "publish": false,
            "publish_to": null,
            "qualified_arn": "arn:aws:lambda:us-east-1:091869721157:function:blacktickets-dev-booking-notification-consumer:$LATEST",
            "qualified_invoke_arn": "arn:aws:apigateway:us-east-1:lambda:path/2015-03-31/functions/arn:aws:lambda:us-east-1:091869721157:function:blacktickets-dev-booking-notification-consumer:$LATEST/invocations",
            "region": "us-east-1",
            "replace_security_groups_on_destroy": null,
            "replacement_security_group_ids": null,
            "reserved_concurrent_executions": -1,
            "response_streaming_invoke_arn": "arn:aws:apigateway:us-east-1:lambda:path/2021-11-15/functions/arn:aws:lambda:us-east-1:091869721157:function:blacktickets-dev-booking-notification-consumer/response-streaming-invocations",
            "role": "arn:aws:iam::091869721157:role/blacktickets-dev-booking-notification-lambda-role",
            "runtime": "nodejs20.x",
            "s3_bucket": null,
            "s3_key": null,
            "s3_object_version": null,
            "signing_job_arn": "",
            "signing_profile_version_arn": "",
            "skip_destroy": false,
            "snap_start": [],
            "source_code_hash": "K7k59cz7nhUrlHJsY7WMgqdRLUaO4AJ/jDQEtvc9l6M=",
            "source_code_size": 868,
            "source_kms_key_arn": "",
            "tags": {
              "Environment": "dev",
              "ManagedBy": "terraform",
              "Name": "blacktickets-dev-booking-notification-consumer",
              "Project": "blacktickets"
            },
            "tags_all": {
              "Environment": "dev",
              "ManagedBy": "terraform",
              "Name": "blacktickets-dev-booking-notification-consumer",
              "Project": "blacktickets"
            },
            "tenancy_config": [],
            "timeout": 3,
            "timeouts": null,
            "tracing_config": [
              {
                "mode": "PassThrough"
              }
            ],
            "version": "$LATEST",
            "vpc_config": []
          },
          "sensitive_attributes": [],
          "identity_schema_version": 0,
          "identity": {
            "account_id": "091869721157",
            "function_name": "blacktickets-dev-booking-notification-consumer",
            "region": "us-east-1"
          },
          "private": "eyJlMmJmYjczMC1lY2FhLTExZTYtOGY4OC0zNDM2M2JjN2M0YzAiOnsiY3JlYXRlIjo2MDAwMDAwMDAwMDAsImRlbGV0ZSI6NjAwMDAwMDAwMDAwLCJ1cGRhdGUiOjYwMDAwMDAwMDAwMH19",
          "dependencies": [
            "aws_cloudwatch_log_group.booking_notification_lambda",
            "aws_iam_role.booking_notification_lambda",
            "aws_iam_role_policy.booking_notification_lambda",
            "aws_sns_topic.booking_notifications",
            "aws_sqs_queue.booking_notifications",
            "data.archive_file.booking_notification_consumer",
            "data.aws_iam_policy_document.booking_notification_consumer",
            "data.aws_iam_policy_document.lambda_assume_role"
          ]
        }
      ]
    },
    {
      "mode": "managed",
      "type": "aws_launch_template",
      "name": "app",
      "provider": "provider[\"registry.terraform.io/hashicorp/aws\"]",
      "instances": [
        {
          "schema_version": 1,
          "attributes": {
            "arn": "arn:aws:ec2:us-east-1:091869721157:launch-template/lt-0550c80085ccdbe85",
            "block_device_mappings": [],
            "capacity_reservation_specification": [],
            "cpu_options": [],
            "credit_specification": [],
            "default_version": 1,
            "description": "",
            "disable_api_stop": false,
            "disable_api_termination": false,
            "ebs_optimized": "",
            "enclave_options": [],
            "hibernation_options": [],
            "iam_instance_profile": [
              {
                "arn": "",
                "name": "blacktickets-dev-ec2-app-profile"
              }
            ],
            "id": "lt-0550c80085ccdbe85",
            "image_id": "ami-0021ac0c2e69d9c55",
            "instance_initiated_shutdown_behavior": "",
            "instance_market_options": [],
            "instance_requirements": [],
            "instance_type": "t3.small",
            "kernel_id": "",
            "key_name": "",
            "latest_version": 8,
            "license_specification": [],
            "maintenance_options": [],
            "metadata_options": [],
            "monitoring": [],
            "name": "blacktickets-dev-app-20260609051027262900000002",
            "name_prefix": "blacktickets-dev-app-",
            "network_interfaces": [],
            "network_performance_options": [],
            "placement": [],
            "private_dns_name_options": [],
            "ram_disk_id": "",
            "region": "us-east-1",
            "secondary_interfaces": [],
            "security_group_names": [],
            "tag_specifications": [
              {
                "resource_type": "instance",
                "tags": {
                  "Environment": "dev",
                  "ManagedBy": "terraform",
                  "Name": "blacktickets-dev-app",
                  "Project": "blacktickets"
                }
              },
              {
                "resource_type": "volume",
                "tags": {
                  "Environment": "dev",
                  "ManagedBy": "terraform",
                  "Name": "blacktickets-dev-app-volume",
                  "Project": "blacktickets"
                }
              }
            ],
            "tags": {
              "Environment": "dev",
              "ManagedBy": "terraform",
              "Name": "blacktickets-dev-app-lt",
              "Project": "blacktickets"
            },
            "tags_all": {
              "Environment": "dev",
              "ManagedBy": "terraform",
              "Name": "blacktickets-dev-app-lt",
              "Project": "blacktickets"
            },
            "update_default_version": null,
            "user_data": "IyEvYmluL2Jhc2gNCnNldCAtZXVvIHBpcGVmYWlsDQpleGVjID4gPih0ZWUgLWEgL3Zhci9sb2cvYmxhY2t0aWNrZXRzLXVzZXItZGF0YS5sb2cgfCBsb2dnZXIgLXQgYmxhY2t0aWNrZXRzLXVzZXItZGF0YSAtcyAyPi9kZXYvY29uc29sZSkgMj4mMQ0KDQphcHQtZ2V0IHVwZGF0ZSAteQ0KREVCSUFOX0ZST05URU5EPW5vbmludGVyYWN0aXZlIGFwdC1nZXQgaW5zdGFsbCAteSBkb2NrZXIuaW8gcHl0aG9uMyBwb3N0Z3Jlc3FsLWNsaWVudCBjdXJsIHVuemlwDQpjdXJsIC1mc1NMICJodHRwczovL2F3c2NsaS5hbWF6b25hd3MuY29tL2F3c2NsaS1leGUtbGludXgteDg2XzY0LnppcCIgLW8gIi90bXAvYXdzY2xpdjIuemlwIg0KdW56aXAgLXEgL3RtcC9hd3NjbGl2Mi56aXAgLWQgL3RtcA0KL3RtcC9hd3MvaW5zdGFsbA0Kc3lzdGVtY3RsIGVuYWJsZSAtLW5vdyBkb2NrZXINCnVzZXJtb2QgLWFHIGRvY2tlciB1YnVudHUNCg0KQVdTX1JFR0lPTj0idXMtZWFzdC0xIg0KRUNSX1JFR0lTVFJZPSIwOTE4Njk3MjExNTcuZGtyLmVjci51cy1lYXN0LTEuYW1hem9uYXdzLmNvbSINCklNQUdFX1RBRz0ibGF0ZXN0Ig0KQVBQX0NPTkZJR19TRUNSRVRfQVJOPSJhcm46YXdzOnNlY3JldHNtYW5hZ2VyOnVzLWVhc3QtMTowOTE4Njk3MjExNTc6c2VjcmV0OmJsYWNrdGlja2V0cy1kZXYvYXBwLWNvbmZpZy1FZGh4MGgiDQoNClNFQ1JFVF9KU09OPSIkKGF3cyBzZWNyZXRzbWFuYWdlciBnZXQtc2VjcmV0LXZhbHVlIC0tcmVnaW9uICIke0FXU19SRUdJT059IiAtLXNlY3JldC1pZCAiJHtBUFBfQ09ORklHX1NFQ1JFVF9BUk59IiAtLXF1ZXJ5IFNlY3JldFN0cmluZyAtLW91dHB1dCB0ZXh0KSINCg0Kc2VjcmV0X3ZhbHVlKCkgew0KICBweXRob24zIC1jICdpbXBvcnQganNvbiwgb3MsIHN5czsgcHJpbnQoanNvbi5sb2Fkcyhvcy5lbnZpcm9uWyJTRUNSRVRfSlNPTiJdKVtzeXMuYXJndlsxXV0pJyAiJDEiDQp9DQoNCmV4cG9ydCBTRUNSRVRfSlNPTg0KZXhwb3J0IERCX0hPU1Q9IiQoc2VjcmV0X3ZhbHVlIERCX0hPU1QpIg0KZXhwb3J0IERCX1BPUlQ9IiQoc2VjcmV0X3ZhbHVlIERCX1BPUlQpIg0KZXhwb3J0IERCX1VTRVI9IiQoc2VjcmV0X3ZhbHVlIERCX1VTRVIpIg0KZXhwb3J0IERCX1BBU1NXT1JEPSIkKHNlY3JldF92YWx1ZSBEQl9QQVNTV09SRCkiDQpleHBvcnQgSldUX1NFQ1JFVD0iJChzZWNyZXRfdmFsdWUgSldUX1NFQ1JFVCkiDQpleHBvcnQgSU5URVJOQUxfU0VSVklDRV9UT0tFTj0iJChzZWNyZXRfdmFsdWUgSU5URVJOQUxfU0VSVklDRV9UT0tFTikiDQpleHBvcnQgQk9PS0lOR19OT1RJRklDQVRJT05fUVVFVUVfVVJMPSIkKHNlY3JldF92YWx1ZSBCT09LSU5HX05PVElGSUNBVElPTl9RVUVVRV9VUkwpIg0KZXhwb3J0IEFETUlOX0VNQUlMPSIkKHNlY3JldF92YWx1ZSBBRE1JTl9FTUFJTCkiDQpleHBvcnQgQURNSU5fUEFTU1dPUkQ9IiQoc2VjcmV0X3ZhbHVlIEFETUlOX1BBU1NXT1JEKSINCmV4cG9ydCBVU0VSX0VNQUlMPSIkKHNlY3JldF92YWx1ZSBVU0VSX0VNQUlMKSINCmV4cG9ydCBVU0VSX1BBU1NXT1JEPSIkKHNlY3JldF92YWx1ZSBVU0VSX1BBU1NXT1JEKSINCmV4cG9ydCBQR1BBU1NXT1JEPSIke0RCX1BBU1NXT1JEfSINCg0KdW50aWwgcHNxbCAiaG9zdD0ke0RCX0hPU1R9IHBvcnQ9JHtEQl9QT1JUfSB1c2VyPSR7REJfVVNFUn0gZGJuYW1lPXBvc3RncmVzIHNzbG1vZGU9cmVxdWlyZSIgLWMgIlNFTEVDVCAxIjsgZG8NCiAgc2xlZXAgMTANCmRvbmUNCg0KZm9yIGRhdGFiYXNlIGluIGlkZW50aXR5X2RiIGV2ZW50X2RiIGJvb2tpbmdfZGI7IGRvDQogIGlmICEgcHNxbCAiaG9zdD0ke0RCX0hPU1R9IHBvcnQ9JHtEQl9QT1JUfSB1c2VyPSR7REJfVVNFUn0gZGJuYW1lPXBvc3RncmVzIHNzbG1vZGU9cmVxdWlyZSIgLXRBYyAiU0VMRUNUIDEgRlJPTSBwZ19kYXRhYmFzZSBXSEVSRSBkYXRuYW1lID0gJyR7ZGF0YWJhc2V9JyIgfCBncmVwIC1xIDE7IHRoZW4NCiAgICBwc3FsICJob3N0PSR7REJfSE9TVH0gcG9ydD0ke0RCX1BPUlR9IHVzZXI9JHtEQl9VU0VSfSBkYm5hbWU9cG9zdGdyZXMgc3NsbW9kZT1yZXF1aXJlIiAtYyAiQ1JFQVRFIERBVEFCQVNFICR7ZGF0YWJhc2V9Ig0KICBmaQ0KZG9uZQ0KDQphd3MgZWNyIGdldC1sb2dpbi1wYXNzd29yZCAtLXJlZ2lvbiAiJHtBV1NfUkVHSU9OfSIgfCBkb2NrZXIgbG9naW4gLS11c2VybmFtZSBBV1MgLS1wYXNzd29yZC1zdGRpbiAiJHtFQ1JfUkVHSVNUUll9Ig0KDQpkb2NrZXIgbmV0d29yayBjcmVhdGUgYmxhY2t0aWNrZXRzIHx8IHRydWUNCg0KZG9ja2VyIHB1bGwgIiR7RUNSX1JFR0lTVFJZfS9ibGFja3RpY2tldHMtaWRlbnRpdHktc2VydmljZToke0lNQUdFX1RBR30iDQpkb2NrZXIgcHVsbCAiJHtFQ1JfUkVHSVNUUll9L2JsYWNrdGlja2V0cy1ldmVudC1zZXJ2aWNlOiR7SU1BR0VfVEFHfSINCmRvY2tlciBwdWxsICIke0VDUl9SRUdJU1RSWX0vYmxhY2t0aWNrZXRzLWJvb2tpbmctc2VydmljZToke0lNQUdFX1RBR30iDQpkb2NrZXIgcHVsbCAiJHtFQ1JfUkVHSVNUUll9L2JsYWNrdGlja2V0cy1jaGF0Ym90LXNlcnZpY2U6JHtJTUFHRV9UQUd9Ig0KZG9ja2VyIHB1bGwgIiR7RUNSX1JFR0lTVFJZfS9ibGFja3RpY2tldHMtZnJvbnRlbmQ6JHtJTUFHRV9UQUd9Ig0KDQpkb2NrZXIgcm0gLWYgaWRlbnRpdHktc2VydmljZSBldmVudC1zZXJ2aWNlIGJvb2tpbmctc2VydmljZSBjaGF0Ym90LXNlcnZpY2UgYmxhY2t0aWNrZXRzLWZyb250ZW5kIHx8IHRydWUNCg0KZG9ja2VyIHJ1biAtZCAtLXJlc3RhcnQgdW5sZXNzLXN0b3BwZWQgLS1uYW1lIGlkZW50aXR5LXNlcnZpY2UgLS1uZXR3b3JrIGJsYWNrdGlja2V0cyAtcCA0MDAxOjQwMDEgXA0KICAtZSBEQl9IT1NUPSIke0RCX0hPU1R9IiBcDQogIC1lIERCX1BPUlQ9IiR7REJfUE9SVH0iIFwNCiAgLWUgREJfVVNFUj0iJHtEQl9VU0VSfSIgXA0KICAtZSBEQl9QQVNTV09SRD0iJHtEQl9QQVNTV09SRH0iIFwNCiAgLWUgREJfUEFTUz0iJHtEQl9QQVNTV09SRH0iIFwNCiAgLWUgREJfTkFNRT0iaWRlbnRpdHlfZGIiIFwNCiAgLWUgREJfU1NMPSJ0cnVlIiBcDQogIC1lIEpXVF9TRUNSRVQ9IiR7SldUX1NFQ1JFVH0iIFwNCiAgLWUgSU5URVJOQUxfU0VSVklDRV9UT0tFTj0iJHtJTlRFUk5BTF9TRVJWSUNFX1RPS0VOfSIgXA0KICAtZSBBRE1JTl9FTUFJTD0iJHtBRE1JTl9FTUFJTH0iIFwNCiAgLWUgQURNSU5fUEFTU1dPUkQ9IiR7QURNSU5fUEFTU1dPUkR9IiBcDQogIC1lIFVTRVJfRU1BSUw9IiR7VVNFUl9FTUFJTH0iIFwNCiAgLWUgVVNFUl9QQVNTV09SRD0iJHtVU0VSX1BBU1NXT1JEfSIgXA0KICAiJHtFQ1JfUkVHSVNUUll9L2JsYWNrdGlja2V0cy1pZGVudGl0eS1zZXJ2aWNlOiR7SU1BR0VfVEFHfSINCg0KZG9ja2VyIHJ1biAtZCAtLXJlc3RhcnQgdW5sZXNzLXN0b3BwZWQgLS1uYW1lIGV2ZW50LXNlcnZpY2UgLS1uZXR3b3JrIGJsYWNrdGlja2V0cyAtcCA0MDAyOjQwMDIgXA0KICAtZSBEQl9IT1NUPSIke0RCX0hPU1R9IiBcDQogIC1lIERCX1BPUlQ9IiR7REJfUE9SVH0iIFwNCiAgLWUgREJfVVNFUj0iJHtEQl9VU0VSfSIgXA0KICAtZSBEQl9QQVNTV09SRD0iJHtEQl9QQVNTV09SRH0iIFwNCiAgLWUgREJfUEFTUz0iJHtEQl9QQVNTV09SRH0iIFwNCiAgLWUgREJfTkFNRT0iZXZlbnRfZGIiIFwNCiAgLWUgREJfU1NMPSJ0cnVlIiBcDQogIC1lIEpXVF9TRUNSRVQ9IiR7SldUX1NFQ1JFVH0iIFwNCiAgLWUgSU5URVJOQUxfU0VSVklDRV9UT0tFTj0iJHtJTlRFUk5BTF9TRVJWSUNFX1RPS0VOfSIgXA0KICAtZSBBV1NfUkVHSU9OPSIke0FXU19SRUdJT059IiBcDQogIC1lIFBPU1RFUl9CVUNLRVRfTkFNRT0iYmxhY2t0aWNrZXRzLWRldi1wb3N0ZXJzIiBcDQogIC1lIFBPU1RFUl9DRE5fRE9NQUlOPSJkMWk0Ymd6cmFteXpudS5jbG91ZGZyb250Lm5ldCIgXA0KICAiJHtFQ1JfUkVHSVNUUll9L2JsYWNrdGlja2V0cy1ldmVudC1zZXJ2aWNlOiR7SU1BR0VfVEFHfSINCg0KZG9ja2VyIHJ1biAtZCAtLXJlc3RhcnQgdW5sZXNzLXN0b3BwZWQgLS1uYW1lIGJvb2tpbmctc2VydmljZSAtLW5ldHdvcmsgYmxhY2t0aWNrZXRzIC1wIDQwMDM6NDAwMyBcDQogIC1lIERCX0hPU1Q9IiR7REJfSE9TVH0iIFwNCiAgLWUgREJfUE9SVD0iJHtEQl9QT1JUfSIgXA0KICAtZSBEQl9VU0VSPSIke0RCX1VTRVJ9IiBcDQogIC1lIERCX1BBU1NXT1JEPSIke0RCX1BBU1NXT1JEfSIgXA0KICAtZSBEQl9QQVNTPSIke0RCX1BBU1NXT1JEfSIgXA0KICAtZSBEQl9OQU1FPSJib29raW5nX2RiIiBcDQogIC1lIERCX1NTTD0idHJ1ZSIgXA0KICAtZSBKV1RfU0VDUkVUPSIke0pXVF9TRUNSRVR9IiBcDQogIC1lIElOVEVSTkFMX1NFUlZJQ0VfVE9LRU49IiR7SU5URVJOQUxfU0VSVklDRV9UT0tFTn0iIFwNCiAgLWUgRVZFTlRfU0VSVklDRV9VUkw9Imh0dHA6Ly9ldmVudC1zZXJ2aWNlOjQwMDIiIFwNCiAgLWUgQVdTX1JFR0lPTj0iJHtBV1NfUkVHSU9OfSIgXA0KICAtZSBCT09LSU5HX05PVElGSUNBVElPTl9RVUVVRV9VUkw9IiR7Qk9PS0lOR19OT1RJRklDQVRJT05fUVVFVUVfVVJMfSIgXA0KICAiJHtFQ1JfUkVHSVNUUll9L2JsYWNrdGlja2V0cy1ib29raW5nLXNlcnZpY2U6JHtJTUFHRV9UQUd9Ig0KDQpkb2NrZXIgcnVuIC1kIC0tcmVzdGFydCB1bmxlc3Mtc3RvcHBlZCAtLW5hbWUgY2hhdGJvdC1zZXJ2aWNlIC0tbmV0d29yayBibGFja3RpY2tldHMgLXAgNDAwNDo0MDA0IFwNCiAgLWUgRVZFTlRfU0VSVklDRV9VUkw9Imh0dHA6Ly9ldmVudC1zZXJ2aWNlOjQwMDIiIFwNCiAgIiR7RUNSX1JFR0lTVFJZfS9ibGFja3RpY2tldHMtY2hhdGJvdC1zZXJ2aWNlOiR7SU1BR0VfVEFHfSINCg0KZG9ja2VyIHJ1biAtZCAtLXJlc3RhcnQgdW5sZXNzLXN0b3BwZWQgLS1uYW1lIGJsYWNrdGlja2V0cy1mcm9udGVuZCAtLW5ldHdvcmsgYmxhY2t0aWNrZXRzIC1wIDgwOjgwIFwNCiAgLWUgUFJJVkFURV9BTEJfRE5TPSJpbnRlcm5hbC1ibGFja3RpY2tldHMtZGV2LXByaXZhdGUtYWxiLTEyMjM3OTY3MzcudXMtZWFzdC0xLmVsYi5hbWF6b25hd3MuY29tIiBcDQogICIke0VDUl9SRUdJU1RSWX0vYmxhY2t0aWNrZXRzLWZyb250ZW5kOiR7SU1BR0VfVEFHfSINCg==",
            "vpc_security_group_ids": [
              "sg-0b9537c4caaa723d0"
            ]
          },
          "sensitive_attributes": [],
          "identity_schema_version": 0,
          "identity": {
            "account_id": "091869721157",
            "id": "lt-0550c80085ccdbe85",
            "region": "us-east-1"
          },
          "private": "eyJzY2hlbWFfdmVyc2lvbiI6IjEifQ==",
          "dependencies": [
            "aws_cloudfront_distribution.posters",
            "aws_cloudfront_origin_access_control.posters",
            "aws_db_instance.postgres",
            "aws_db_subnet_group.main",
            "aws_iam_instance_profile.ec2_app",
            "aws_iam_role.ec2_app",
            "aws_lb.private",
            "aws_s3_bucket.posters",
            "aws_secretsmanager_secret.app_config",
            "aws_secretsmanager_secret_version.app_config",
            "aws_security_group.ec2_app",
            "aws_security_group.private_alb",
            "aws_security_group.rds",
            "aws_sqs_queue.booking_notifications",
            "aws_subnet.private_app",
            "aws_subnet.private_db",
            "aws_vpc.main",
            "data.aws_ami.ubuntu_2404",
            "data.aws_availability_zones.available",
            "data.aws_caller_identity.current",
            "data.aws_iam_policy_document.ec2_assume_role"
          ]
        }
      ]
    },
    {
      "mode": "managed",
      "type": "aws_lb",
      "name": "private",
      "provider": "provider[\"registry.terraform.io/hashicorp/aws\"]",
      "instances": [
        {
          "schema_version": 0,
          "attributes": {
            "access_logs": [
              {
                "bucket": "",
                "enabled": false,
                "prefix": ""
              }
            ],
            "arn": "arn:aws:elasticloadbalancing:us-east-1:091869721157:loadbalancer/app/blacktickets-dev-private-alb/0278e57cf3e82698",
            "arn_suffix": "app/blacktickets-dev-private-alb/0278e57cf3e82698",
            "client_keep_alive": 3600,
            "connection_logs": [
              {
                "bucket": "",
                "enabled": false,
                "prefix": ""
              }
            ],
            "customer_owned_ipv4_pool": "",
            "desync_mitigation_mode": "defensive",
            "dns_name": "internal-blacktickets-dev-private-alb-1223796737.us-east-1.elb.amazonaws.com",
            "dns_record_client_routing_policy": null,
            "drop_invalid_header_fields": false,
            "enable_cross_zone_load_balancing": true,
            "enable_deletion_protection": false,
            "enable_http2": true,
            "enable_prefix_for_ipv6_source_nat": "off",
            "enable_tls_version_and_cipher_suite_headers": false,
            "enable_waf_fail_open": false,
            "enable_xff_client_port": false,
            "enable_zonal_shift": false,
            "enforce_security_group_inbound_rules_on_private_link_traffic": "",
            "health_check_logs": [
              {
                "bucket": "",
                "enabled": false,
                "prefix": ""
              }
            ],
            "id": "arn:aws:elasticloadbalancing:us-east-1:091869721157:loadbalancer/app/blacktickets-dev-private-alb/0278e57cf3e82698",
            "idle_timeout": 60,
            "internal": true,
            "ip_address_type": "ipv4",
            "ipam_pools": [],
            "load_balancer_type": "application",
            "minimum_load_balancer_capacity": [],
            "name": "blacktickets-dev-private-alb",
            "name_prefix": "",
            "preserve_host_header": false,
            "region": "us-east-1",
            "secondary_ips_auto_assigned_per_subnet": null,
            "security_groups": [
              "sg-0b890d97bf0a0c205"
            ],
            "subnet_mapping": [
              {
                "allocation_id": "",
                "ipv6_address": "",
                "outpost_id": "",
                "private_ipv4_address": "",
                "subnet_id": "subnet-06d4d03d4b66828ec"
              },
              {
                "allocation_id": "",
                "ipv6_address": "",
                "outpost_id": "",
                "private_ipv4_address": "",
                "subnet_id": "subnet-0c1abec4a36d722dc"
              }
            ],
            "subnets": [
              "subnet-06d4d03d4b66828ec",
              "subnet-0c1abec4a36d722dc"
            ],
            "tags": {
              "Environment": "dev",
              "ManagedBy": "terraform",
              "Name": "blacktickets-dev-private-alb",
              "Project": "blacktickets"
            },
            "tags_all": {
              "Environment": "dev",
              "ManagedBy": "terraform",
              "Name": "blacktickets-dev-private-alb",
              "Project": "blacktickets"
            },
            "timeouts": null,
            "vpc_id": "vpc-086a5e59000af6f38",
            "xff_header_processing_mode": "append",
            "zone_id": "Z35SXDOTRQ7X7K"
          },
          "sensitive_attributes": [],
          "identity_schema_version": 0,
          "identity": {
            "arn": "arn:aws:elasticloadbalancing:us-east-1:091869721157:loadbalancer/app/blacktickets-dev-private-alb/0278e57cf3e82698"
          },
          "private": "eyJlMmJmYjczMC1lY2FhLTExZTYtOGY4OC0zNDM2M2JjN2M0YzAiOnsiY3JlYXRlIjo2MDAwMDAwMDAwMDAsImRlbGV0ZSI6NjAwMDAwMDAwMDAwLCJ1cGRhdGUiOjYwMDAwMDAwMDAwMH19",
          "dependencies": [
            "aws_security_group.private_alb",
            "aws_subnet.private_app",
            "aws_vpc.main",
            "data.aws_availability_zones.available"
          ]
        }
      ]
    },
    {
      "mode": "managed",
      "type": "aws_lb",
      "name": "public",
      "provider": "provider[\"registry.terraform.io/hashicorp/aws\"]",
      "instances": [
        {
          "schema_version": 0,
          "attributes": {
            "access_logs": [
              {
                "bucket": "",
                "enabled": false,
                "prefix": ""
              }
            ],
            "arn": "arn:aws:elasticloadbalancing:us-east-1:091869721157:loadbalancer/app/blacktickets-dev-public-alb/f1054844ac8f9d95",
            "arn_suffix": "app/blacktickets-dev-public-alb/f1054844ac8f9d95",
            "client_keep_alive": 3600,
            "connection_logs": [
              {
                "bucket": "",
                "enabled": false,
                "prefix": ""
              }
            ],
            "customer_owned_ipv4_pool": "",
            "desync_mitigation_mode": "defensive",
            "dns_name": "blacktickets-dev-public-alb-49050539.us-east-1.elb.amazonaws.com",
            "dns_record_client_routing_policy": null,
            "drop_invalid_header_fields": false,
            "enable_cross_zone_load_balancing": true,
            "enable_deletion_protection": false,
            "enable_http2": true,
            "enable_prefix_for_ipv6_source_nat": "off",
            "enable_tls_version_and_cipher_suite_headers": false,
            "enable_waf_fail_open": false,
            "enable_xff_client_port": false,
            "enable_zonal_shift": false,
            "enforce_security_group_inbound_rules_on_private_link_traffic": "",
            "health_check_logs": [
              {
                "bucket": "",
                "enabled": false,
                "prefix": ""
              }
            ],
            "id": "arn:aws:elasticloadbalancing:us-east-1:091869721157:loadbalancer/app/blacktickets-dev-public-alb/f1054844ac8f9d95",
            "idle_timeout": 60,
            "internal": false,
            "ip_address_type": "ipv4",
            "ipam_pools": [],
            "load_balancer_type": "application",
            "minimum_load_balancer_capacity": [],
            "name": "blacktickets-dev-public-alb",
            "name_prefix": "",
            "preserve_host_header": false,
            "region": "us-east-1",
            "secondary_ips_auto_assigned_per_subnet": null,
            "security_groups": [
              "sg-0825596952b78fc5b"
            ],
            "subnet_mapping": [
              {
                "allocation_id": "",
                "ipv6_address": "",
                "outpost_id": "",
                "private_ipv4_address": "",
                "subnet_id": "subnet-07ee3e7f89d27ea31"
              },
              {
                "allocation_id": "",
                "ipv6_address": "",
                "outpost_id": "",
                "private_ipv4_address": "",
                "subnet_id": "subnet-08ad07e63fe464e4c"
              }
            ],
            "subnets": [
              "subnet-07ee3e7f89d27ea31",
              "subnet-08ad07e63fe464e4c"
            ],
            "tags": {
              "Environment": "dev",
              "ManagedBy": "terraform",
              "Name": "blacktickets-dev-public-alb",
              "Project": "blacktickets"
            },
            "tags_all": {
              "Environment": "dev",
              "ManagedBy": "terraform",
              "Name": "blacktickets-dev-public-alb",
              "Project": "blacktickets"
            },
            "timeouts": null,
            "vpc_id": "vpc-086a5e59000af6f38",
            "xff_header_processing_mode": "append",
            "zone_id": "Z35SXDOTRQ7X7K"
          },
          "sensitive_attributes": [],
          "identity_schema_version": 0,
          "identity": {
            "arn": "arn:aws:elasticloadbalancing:us-east-1:091869721157:loadbalancer/app/blacktickets-dev-public-alb/f1054844ac8f9d95"
          },
          "private": "eyJlMmJmYjczMC1lY2FhLTExZTYtOGY4OC0zNDM2M2JjN2M0YzAiOnsiY3JlYXRlIjo2MDAwMDAwMDAwMDAsImRlbGV0ZSI6NjAwMDAwMDAwMDAwLCJ1cGRhdGUiOjYwMDAwMDAwMDAwMH19",
          "dependencies": [
            "aws_security_group.alb",
            "aws_subnet.public",
            "aws_vpc.main",
            "data.aws_availability_zones.available"
          ]
        }
      ]
    },
    {
      "mode": "managed",
      "type": "aws_lb_listener",
      "name": "private_http",
      "provider": "provider[\"registry.terraform.io/hashicorp/aws\"]",
      "instances": [
        {
          "schema_version": 0,
          "attributes": {
            "alpn_policy": null,
            "arn": "arn:aws:elasticloadbalancing:us-east-1:091869721157:listener/app/blacktickets-dev-private-alb/0278e57cf3e82698/7d465398e41d7640",
            "certificate_arn": null,
            "default_action": [
              {
                "authenticate_cognito": [],
                "authenticate_oidc": [],
                "fixed_response": [
                  {
                    "content_type": "text/plain",
                    "message_body": "Not found",
                    "status_code": "404"
                  }
                ],
                "forward": [],
                "jwt_validation": [],
                "order": 1,
                "redirect": [],
                "target_group_arn": "",
                "type": "fixed-response"
              }
            ],
            "id": "arn:aws:elasticloadbalancing:us-east-1:091869721157:listener/app/blacktickets-dev-private-alb/0278e57cf3e82698/7d465398e41d7640",
            "load_balancer_arn": "arn:aws:elasticloadbalancing:us-east-1:091869721157:loadbalancer/app/blacktickets-dev-private-alb/0278e57cf3e82698",
            "mutual_authentication": [],
            "port": 80,
            "protocol": "HTTP",
            "region": "us-east-1",
            "routing_http_request_x_amzn_mtls_clientcert_header_name": null,
            "routing_http_request_x_amzn_mtls_clientcert_issuer_header_name": null,
            "routing_http_request_x_amzn_mtls_clientcert_leaf_header_name": null,
            "routing_http_request_x_amzn_mtls_clientcert_serial_number_header_name": null,
            "routing_http_request_x_amzn_mtls_clientcert_subject_header_name": null,
            "routing_http_request_x_amzn_mtls_clientcert_validity_header_name": null,
            "routing_http_request_x_amzn_tls_cipher_suite_header_name": null,
            "routing_http_request_x_amzn_tls_version_header_name": null,
            "routing_http_response_access_control_allow_credentials_header_value": "",
            "routing_http_response_access_control_allow_headers_header_value": "",
            "routing_http_response_access_control_allow_methods_header_value": "",
            "routing_http_response_access_control_allow_origin_header_value": "",
            "routing_http_response_access_control_expose_headers_header_value": "",
            "routing_http_response_access_control_max_age_header_value": "",
            "routing_http_response_content_security_policy_header_value": "",
            "routing_http_response_server_enabled": true,
            "routing_http_response_strict_transport_security_header_value": "",
            "routing_http_response_x_content_type_options_header_value": "",
            "routing_http_response_x_frame_options_header_value": "",
            "ssl_policy": "",
            "tags": {
              "Environment": "dev",
              "ManagedBy": "terraform",
              "Name": "blacktickets-dev-private-http-listener",
              "Project": "blacktickets"
            },
            "tags_all": {
              "Environment": "dev",
              "ManagedBy": "terraform",
              "Name": "blacktickets-dev-private-http-listener",
              "Project": "blacktickets"
            },
            "tcp_idle_timeout_seconds": null,
            "timeouts": null
          },
          "sensitive_attributes": [],
          "identity_schema_version": 0,
          "identity": {
            "arn": "arn:aws:elasticloadbalancing:us-east-1:091869721157:listener/app/blacktickets-dev-private-alb/0278e57cf3e82698/7d465398e41d7640"
          },
          "private": "eyJlMmJmYjczMC1lY2FhLTExZTYtOGY4OC0zNDM2M2JjN2M0YzAiOnsiY3JlYXRlIjozMDAwMDAwMDAwMDAsInVwZGF0ZSI6MzAwMDAwMDAwMDAwfX0=",
          "dependencies": [
            "aws_lb.private",
            "aws_security_group.private_alb",
            "aws_subnet.private_app",
            "aws_vpc.main",
            "data.aws_availability_zones.available"
          ]
        }
      ]
    },
    {
      "mode": "managed",
      "type": "aws_lb_listener",
      "name": "public_http",
      "provider": "provider[\"registry.terraform.io/hashicorp/aws\"]",
      "instances": [
        {
          "schema_version": 0,
          "attributes": {
            "alpn_policy": null,
            "arn": "arn:aws:elasticloadbalancing:us-east-1:091869721157:listener/app/blacktickets-dev-public-alb/f1054844ac8f9d95/f6114e13668ac7f3",
            "certificate_arn": null,
            "default_action": [
              {
                "authenticate_cognito": [],
                "authenticate_oidc": [],
                "fixed_response": [],
                "forward": [],
                "jwt_validation": [],
                "order": 1,
                "redirect": [],
                "target_group_arn": "arn:aws:elasticloadbalancing:us-east-1:091869721157:targetgroup/blacktickets-dev-frontend-tg/3572a6cfc703e480",
                "type": "forward"
              }
            ],
            "id": "arn:aws:elasticloadbalancing:us-east-1:091869721157:listener/app/blacktickets-dev-public-alb/f1054844ac8f9d95/f6114e13668ac7f3",
            "load_balancer_arn": "arn:aws:elasticloadbalancing:us-east-1:091869721157:loadbalancer/app/blacktickets-dev-public-alb/f1054844ac8f9d95",
            "mutual_authentication": [],
            "port": 80,
            "protocol": "HTTP",
            "region": "us-east-1",
            "routing_http_request_x_amzn_mtls_clientcert_header_name": null,
            "routing_http_request_x_amzn_mtls_clientcert_issuer_header_name": null,
            "routing_http_request_x_amzn_mtls_clientcert_leaf_header_name": null,
            "routing_http_request_x_amzn_mtls_clientcert_serial_number_header_name": null,
            "routing_http_request_x_amzn_mtls_clientcert_subject_header_name": null,
            "routing_http_request_x_amzn_mtls_clientcert_validity_header_name": null,
            "routing_http_request_x_amzn_tls_cipher_suite_header_name": null,
            "routing_http_request_x_amzn_tls_version_header_name": null,
            "routing_http_response_access_control_allow_credentials_header_value": "",
            "routing_http_response_access_control_allow_headers_header_value": "",
            "routing_http_response_access_control_allow_methods_header_value": "",
            "routing_http_response_access_control_allow_origin_header_value": "",
            "routing_http_response_access_control_expose_headers_header_value": "",
            "routing_http_response_access_control_max_age_header_value": "",
            "routing_http_response_content_security_policy_header_value": "",
            "routing_http_response_server_enabled": true,
            "routing_http_response_strict_transport_security_header_value": "",
            "routing_http_response_x_content_type_options_header_value": "",
            "routing_http_response_x_frame_options_header_value": "",
            "ssl_policy": "",
            "tags": {
              "Environment": "dev",
              "ManagedBy": "terraform",
              "Name": "blacktickets-dev-public-http-listener",
              "Project": "blacktickets"
            },
            "tags_all": {
              "Environment": "dev",
              "ManagedBy": "terraform",
              "Name": "blacktickets-dev-public-http-listener",
              "Project": "blacktickets"
            },
            "tcp_idle_timeout_seconds": null,
            "timeouts": null
          },
          "sensitive_attributes": [],
          "identity_schema_version": 0,
          "identity": {
            "arn": "arn:aws:elasticloadbalancing:us-east-1:091869721157:listener/app/blacktickets-dev-public-alb/f1054844ac8f9d95/f6114e13668ac7f3"
          },
          "private": "eyJlMmJmYjczMC1lY2FhLTExZTYtOGY4OC0zNDM2M2JjN2M0YzAiOnsiY3JlYXRlIjozMDAwMDAwMDAwMDAsInVwZGF0ZSI6MzAwMDAwMDAwMDAwfX0=",
          "dependencies": [
            "aws_lb.public",
            "aws_lb_target_group.frontend",
            "aws_security_group.alb",
            "aws_subnet.public",
            "aws_vpc.main",
            "data.aws_availability_zones.available"
          ]
        }
      ]
    },
    {
      "mode": "managed",
      "type": "aws_lb_listener_rule",
      "name": "auth",
      "provider": "provider[\"registry.terraform.io/hashicorp/aws\"]",
      "instances": [
        {
          "schema_version": 0,
          "attributes": {
            "action": [
              {
                "authenticate_cognito": [],
                "authenticate_oidc": [],
                "fixed_response": [],
                "forward": [],
                "jwt_validation": [],
                "order": 1,
                "redirect": [],
                "target_group_arn": "arn:aws:elasticloadbalancing:us-east-1:091869721157:targetgroup/blacktickets-dev-identity-tg/7068144c3634db54",
                "type": "forward"
              }
            ],
            "arn": "arn:aws:elasticloadbalancing:us-east-1:091869721157:listener-rule/app/blacktickets-dev-private-alb/0278e57cf3e82698/7d465398e41d7640/7e12d5e035159bcd",
            "condition": [
              {
                "host_header": [],
                "http_header": [],
                "http_request_method": [],
                "path_pattern": [
                  {
                    "regex_values": [],
                    "values": [
                      "/auth/*"
                    ]
                  }
                ],
                "query_string": [],
                "source_ip": []
              }
            ],
            "id": "arn:aws:elasticloadbalancing:us-east-1:091869721157:listener-rule/app/blacktickets-dev-private-alb/0278e57cf3e82698/7d465398e41d7640/7e12d5e035159bcd",
            "listener_arn": "arn:aws:elasticloadbalancing:us-east-1:091869721157:listener/app/blacktickets-dev-private-alb/0278e57cf3e82698/7d465398e41d7640",
            "priority": 10,
            "region": "us-east-1",
            "tags": {},
            "tags_all": {},
            "transform": []
          },
          "sensitive_attributes": [],
          "identity_schema_version": 0,
          "identity": {
            "arn": "arn:aws:elasticloadbalancing:us-east-1:091869721157:listener-rule/app/blacktickets-dev-private-alb/0278e57cf3e82698/7d465398e41d7640/7e12d5e035159bcd"
          },
          "private": "bnVsbA==",
          "dependencies": [
            "aws_lb.private",
            "aws_lb_listener.private_http",
            "aws_lb_target_group.identity",
            "aws_security_group.private_alb",
            "aws_subnet.private_app",
            "aws_vpc.main",
            "data.aws_availability_zones.available"
          ]
        }
      ]
    },
    {
      "mode": "managed",
      "type": "aws_lb_listener_rule",
      "name": "bookings",
      "provider": "provider[\"registry.terraform.io/hashicorp/aws\"]",
      "instances": [
        {
          "schema_version": 0,
          "attributes": {
            "action": [
              {
                "authenticate_cognito": [],
                "authenticate_oidc": [],
                "fixed_response": [],
                "forward": [],
                "jwt_validation": [],
                "order": 1,
                "redirect": [],
                "target_group_arn": "arn:aws:elasticloadbalancing:us-east-1:091869721157:targetgroup/blacktickets-dev-booking-tg/3185c7710cd3bed7",
                "type": "forward"
              }
            ],
            "arn": "arn:aws:elasticloadbalancing:us-east-1:091869721157:listener-rule/app/blacktickets-dev-private-alb/0278e57cf3e82698/7d465398e41d7640/1499c82bf4912772",
            "condition": [
              {
                "host_header": [],
                "http_header": [],
                "http_request_method": [],
                "path_pattern": [
                  {
                    "regex_values": [],
                    "values": [
                      "/bookings",
                      "/bookings/*"
                    ]
                  }
                ],
                "query_string": [],
                "source_ip": []
              }
            ],
            "id": "arn:aws:elasticloadbalancing:us-east-1:091869721157:listener-rule/app/blacktickets-dev-private-alb/0278e57cf3e82698/7d465398e41d7640/1499c82bf4912772",
            "listener_arn": "arn:aws:elasticloadbalancing:us-east-1:091869721157:listener/app/blacktickets-dev-private-alb/0278e57cf3e82698/7d465398e41d7640",
            "priority": 40,
            "region": "us-east-1",
            "tags": {},
            "tags_all": {},
            "transform": []
          },
          "sensitive_attributes": [],
          "identity_schema_version": 0,
          "identity": {
            "arn": "arn:aws:elasticloadbalancing:us-east-1:091869721157:listener-rule/app/blacktickets-dev-private-alb/0278e57cf3e82698/7d465398e41d7640/1499c82bf4912772"
          },
          "private": "bnVsbA==",
          "dependencies": [
            "aws_lb.private",
            "aws_lb_listener.private_http",
            "aws_lb_target_group.booking",
            "aws_security_group.private_alb",
            "aws_subnet.private_app",
            "aws_vpc.main",
            "data.aws_availability_zones.available"
          ]
        }
      ]
    },
    {
      "mode": "managed",
      "type": "aws_lb_listener_rule",
      "name": "chatbot",
      "provider": "provider[\"registry.terraform.io/hashicorp/aws\"]",
      "instances": [
        {
          "schema_version": 0,
          "attributes": {
            "action": [
              {
                "authenticate_cognito": [],
                "authenticate_oidc": [],
                "fixed_response": [],
                "forward": [],
                "jwt_validation": [],
                "order": 1,
                "redirect": [],
                "target_group_arn": "arn:aws:elasticloadbalancing:us-east-1:091869721157:targetgroup/blacktickets-dev-chatbot-tg/082778350a4f073a",
                "type": "forward"
              }
            ],
            "arn": "arn:aws:elasticloadbalancing:us-east-1:091869721157:listener-rule/app/blacktickets-dev-private-alb/0278e57cf3e82698/7d465398e41d7640/b96ac71fa0b1ee76",
            "condition": [
              {
                "host_header": [],
                "http_header": [],
                "http_request_method": [],
                "path_pattern": [
                  {
                    "regex_values": [],
                    "values": [
                      "/chatbot/*"
                    ]
                  }
                ],
                "query_string": [],
                "source_ip": []
              }
            ],
            "id": "arn:aws:elasticloadbalancing:us-east-1:091869721157:listener-rule/app/blacktickets-dev-private-alb/0278e57cf3e82698/7d465398e41d7640/b96ac71fa0b1ee76",
            "listener_arn": "arn:aws:elasticloadbalancing:us-east-1:091869721157:listener/app/blacktickets-dev-private-alb/0278e57cf3e82698/7d465398e41d7640",
            "priority": 50,
            "region": "us-east-1",
            "tags": {},
            "tags_all": {},
            "transform": []
          },
          "sensitive_attributes": [],
          "identity_schema_version": 0,
          "identity": {
            "arn": "arn:aws:elasticloadbalancing:us-east-1:091869721157:listener-rule/app/blacktickets-dev-private-alb/0278e57cf3e82698/7d465398e41d7640/b96ac71fa0b1ee76"
          },
          "private": "bnVsbA==",
          "dependencies": [
            "aws_lb.private",
            "aws_lb_listener.private_http",
            "aws_lb_target_group.chatbot",
            "aws_security_group.private_alb",
            "aws_subnet.private_app",
            "aws_vpc.main",
            "data.aws_availability_zones.available"
          ]
        }
      ]
    },
    {
      "mode": "managed",
      "type": "aws_lb_listener_rule",
      "name": "events",
      "provider": "provider[\"registry.terraform.io/hashicorp/aws\"]",
      "instances": [
        {
          "schema_version": 0,
          "attributes": {
            "action": [
              {
                "authenticate_cognito": [],
                "authenticate_oidc": [],
                "fixed_response": [],
                "forward": [],
                "jwt_validation": [],
                "order": 1,
                "redirect": [],
                "target_group_arn": "arn:aws:elasticloadbalancing:us-east-1:091869721157:targetgroup/blacktickets-dev-event-tg/057999f31ad0b20a",
                "type": "forward"
              }
            ],
            "arn": "arn:aws:elasticloadbalancing:us-east-1:091869721157:listener-rule/app/blacktickets-dev-private-alb/0278e57cf3e82698/7d465398e41d7640/a9ea0329c34d110e",
            "condition": [
              {
                "host_header": [],
                "http_header": [],
                "http_request_method": [],
                "path_pattern": [
                  {
                    "regex_values": [],
                    "values": [
                      "/events",
                      "/events/*"
                    ]
                  }
                ],
                "query_string": [],
                "source_ip": []
              }
            ],
            "id": "arn:aws:elasticloadbalancing:us-east-1:091869721157:listener-rule/app/blacktickets-dev-private-alb/0278e57cf3e82698/7d465398e41d7640/a9ea0329c34d110e",
            "listener_arn": "arn:aws:elasticloadbalancing:us-east-1:091869721157:listener/app/blacktickets-dev-private-alb/0278e57cf3e82698/7d465398e41d7640",
            "priority": 30,
            "region": "us-east-1",
            "tags": {},
            "tags_all": {},
            "transform": []
          },
          "sensitive_attributes": [],
          "identity_schema_version": 0,
          "identity": {
            "arn": "arn:aws:elasticloadbalancing:us-east-1:091869721157:listener-rule/app/blacktickets-dev-private-alb/0278e57cf3e82698/7d465398e41d7640/a9ea0329c34d110e"
          },
          "private": "bnVsbA==",
          "dependencies": [
            "aws_lb.private",
            "aws_lb_listener.private_http",
            "aws_lb_target_group.event",
            "aws_security_group.private_alb",
            "aws_subnet.private_app",
            "aws_vpc.main",
            "data.aws_availability_zones.available"
          ]
        }
      ]
    },
    {
      "mode": "managed",
      "type": "aws_lb_listener_rule",
      "name": "users",
      "provider": "provider[\"registry.terraform.io/hashicorp/aws\"]",
      "instances": [
        {
          "schema_version": 0,
          "attributes": {
            "action": [
              {
                "authenticate_cognito": [],
                "authenticate_oidc": [],
                "fixed_response": [],
                "forward": [],
                "jwt_validation": [],
                "order": 1,
                "redirect": [],
                "target_group_arn": "arn:aws:elasticloadbalancing:us-east-1:091869721157:targetgroup/blacktickets-dev-identity-tg/7068144c3634db54",
                "type": "forward"
              }
            ],
            "arn": "arn:aws:elasticloadbalancing:us-east-1:091869721157:listener-rule/app/blacktickets-dev-private-alb/0278e57cf3e82698/7d465398e41d7640/3c83f9f08f5d6862",
            "condition": [
              {
                "host_header": [],
                "http_header": [],
                "http_request_method": [],
                "path_pattern": [
                  {
                    "regex_values": [],
                    "values": [
                      "/users/*"
                    ]
                  }
                ],
                "query_string": [],
                "source_ip": []
              }
            ],
            "id": "arn:aws:elasticloadbalancing:us-east-1:091869721157:listener-rule/app/blacktickets-dev-private-alb/0278e57cf3e82698/7d465398e41d7640/3c83f9f08f5d6862",
            "listener_arn": "arn:aws:elasticloadbalancing:us-east-1:091869721157:listener/app/blacktickets-dev-private-alb/0278e57cf3e82698/7d465398e41d7640",
            "priority": 20,
            "region": "us-east-1",
            "tags": {},
            "tags_all": {},
            "transform": []
          },
          "sensitive_attributes": [],
          "identity_schema_version": 0,
          "identity": {
            "arn": "arn:aws:elasticloadbalancing:us-east-1:091869721157:listener-rule/app/blacktickets-dev-private-alb/0278e57cf3e82698/7d465398e41d7640/3c83f9f08f5d6862"
          },
          "private": "bnVsbA==",
          "dependencies": [
            "aws_lb.private",
            "aws_lb_listener.private_http",
            "aws_lb_target_group.identity",
            "aws_security_group.private_alb",
            "aws_subnet.private_app",
            "aws_vpc.main",
            "data.aws_availability_zones.available"
          ]
        }
      ]
    },
    {
      "mode": "managed",
      "type": "aws_lb_target_group",
      "name": "booking",
      "provider": "provider[\"registry.terraform.io/hashicorp/aws\"]",
      "instances": [
        {
          "schema_version": 0,
          "attributes": {
            "arn": "arn:aws:elasticloadbalancing:us-east-1:091869721157:targetgroup/blacktickets-dev-booking-tg/3185c7710cd3bed7",
            "arn_suffix": "targetgroup/blacktickets-dev-booking-tg/3185c7710cd3bed7",
            "connection_termination": null,
            "deregistration_delay": "300",
            "health_check": [
              {
                "enabled": true,
                "healthy_threshold": 2,
                "interval": 30,
                "matcher": "200-399",
                "path": "/health",
                "port": "traffic-port",
                "protocol": "HTTP",
                "timeout": 5,
                "unhealthy_threshold": 3
              }
            ],
            "id": "arn:aws:elasticloadbalancing:us-east-1:091869721157:targetgroup/blacktickets-dev-booking-tg/3185c7710cd3bed7",
            "ip_address_type": "ipv4",
            "lambda_multi_value_headers_enabled": false,
            "load_balancer_arns": [
              "arn:aws:elasticloadbalancing:us-east-1:091869721157:loadbalancer/app/blacktickets-dev-private-alb/0278e57cf3e82698"
            ],
            "load_balancing_algorithm_type": "round_robin",
            "load_balancing_anomaly_mitigation": "off",
            "load_balancing_cross_zone_enabled": "use_load_balancer_configuration",
            "name": "blacktickets-dev-booking-tg",
            "name_prefix": "",
            "port": 4003,
            "preserve_client_ip": null,
            "protocol": "HTTP",
            "protocol_version": "HTTP1",
            "proxy_protocol_v2": false,
            "region": "us-east-1",
            "slow_start": 0,
            "stickiness": [
              {
                "cookie_duration": 86400,
                "cookie_name": "",
                "enabled": false,
                "type": "lb_cookie"
              }
            ],
            "tags": {
              "Environment": "dev",
              "ManagedBy": "terraform",
              "Name": "blacktickets-dev-booking-tg",
              "Project": "blacktickets"
            },
            "tags_all": {
              "Environment": "dev",
              "ManagedBy": "terraform",
              "Name": "blacktickets-dev-booking-tg",
              "Project": "blacktickets"
            },
            "target_control_port": 0,
            "target_failover": [
              {
                "on_deregistration": null,
                "on_unhealthy": null
              }
            ],
            "target_group_health": [
              {
                "dns_failover": [
                  {
                    "minimum_healthy_targets_count": "1",
                    "minimum_healthy_targets_percentage": "off"
                  }
                ],
                "unhealthy_state_routing": [
                  {
                    "minimum_healthy_targets_count": 1,
                    "minimum_healthy_targets_percentage": "off"
                  }
                ]
              }
            ],
            "target_health_state": [
              {
                "enable_unhealthy_connection_termination": null,
                "unhealthy_draining_interval": null
              }
            ],
            "target_type": "instance",
            "vpc_id": "vpc-086a5e59000af6f38"
          },
          "sensitive_attributes": [],
          "identity_schema_version": 0,
          "identity": {
            "arn": "arn:aws:elasticloadbalancing:us-east-1:091869721157:targetgroup/blacktickets-dev-booking-tg/3185c7710cd3bed7"
          },
          "private": "bnVsbA==",
          "dependencies": [
            "aws_vpc.main"
          ]
        }
      ]
    },
    {
      "mode": "managed",
      "type": "aws_lb_target_group",
      "name": "chatbot",
      "provider": "provider[\"registry.terraform.io/hashicorp/aws\"]",
      "instances": [
        {
          "schema_version": 0,
          "attributes": {
            "arn": "arn:aws:elasticloadbalancing:us-east-1:091869721157:targetgroup/blacktickets-dev-chatbot-tg/082778350a4f073a",
            "arn_suffix": "targetgroup/blacktickets-dev-chatbot-tg/082778350a4f073a",
            "connection_termination": null,
            "deregistration_delay": "300",
            "health_check": [
              {
                "enabled": true,
                "healthy_threshold": 2,
                "interval": 30,
                "matcher": "200-399",
                "path": "/health",
                "port": "traffic-port",
                "protocol": "HTTP",
                "timeout": 5,
                "unhealthy_threshold": 3
              }
            ],
            "id": "arn:aws:elasticloadbalancing:us-east-1:091869721157:targetgroup/blacktickets-dev-chatbot-tg/082778350a4f073a",
            "ip_address_type": "ipv4",
            "lambda_multi_value_headers_enabled": false,
            "load_balancer_arns": [
              "arn:aws:elasticloadbalancing:us-east-1:091869721157:loadbalancer/app/blacktickets-dev-private-alb/0278e57cf3e82698"
            ],
            "load_balancing_algorithm_type": "round_robin",
            "load_balancing_anomaly_mitigation": "off",
            "load_balancing_cross_zone_enabled": "use_load_balancer_configuration",
            "name": "blacktickets-dev-chatbot-tg",
            "name_prefix": "",
            "port": 4004,
            "preserve_client_ip": null,
            "protocol": "HTTP",
            "protocol_version": "HTTP1",
            "proxy_protocol_v2": false,
            "region": "us-east-1",
            "slow_start": 0,
            "stickiness": [
              {
                "cookie_duration": 86400,
                "cookie_name": "",
                "enabled": false,
                "type": "lb_cookie"
              }
            ],
            "tags": {
              "Environment": "dev",
              "ManagedBy": "terraform",
              "Name": "blacktickets-dev-chatbot-tg",
              "Project": "blacktickets"
            },
            "tags_all": {
              "Environment": "dev",
              "ManagedBy": "terraform",
              "Name": "blacktickets-dev-chatbot-tg",
              "Project": "blacktickets"
            },
            "target_control_port": 0,
            "target_failover": [
              {
                "on_deregistration": null,
                "on_unhealthy": null
              }
            ],
            "target_group_health": [
              {
                "dns_failover": [
                  {
                    "minimum_healthy_targets_count": "1",
                    "minimum_healthy_targets_percentage": "off"
                  }
                ],
                "unhealthy_state_routing": [
                  {
                    "minimum_healthy_targets_count": 1,
                    "minimum_healthy_targets_percentage": "off"
                  }
                ]
              }
            ],
            "target_health_state": [
              {
                "enable_unhealthy_connection_termination": null,
                "unhealthy_draining_interval": null
              }
            ],
            "target_type": "instance",
            "vpc_id": "vpc-086a5e59000af6f38"
          },
          "sensitive_attributes": [],
          "identity_schema_version": 0,
          "identity": {
            "arn": "arn:aws:elasticloadbalancing:us-east-1:091869721157:targetgroup/blacktickets-dev-chatbot-tg/082778350a4f073a"
          },
          "private": "bnVsbA==",
          "dependencies": [
            "aws_vpc.main"
          ]
        }
      ]
    },
    {
      "mode": "managed",
      "type": "aws_lb_target_group",
      "name": "event",
      "provider": "provider[\"registry.terraform.io/hashicorp/aws\"]",
      "instances": [
        {
          "schema_version": 0,
          "attributes": {
            "arn": "arn:aws:elasticloadbalancing:us-east-1:091869721157:targetgroup/blacktickets-dev-event-tg/057999f31ad0b20a",
            "arn_suffix": "targetgroup/blacktickets-dev-event-tg/057999f31ad0b20a",
            "connection_termination": null,
            "deregistration_delay": "300",
            "health_check": [
              {
                "enabled": true,
                "healthy_threshold": 2,
                "interval": 30,
                "matcher": "200-399",
                "path": "/health",
                "port": "traffic-port",
                "protocol": "HTTP",
                "timeout": 5,
                "unhealthy_threshold": 3
              }
            ],
            "id": "arn:aws:elasticloadbalancing:us-east-1:091869721157:targetgroup/blacktickets-dev-event-tg/057999f31ad0b20a",
            "ip_address_type": "ipv4",
            "lambda_multi_value_headers_enabled": false,
            "load_balancer_arns": [
              "arn:aws:elasticloadbalancing:us-east-1:091869721157:loadbalancer/app/blacktickets-dev-private-alb/0278e57cf3e82698"
            ],
            "load_balancing_algorithm_type": "round_robin",
            "load_balancing_anomaly_mitigation": "off",
            "load_balancing_cross_zone_enabled": "use_load_balancer_configuration",
            "name": "blacktickets-dev-event-tg",
            "name_prefix": "",
            "port": 4002,
            "preserve_client_ip": null,
            "protocol": "HTTP",
            "protocol_version": "HTTP1",
            "proxy_protocol_v2": false,
            "region": "us-east-1",
            "slow_start": 0,
            "stickiness": [
              {
                "cookie_duration": 86400,
                "cookie_name": "",
                "enabled": false,
                "type": "lb_cookie"
              }
            ],
            "tags": {
              "Environment": "dev",
              "ManagedBy": "terraform",
              "Name": "blacktickets-dev-event-tg",
              "Project": "blacktickets"
            },
            "tags_all": {
              "Environment": "dev",
              "ManagedBy": "terraform",
              "Name": "blacktickets-dev-event-tg",
              "Project": "blacktickets"
            },
            "target_control_port": 0,
            "target_failover": [
              {
                "on_deregistration": null,
                "on_unhealthy": null
              }
            ],
            "target_group_health": [
              {
                "dns_failover": [
                  {
                    "minimum_healthy_targets_count": "1",
                    "minimum_healthy_targets_percentage": "off"
                  }
                ],
                "unhealthy_state_routing": [
                  {
                    "minimum_healthy_targets_count": 1,
                    "minimum_healthy_targets_percentage": "off"
                  }
                ]
              }
            ],
            "target_health_state": [
              {
                "enable_unhealthy_connection_termination": null,
                "unhealthy_draining_interval": null
              }
            ],
            "target_type": "instance",
            "vpc_id": "vpc-086a5e59000af6f38"
          },
          "sensitive_attributes": [],
          "identity_schema_version": 0,
          "identity": {
            "arn": "arn:aws:elasticloadbalancing:us-east-1:091869721157:targetgroup/blacktickets-dev-event-tg/057999f31ad0b20a"
          },
          "private": "bnVsbA==",
          "dependencies": [
            "aws_vpc.main"
          ]
        }
      ]
    },
    {
      "mode": "managed",
      "type": "aws_lb_target_group",
      "name": "frontend",
      "provider": "provider[\"registry.terraform.io/hashicorp/aws\"]",
      "instances": [
        {
          "schema_version": 0,
          "attributes": {
            "arn": "arn:aws:elasticloadbalancing:us-east-1:091869721157:targetgroup/blacktickets-dev-frontend-tg/3572a6cfc703e480",
            "arn_suffix": "targetgroup/blacktickets-dev-frontend-tg/3572a6cfc703e480",
            "connection_termination": null,
            "deregistration_delay": "300",
            "health_check": [
              {
                "enabled": true,
                "healthy_threshold": 2,
                "interval": 30,
                "matcher": "200-399",
                "path": "/",
                "port": "traffic-port",
                "protocol": "HTTP",
                "timeout": 5,
                "unhealthy_threshold": 3
              }
            ],
            "id": "arn:aws:elasticloadbalancing:us-east-1:091869721157:targetgroup/blacktickets-dev-frontend-tg/3572a6cfc703e480",
            "ip_address_type": "ipv4",
            "lambda_multi_value_headers_enabled": false,
            "load_balancer_arns": [
              "arn:aws:elasticloadbalancing:us-east-1:091869721157:loadbalancer/app/blacktickets-dev-public-alb/f1054844ac8f9d95"
            ],
            "load_balancing_algorithm_type": "round_robin",
            "load_balancing_anomaly_mitigation": "off",
            "load_balancing_cross_zone_enabled": "use_load_balancer_configuration",
            "name": "blacktickets-dev-frontend-tg",
            "name_prefix": "",
            "port": 80,
            "preserve_client_ip": null,
            "protocol": "HTTP",
            "protocol_version": "HTTP1",
            "proxy_protocol_v2": false,
            "region": "us-east-1",
            "slow_start": 0,
            "stickiness": [
              {
                "cookie_duration": 86400,
                "cookie_name": "",
                "enabled": false,
                "type": "lb_cookie"
              }
            ],
            "tags": {
              "Environment": "dev",
              "ManagedBy": "terraform",
              "Name": "blacktickets-dev-frontend-tg",
              "Project": "blacktickets"
            },
            "tags_all": {
              "Environment": "dev",
              "ManagedBy": "terraform",
              "Name": "blacktickets-dev-frontend-tg",
              "Project": "blacktickets"
            },
            "target_control_port": 0,
            "target_failover": [
              {
                "on_deregistration": null,
                "on_unhealthy": null
              }
            ],
            "target_group_health": [
              {
                "dns_failover": [
                  {
                    "minimum_healthy_targets_count": "1",
                    "minimum_healthy_targets_percentage": "off"
                  }
                ],
                "unhealthy_state_routing": [
                  {
                    "minimum_healthy_targets_count": 1,
                    "minimum_healthy_targets_percentage": "off"
                  }
                ]
              }
            ],
            "target_health_state": [
              {
                "enable_unhealthy_connection_termination": null,
                "unhealthy_draining_interval": null
              }
            ],
            "target_type": "instance",
            "vpc_id": "vpc-086a5e59000af6f38"
          },
          "sensitive_attributes": [],
          "identity_schema_version": 0,
          "identity": {
            "arn": "arn:aws:elasticloadbalancing:us-east-1:091869721157:targetgroup/blacktickets-dev-frontend-tg/3572a6cfc703e480"
          },
          "private": "bnVsbA==",
          "dependencies": [
            "aws_vpc.main"
          ]
        }
      ]
    },
    {
      "mode": "managed",
      "type": "aws_lb_target_group",
      "name": "identity",
      "provider": "provider[\"registry.terraform.io/hashicorp/aws\"]",
      "instances": [
        {
          "schema_version": 0,
          "attributes": {
            "arn": "arn:aws:elasticloadbalancing:us-east-1:091869721157:targetgroup/blacktickets-dev-identity-tg/7068144c3634db54",
            "arn_suffix": "targetgroup/blacktickets-dev-identity-tg/7068144c3634db54",
            "connection_termination": null,
            "deregistration_delay": "300",
            "health_check": [
              {
                "enabled": true,
                "healthy_threshold": 2,
                "interval": 30,
                "matcher": "200-399",
                "path": "/health",
                "port": "traffic-port",
                "protocol": "HTTP",
                "timeout": 5,
                "unhealthy_threshold": 3
              }
            ],
            "id": "arn:aws:elasticloadbalancing:us-east-1:091869721157:targetgroup/blacktickets-dev-identity-tg/7068144c3634db54",
            "ip_address_type": "ipv4",
            "lambda_multi_value_headers_enabled": false,
            "load_balancer_arns": [
              "arn:aws:elasticloadbalancing:us-east-1:091869721157:loadbalancer/app/blacktickets-dev-private-alb/0278e57cf3e82698"
            ],
            "load_balancing_algorithm_type": "round_robin",
            "load_balancing_anomaly_mitigation": "off",
            "load_balancing_cross_zone_enabled": "use_load_balancer_configuration",
            "name": "blacktickets-dev-identity-tg",
            "name_prefix": "",
            "port": 4001,
            "preserve_client_ip": null,
            "protocol": "HTTP",
            "protocol_version": "HTTP1",
            "proxy_protocol_v2": false,
            "region": "us-east-1",
            "slow_start": 0,
            "stickiness": [
              {
                "cookie_duration": 86400,
                "cookie_name": "",
                "enabled": false,
                "type": "lb_cookie"
              }
            ],
            "tags": {
              "Environment": "dev",
              "ManagedBy": "terraform",
              "Name": "blacktickets-dev-identity-tg",
              "Project": "blacktickets"
            },
            "tags_all": {
              "Environment": "dev",
              "ManagedBy": "terraform",
              "Name": "blacktickets-dev-identity-tg",
              "Project": "blacktickets"
            },
            "target_control_port": 0,
            "target_failover": [
              {
                "on_deregistration": null,
                "on_unhealthy": null
              }
            ],
            "target_group_health": [
              {
                "dns_failover": [
                  {
                    "minimum_healthy_targets_count": "1",
                    "minimum_healthy_targets_percentage": "off"
                  }
                ],
                "unhealthy_state_routing": [
                  {
                    "minimum_healthy_targets_count": 1,
                    "minimum_healthy_targets_percentage": "off"
                  }
                ]
              }
            ],
            "target_health_state": [
              {
                "enable_unhealthy_connection_termination": null,
                "unhealthy_draining_interval": null
              }
            ],
            "target_type": "instance",
            "vpc_id": "vpc-086a5e59000af6f38"
          },
          "sensitive_attributes": [],
          "identity_schema_version": 0,
          "identity": {
            "arn": "arn:aws:elasticloadbalancing:us-east-1:091869721157:targetgroup/blacktickets-dev-identity-tg/7068144c3634db54"
          },
          "private": "bnVsbA==",
          "dependencies": [
            "aws_vpc.main"
          ]
        }
      ]
    },
    {
      "mode": "managed",
      "type": "aws_nat_gateway",
      "name": "main",
      "provider": "provider[\"registry.terraform.io/hashicorp/aws\"]",
      "instances": [
        {
          "schema_version": 0,
          "attributes": {
            "allocation_id": "eipalloc-074bcdffd82009db8",
            "association_id": "eipassoc-0a2c85504636bff38",
            "auto_provision_zones": null,
            "auto_scaling_ips": null,
            "availability_mode": "zonal",
            "availability_zone_address": [],
            "connectivity_type": "public",
            "id": "nat-02a6664e5ac1203ad",
            "network_interface_id": "eni-0a19b98f85da6182f",
            "private_ip": "10.0.1.41",
            "public_ip": "184.73.255.90",
            "region": "us-east-1",
            "regional_nat_gateway_address": [],
            "regional_nat_gateway_auto_mode": null,
            "route_table_id": null,
            "secondary_allocation_ids": [],
            "secondary_private_ip_address_count": 0,
            "secondary_private_ip_addresses": [],
            "subnet_id": "subnet-07ee3e7f89d27ea31",
            "tags": {
              "Environment": "dev",
              "ManagedBy": "terraform",
              "Name": "blacktickets-dev-nat-gateway",
              "Project": "blacktickets"
            },
            "tags_all": {
              "Environment": "dev",
              "ManagedBy": "terraform",
              "Name": "blacktickets-dev-nat-gateway",
              "Project": "blacktickets"
            },
            "timeouts": null,
            "vpc_id": "vpc-086a5e59000af6f38"
          },
          "sensitive_attributes": [],
          "identity_schema_version": 0,
          "identity": {
            "account_id": "091869721157",
            "id": "nat-02a6664e5ac1203ad",
            "region": "us-east-1"
          },
          "private": "eyJlMmJmYjczMC1lY2FhLTExZTYtOGY4OC0zNDM2M2JjN2M0YzAiOnsiY3JlYXRlIjo2MDAwMDAwMDAwMDAsImRlbGV0ZSI6MTgwMDAwMDAwMDAwMCwidXBkYXRlIjo2MDAwMDAwMDAwMDB9fQ==",
          "dependencies": [
            "aws_eip.nat",
            "aws_internet_gateway.main",
            "aws_subnet.public",
            "aws_vpc.main",
            "data.aws_availability_zones.available"
          ]
        }
      ]
    },
    {
      "mode": "managed",
      "type": "aws_route",
      "name": "private_app_default_to_nat",
      "provider": "provider[\"registry.terraform.io/hashicorp/aws\"]",
      "instances": [
        {
          "index_key": 0,
          "schema_version": 0,
          "attributes": {
            "carrier_gateway_id": "",
            "core_network_arn": "",
            "destination_cidr_block": "0.0.0.0/0",
            "destination_ipv6_cidr_block": "",
            "destination_prefix_list_id": "",
            "egress_only_gateway_id": "",
            "gateway_id": "",
            "id": "r-rtb-00a33ee741c0f4b261080289494",
            "instance_id": "",
            "instance_owner_id": "",
            "local_gateway_id": "",
            "nat_gateway_id": "nat-02a6664e5ac1203ad",
            "network_interface_id": "",
            "odb_network_arn": "",
            "origin": "CreateRoute",
            "region": "us-east-1",
            "route_table_id": "rtb-00a33ee741c0f4b26",
            "state": "active",
            "timeouts": null,
            "transit_gateway_id": "",
            "vpc_endpoint_id": "",
            "vpc_peering_connection_id": ""
          },
          "sensitive_attributes": [],
          "identity_schema_version": 0,
          "identity": {
            "account_id": "091869721157",
            "destination_cidr_block": "0.0.0.0/0",
            "destination_ipv6_cidr_block": null,
            "destination_prefix_list_id": null,
            "region": "us-east-1",
            "route_table_id": "rtb-00a33ee741c0f4b26"
          },
          "private": "eyJlMmJmYjczMC1lY2FhLTExZTYtOGY4OC0zNDM2M2JjN2M0YzAiOnsiY3JlYXRlIjozMDAwMDAwMDAwMDAsImRlbGV0ZSI6MzAwMDAwMDAwMDAwLCJ1cGRhdGUiOjEyMDAwMDAwMDAwMH19",
          "dependencies": [
            "aws_eip.nat",
            "aws_internet_gateway.main",
            "aws_nat_gateway.main",
            "aws_route_table.private_app",
            "aws_subnet.private_app",
            "aws_subnet.public",
            "aws_vpc.main",
            "data.aws_availability_zones.available"
          ]
        },
        {
          "index_key": 1,
          "schema_version": 0,
          "attributes": {
            "carrier_gateway_id": "",
            "core_network_arn": "",
            "destination_cidr_block": "0.0.0.0/0",
            "destination_ipv6_cidr_block": "",
            "destination_prefix_list_id": "",
            "egress_only_gateway_id": "",
            "gateway_id": "",
            "id": "r-rtb-0d8ed62600f4afa161080289494",
            "instance_id": "",
            "instance_owner_id": "",
            "local_gateway_id": "",
            "nat_gateway_id": "nat-02a6664e5ac1203ad",
            "network_interface_id": "",
            "odb_network_arn": "",
            "origin": "CreateRoute",
            "region": "us-east-1",
            "route_table_id": "rtb-0d8ed62600f4afa16",
            "state": "active",
            "timeouts": null,
            "transit_gateway_id": "",
            "vpc_endpoint_id": "",
            "vpc_peering_connection_id": ""
          },
          "sensitive_attributes": [],
          "identity_schema_version": 0,
          "identity": {
            "account_id": "091869721157",
            "destination_cidr_block": "0.0.0.0/0",
            "destination_ipv6_cidr_block": null,
            "destination_prefix_list_id": null,
            "region": "us-east-1",
            "route_table_id": "rtb-0d8ed62600f4afa16"
          },
          "private": "eyJlMmJmYjczMC1lY2FhLTExZTYtOGY4OC0zNDM2M2JjN2M0YzAiOnsiY3JlYXRlIjozMDAwMDAwMDAwMDAsImRlbGV0ZSI6MzAwMDAwMDAwMDAwLCJ1cGRhdGUiOjEyMDAwMDAwMDAwMH19",
          "dependencies": [
            "aws_eip.nat",
            "aws_internet_gateway.main",
            "aws_nat_gateway.main",
            "aws_route_table.private_app",
            "aws_subnet.private_app",
            "aws_subnet.public",
            "aws_vpc.main",
            "data.aws_availability_zones.available"
          ]
        }
      ]
    },
    {
      "mode": "managed",
      "type": "aws_route_table",
      "name": "private_app",
      "provider": "provider[\"registry.terraform.io/hashicorp/aws\"]",
      "instances": [
        {
          "index_key": 0,
          "schema_version": 0,
          "attributes": {
            "arn": "arn:aws:ec2:us-east-1:091869721157:route-table/rtb-00a33ee741c0f4b26",
            "id": "rtb-00a33ee741c0f4b26",
            "owner_id": "091869721157",
            "propagating_vgws": [],
            "region": "us-east-1",
            "route": [
              {
                "carrier_gateway_id": "",
                "cidr_block": "0.0.0.0/0",
                "core_network_arn": "",
                "destination_prefix_list_id": "",
                "egress_only_gateway_id": "",
                "gateway_id": "",
                "ipv6_cidr_block": "",
                "local_gateway_id": "",
                "nat_gateway_id": "nat-02a6664e5ac1203ad",
                "network_interface_id": "",
                "odb_network_arn": "",
                "transit_gateway_id": "",
                "vpc_endpoint_id": "",
                "vpc_peering_connection_id": ""
              }
            ],
            "tags": {
              "Environment": "dev",
              "ManagedBy": "terraform",
              "Name": "blacktickets-dev-private-app-rt-1",
              "Project": "blacktickets"
            },
            "tags_all": {
              "Environment": "dev",
              "ManagedBy": "terraform",
              "Name": "blacktickets-dev-private-app-rt-1",
              "Project": "blacktickets"
            },
            "timeouts": null,
            "vpc_id": "vpc-086a5e59000af6f38"
          },
          "sensitive_attributes": [],
          "identity_schema_version": 0,
          "identity": {
            "account_id": "091869721157",
            "id": "rtb-00a33ee741c0f4b26",
            "region": "us-east-1"
          },
          "private": "eyJlMmJmYjczMC1lY2FhLTExZTYtOGY4OC0zNDM2M2JjN2M0YzAiOnsiY3JlYXRlIjozMDAwMDAwMDAwMDAsImRlbGV0ZSI6MzAwMDAwMDAwMDAwLCJ1cGRhdGUiOjEyMDAwMDAwMDAwMH19",
          "dependencies": [
            "aws_subnet.private_app",
            "aws_vpc.main",
            "data.aws_availability_zones.available"
          ]
        },
        {
          "index_key": 1,
          "schema_version": 0,
          "attributes": {
            "arn": "arn:aws:ec2:us-east-1:091869721157:route-table/rtb-0d8ed62600f4afa16",
            "id": "rtb-0d8ed62600f4afa16",
            "owner_id": "091869721157",
            "propagating_vgws": [],
            "region": "us-east-1",
            "route": [
              {
                "carrier_gateway_id": "",
                "cidr_block": "0.0.0.0/0",
                "core_network_arn": "",
                "destination_prefix_list_id": "",
                "egress_only_gateway_id": "",
                "gateway_id": "",
                "ipv6_cidr_block": "",
                "local_gateway_id": "",
                "nat_gateway_id": "nat-02a6664e5ac1203ad",
                "network_interface_id": "",
                "odb_network_arn": "",
                "transit_gateway_id": "",
                "vpc_endpoint_id": "",
                "vpc_peering_connection_id": ""
              }
            ],
            "tags": {
              "Environment": "dev",
              "ManagedBy": "terraform",
              "Name": "blacktickets-dev-private-app-rt-2",
              "Project": "blacktickets"
            },
            "tags_all": {
              "Environment": "dev",
              "ManagedBy": "terraform",
              "Name": "blacktickets-dev-private-app-rt-2",
              "Project": "blacktickets"
            },
            "timeouts": null,
            "vpc_id": "vpc-086a5e59000af6f38"
          },
          "sensitive_attributes": [],
          "identity_schema_version": 0,
          "identity": {
            "account_id": "091869721157",
            "id": "rtb-0d8ed62600f4afa16",
            "region": "us-east-1"
          },
          "private": "eyJlMmJmYjczMC1lY2FhLTExZTYtOGY4OC0zNDM2M2JjN2M0YzAiOnsiY3JlYXRlIjozMDAwMDAwMDAwMDAsImRlbGV0ZSI6MzAwMDAwMDAwMDAwLCJ1cGRhdGUiOjEyMDAwMDAwMDAwMH19",
          "dependencies": [
            "aws_subnet.private_app",
            "aws_vpc.main",
            "data.aws_availability_zones.available"
          ]
        }
      ]
    },
    {
      "mode": "managed",
      "type": "aws_route_table",
      "name": "private_db",
      "provider": "provider[\"registry.terraform.io/hashicorp/aws\"]",
      "instances": [
        {
          "index_key": 0,
          "schema_version": 0,
          "attributes": {
            "arn": "arn:aws:ec2:us-east-1:091869721157:route-table/rtb-04ddcc20f033ba100",
            "id": "rtb-04ddcc20f033ba100",
            "owner_id": "091869721157",
            "propagating_vgws": [],
            "region": "us-east-1",
            "route": [],
            "tags": {
              "Environment": "dev",
              "ManagedBy": "terraform",
              "Name": "blacktickets-dev-private-db-rt-1",
              "Project": "blacktickets"
            },
            "tags_all": {
              "Environment": "dev",
              "ManagedBy": "terraform",
              "Name": "blacktickets-dev-private-db-rt-1",
              "Project": "blacktickets"
            },
            "timeouts": null,
            "vpc_id": "vpc-086a5e59000af6f38"
          },
          "sensitive_attributes": [],
          "identity_schema_version": 0,
          "identity": {
            "account_id": "091869721157",
            "id": "rtb-04ddcc20f033ba100",
            "region": "us-east-1"
          },
          "private": "eyJlMmJmYjczMC1lY2FhLTExZTYtOGY4OC0zNDM2M2JjN2M0YzAiOnsiY3JlYXRlIjozMDAwMDAwMDAwMDAsImRlbGV0ZSI6MzAwMDAwMDAwMDAwLCJ1cGRhdGUiOjEyMDAwMDAwMDAwMH19",
          "dependencies": [
            "aws_subnet.private_db",
            "aws_vpc.main",
            "data.aws_availability_zones.available"
          ]
        },
        {
          "index_key": 1,
          "schema_version": 0,
          "attributes": {
            "arn": "arn:aws:ec2:us-east-1:091869721157:route-table/rtb-0c35ea7e0ca77f9e0",
            "id": "rtb-0c35ea7e0ca77f9e0",
            "owner_id": "091869721157",
            "propagating_vgws": [],
            "region": "us-east-1",
            "route": [],
            "tags": {
              "Environment": "dev",
              "ManagedBy": "terraform",
              "Name": "blacktickets-dev-private-db-rt-2",
              "Project": "blacktickets"
            },
            "tags_all": {
              "Environment": "dev",
              "ManagedBy": "terraform",
              "Name": "blacktickets-dev-private-db-rt-2",
              "Project": "blacktickets"
            },
            "timeouts": null,
            "vpc_id": "vpc-086a5e59000af6f38"
          },
          "sensitive_attributes": [],
          "identity_schema_version": 0,
          "identity": {
            "account_id": "091869721157",
            "id": "rtb-0c35ea7e0ca77f9e0",
            "region": "us-east-1"
          },
          "private": "eyJlMmJmYjczMC1lY2FhLTExZTYtOGY4OC0zNDM2M2JjN2M0YzAiOnsiY3JlYXRlIjozMDAwMDAwMDAwMDAsImRlbGV0ZSI6MzAwMDAwMDAwMDAwLCJ1cGRhdGUiOjEyMDAwMDAwMDAwMH19",
          "dependencies": [
            "aws_subnet.private_db",
            "aws_vpc.main",
            "data.aws_availability_zones.available"
          ]
        }
      ]
    },
    {
      "mode": "managed",
      "type": "aws_route_table",
      "name": "public",
      "provider": "provider[\"registry.terraform.io/hashicorp/aws\"]",
      "instances": [
        {
          "schema_version": 0,
          "attributes": {
            "arn": "arn:aws:ec2:us-east-1:091869721157:route-table/rtb-02c646f3747304d31",
            "id": "rtb-02c646f3747304d31",
            "owner_id": "091869721157",
            "propagating_vgws": [],
            "region": "us-east-1",
            "route": [
              {
                "carrier_gateway_id": "",
                "cidr_block": "0.0.0.0/0",
                "core_network_arn": "",
                "destination_prefix_list_id": "",
                "egress_only_gateway_id": "",
                "gateway_id": "igw-02e66748acf802549",
                "ipv6_cidr_block": "",
                "local_gateway_id": "",
                "nat_gateway_id": "",
                "network_interface_id": "",
                "odb_network_arn": "",
                "transit_gateway_id": "",
                "vpc_endpoint_id": "",
                "vpc_peering_connection_id": ""
              }
            ],
            "tags": {
              "Environment": "dev",
              "ManagedBy": "terraform",
              "Name": "blacktickets-dev-public-rt",
              "Project": "blacktickets"
            },
            "tags_all": {
              "Environment": "dev",
              "ManagedBy": "terraform",
              "Name": "blacktickets-dev-public-rt",
              "Project": "blacktickets"
            },
            "timeouts": null,
            "vpc_id": "vpc-086a5e59000af6f38"
          },
          "sensitive_attributes": [],
          "identity_schema_version": 0,
          "identity": {
            "account_id": "091869721157",
            "id": "rtb-02c646f3747304d31",
            "region": "us-east-1"
          },
          "private": "eyJlMmJmYjczMC1lY2FhLTExZTYtOGY4OC0zNDM2M2JjN2M0YzAiOnsiY3JlYXRlIjozMDAwMDAwMDAwMDAsImRlbGV0ZSI6MzAwMDAwMDAwMDAwLCJ1cGRhdGUiOjEyMDAwMDAwMDAwMH19",
          "dependencies": [
            "aws_internet_gateway.main",
            "aws_vpc.main"
          ]
        }
      ]
    },
    {
      "mode": "managed",
      "type": "aws_route_table_association",
      "name": "private_app",
      "provider": "provider[\"registry.terraform.io/hashicorp/aws\"]",
      "instances": [
        {
          "index_key": 0,
          "schema_version": 0,
          "attributes": {
            "gateway_id": "",
            "id": "rtbassoc-002709c65db4a608c",
            "region": "us-east-1",
            "route_table_id": "rtb-00a33ee741c0f4b26",
            "subnet_id": "subnet-0c1abec4a36d722dc",
            "timeouts": null
          },
          "sensitive_attributes": [],
          "identity_schema_version": 0,
          "identity": {
            "account_id": "091869721157",
            "id": "rtbassoc-002709c65db4a608c",
            "region": "us-east-1"
          },
          "private": "eyJlMmJmYjczMC1lY2FhLTExZTYtOGY4OC0zNDM2M2JjN2M0YzAiOnsiY3JlYXRlIjozMDAwMDAwMDAwMDAsImRlbGV0ZSI6MzAwMDAwMDAwMDAwLCJ1cGRhdGUiOjEyMDAwMDAwMDAwMH19",
          "dependencies": [
            "aws_route_table.private_app",
            "aws_subnet.private_app",
            "aws_vpc.main",
            "data.aws_availability_zones.available"
          ]
        },
        {
          "index_key": 1,
          "schema_version": 0,
          "attributes": {
            "gateway_id": "",
            "id": "rtbassoc-02589cd540c41c06b",
            "region": "us-east-1",
            "route_table_id": "rtb-0d8ed62600f4afa16",
            "subnet_id": "subnet-06d4d03d4b66828ec",
            "timeouts": null
          },
          "sensitive_attributes": [],
          "identity_schema_version": 0,
          "identity": {
            "account_id": "091869721157",
            "id": "rtbassoc-02589cd540c41c06b",
            "region": "us-east-1"
          },
          "private": "eyJlMmJmYjczMC1lY2FhLTExZTYtOGY4OC0zNDM2M2JjN2M0YzAiOnsiY3JlYXRlIjozMDAwMDAwMDAwMDAsImRlbGV0ZSI6MzAwMDAwMDAwMDAwLCJ1cGRhdGUiOjEyMDAwMDAwMDAwMH19",
          "dependencies": [
            "aws_route_table.private_app",
            "aws_subnet.private_app",
            "aws_vpc.main",
            "data.aws_availability_zones.available"
          ]
        }
      ]
    },
    {
      "mode": "managed",
      "type": "aws_route_table_association",
      "name": "private_db",
      "provider": "provider[\"registry.terraform.io/hashicorp/aws\"]",
      "instances": [
        {
          "index_key": 0,
          "schema_version": 0,
          "attributes": {
            "gateway_id": "",
            "id": "rtbassoc-0372151735ea24744",
            "region": "us-east-1",
            "route_table_id": "rtb-04ddcc20f033ba100",
            "subnet_id": "subnet-0021137a192e9efb3",
            "timeouts": null
          },
          "sensitive_attributes": [],
          "identity_schema_version": 0,
          "identity": {
            "account_id": "091869721157",
            "id": "rtbassoc-0372151735ea24744",
            "region": "us-east-1"
          },
          "private": "eyJlMmJmYjczMC1lY2FhLTExZTYtOGY4OC0zNDM2M2JjN2M0YzAiOnsiY3JlYXRlIjozMDAwMDAwMDAwMDAsImRlbGV0ZSI6MzAwMDAwMDAwMDAwLCJ1cGRhdGUiOjEyMDAwMDAwMDAwMH19",
          "dependencies": [
            "aws_route_table.private_db",
            "aws_subnet.private_db",
            "aws_vpc.main",
            "data.aws_availability_zones.available"
          ]
        },
        {
          "index_key": 1,
          "schema_version": 0,
          "attributes": {
            "gateway_id": "",
            "id": "rtbassoc-0ee056d1b31058e72",
            "region": "us-east-1",
            "route_table_id": "rtb-0c35ea7e0ca77f9e0",
            "subnet_id": "subnet-09a126839c35a7626",
            "timeouts": null
          },
          "sensitive_attributes": [],
          "identity_schema_version": 0,
          "identity": {
            "account_id": "091869721157",
            "id": "rtbassoc-0ee056d1b31058e72",
            "region": "us-east-1"
          },
          "private": "eyJlMmJmYjczMC1lY2FhLTExZTYtOGY4OC0zNDM2M2JjN2M0YzAiOnsiY3JlYXRlIjozMDAwMDAwMDAwMDAsImRlbGV0ZSI6MzAwMDAwMDAwMDAwLCJ1cGRhdGUiOjEyMDAwMDAwMDAwMH19",
          "dependencies": [
            "aws_route_table.private_db",
            "aws_subnet.private_db",
            "aws_vpc.main",
            "data.aws_availability_zones.available"
          ]
        }
      ]
    },
    {
      "mode": "managed",
      "type": "aws_route_table_association",
      "name": "public",
      "provider": "provider[\"registry.terraform.io/hashicorp/aws\"]",
      "instances": [
        {
          "index_key": 0,
          "schema_version": 0,
          "attributes": {
            "gateway_id": "",
            "id": "rtbassoc-03298a73e7bad2963",
            "region": "us-east-1",
            "route_table_id": "rtb-02c646f3747304d31",
            "subnet_id": "subnet-07ee3e7f89d27ea31",
            "timeouts": null
          },
          "sensitive_attributes": [],
          "identity_schema_version": 0,
          "identity": {
            "account_id": "091869721157",
            "id": "rtbassoc-03298a73e7bad2963",
            "region": "us-east-1"
          },
          "private": "eyJlMmJmYjczMC1lY2FhLTExZTYtOGY4OC0zNDM2M2JjN2M0YzAiOnsiY3JlYXRlIjozMDAwMDAwMDAwMDAsImRlbGV0ZSI6MzAwMDAwMDAwMDAwLCJ1cGRhdGUiOjEyMDAwMDAwMDAwMH19",
          "dependencies": [
            "aws_internet_gateway.main",
            "aws_route_table.public",
            "aws_subnet.public",
            "aws_vpc.main",
            "data.aws_availability_zones.available"
          ]
        },
        {
          "index_key": 1,
          "schema_version": 0,
          "attributes": {
            "gateway_id": "",
            "id": "rtbassoc-041c0a4d859f24c5b",
            "region": "us-east-1",
            "route_table_id": "rtb-02c646f3747304d31",
            "subnet_id": "subnet-08ad07e63fe464e4c",
            "timeouts": null
          },
          "sensitive_attributes": [],
          "identity_schema_version": 0,
          "identity": {
            "account_id": "091869721157",
            "id": "rtbassoc-041c0a4d859f24c5b",
            "region": "us-east-1"
          },
          "private": "eyJlMmJmYjczMC1lY2FhLTExZTYtOGY4OC0zNDM2M2JjN2M0YzAiOnsiY3JlYXRlIjozMDAwMDAwMDAwMDAsImRlbGV0ZSI6MzAwMDAwMDAwMDAwLCJ1cGRhdGUiOjEyMDAwMDAwMDAwMH19",
          "dependencies": [
            "aws_internet_gateway.main",
            "aws_route_table.public",
            "aws_subnet.public",
            "aws_vpc.main",
            "data.aws_availability_zones.available"
          ]
        }
      ]
    },
    {
      "mode": "managed",
      "type": "aws_s3_bucket",
      "name": "cloudtrail_logs",
      "provider": "provider[\"registry.terraform.io/hashicorp/aws\"]",
      "instances": [
        {
          "schema_version": 0,
          "attributes": {
            "acceleration_status": "",
            "acl": null,
            "arn": "arn:aws:s3:::blacktickets-dev-cloudtrail-logs",
            "bucket": "blacktickets-dev-cloudtrail-logs",
            "bucket_domain_name": "blacktickets-dev-cloudtrail-logs.s3.amazonaws.com",
            "bucket_namespace": "global",
            "bucket_prefix": "",
            "bucket_region": "us-east-1",
            "bucket_regional_domain_name": "blacktickets-dev-cloudtrail-logs.s3.us-east-1.amazonaws.com",
            "cors_rule": [],
            "force_destroy": false,
            "grant": [
              {
                "id": "da9ab4f7d01ef08afdd43fe48b0e487138a55178566f26477e05577d7acafcb7",
                "permissions": [
                  "FULL_CONTROL"
                ],
                "type": "CanonicalUser",
                "uri": ""
              }
            ],
            "hosted_zone_id": "Z3AQBSTGFYJSTF",
            "id": "blacktickets-dev-cloudtrail-logs",
            "lifecycle_rule": [
              {
                "abort_incomplete_multipart_upload_days": 0,
                "enabled": true,
                "expiration": [
                  {
                    "date": "",
                    "days": 365,
                    "expired_object_delete_marker": false
                  }
                ],
                "id": "cloudtrail-log-retention",
                "noncurrent_version_expiration": [],
                "noncurrent_version_transition": [],
                "prefix": "",
                "tags": {},
                "transition": [
                  {
                    "date": "",
                    "days": 30,
                    "storage_class": "STANDARD_IA"
                  }
                ]
              }
            ],
            "logging": [],
            "object_lock_configuration": [],
            "object_lock_enabled": false,
            "policy": "{\"Statement\":[{\"Action\":\"s3:GetBucketAcl\",\"Condition\":{\"StringEquals\":{\"AWS:SourceArn\":\"arn:aws:cloudtrail:us-east-1:091869721157:trail/blacktickets-dev-trail\"}},\"Effect\":\"Allow\",\"Principal\":{\"Service\":\"cloudtrail.amazonaws.com\"},\"Resource\":\"arn:aws:s3:::blacktickets-dev-cloudtrail-logs\",\"Sid\":\"AWSCloudTrailAclCheck\"},{\"Action\":\"s3:PutObject\",\"Condition\":{\"StringEquals\":{\"AWS:SourceArn\":\"arn:aws:cloudtrail:us-east-1:091869721157:trail/blacktickets-dev-trail\",\"s3:x-amz-acl\":\"bucket-owner-full-control\"}},\"Effect\":\"Allow\",\"Principal\":{\"Service\":\"cloudtrail.amazonaws.com\"},\"Resource\":\"arn:aws:s3:::blacktickets-dev-cloudtrail-logs/AWSLogs/091869721157/*\",\"Sid\":\"AWSCloudTrailWrite\"}],\"Version\":\"2012-10-17\"}",
            "region": "us-east-1",
            "replication_configuration": [],
            "request_payer": "BucketOwner",
            "server_side_encryption_configuration": [
              {
                "rule": [
                  {
                    "apply_server_side_encryption_by_default": [
                      {
                        "kms_master_key_id": "",
                        "sse_algorithm": "AES256"
                      }
                    ],
                    "bucket_key_enabled": false
                  }
                ]
              }
            ],
            "tags": {
              "Environment": "dev",
              "ManagedBy": "terraform",
              "Name": "blacktickets-dev-cloudtrail-logs",
              "Project": "blacktickets"
            },
            "tags_all": {
              "Environment": "dev",
              "ManagedBy": "terraform",
              "Name": "blacktickets-dev-cloudtrail-logs",
              "Project": "blacktickets"
            },
            "timeouts": null,
            "versioning": [
              {
                "enabled": true,
                "mfa_delete": false
              }
            ],
            "website": [],
            "website_domain": null,
            "website_endpoint": null
          },
          "sensitive_attributes": [],
          "identity_schema_version": 0,
          "identity": {
            "account_id": "091869721157",
            "bucket": "blacktickets-dev-cloudtrail-logs",
            "region": "us-east-1"
          },
          "private": "eyJlMmJmYjczMC1lY2FhLTExZTYtOGY4OC0zNDM2M2JjN2M0YzAiOnsiY3JlYXRlIjoxMjAwMDAwMDAwMDAwLCJkZWxldGUiOjM2MDAwMDAwMDAwMDAsInJlYWQiOjEyMDAwMDAwMDAwMDAsInVwZGF0ZSI6MTIwMDAwMDAwMDAwMH19"
        }
      ]
    },
    {
      "mode": "managed",
      "type": "aws_s3_bucket",
      "name": "posters",
      "provider": "provider[\"registry.terraform.io/hashicorp/aws\"]",
      "instances": [
        {
          "schema_version": 0,
          "attributes": {
            "acceleration_status": "",
            "acl": null,
            "arn": "arn:aws:s3:::blacktickets-dev-posters",
            "bucket": "blacktickets-dev-posters",
            "bucket_domain_name": "blacktickets-dev-posters.s3.amazonaws.com",
            "bucket_namespace": "global",
            "bucket_prefix": "",
            "bucket_region": "us-east-1",
            "bucket_regional_domain_name": "blacktickets-dev-posters.s3.us-east-1.amazonaws.com",
            "cors_rule": [],
            "force_destroy": false,
            "grant": [
              {
                "id": "da9ab4f7d01ef08afdd43fe48b0e487138a55178566f26477e05577d7acafcb7",
                "permissions": [
                  "FULL_CONTROL"
                ],
                "type": "CanonicalUser",
                "uri": ""
              }
            ],
            "hosted_zone_id": "Z3AQBSTGFYJSTF",
            "id": "blacktickets-dev-posters",
            "lifecycle_rule": [
              {
                "abort_incomplete_multipart_upload_days": 7,
                "enabled": true,
                "expiration": [],
                "id": "abort-incomplete-multipart-uploads",
                "noncurrent_version_expiration": [],
                "noncurrent_version_transition": [],
                "prefix": "",
                "tags": {},
                "transition": []
              }
            ],
            "logging": [],
            "object_lock_configuration": [],
            "object_lock_enabled": false,
            "policy": "{\"Statement\":[{\"Action\":\"s3:GetObject\",\"Condition\":{\"StringEquals\":{\"AWS:SourceArn\":\"arn:aws:cloudfront::091869721157:distribution/E9UC9UFP8MN13\"}},\"Effect\":\"Allow\",\"Principal\":{\"Service\":\"cloudfront.amazonaws.com\"},\"Resource\":\"arn:aws:s3:::blacktickets-dev-posters/event-posters/*\"}],\"Version\":\"2012-10-17\"}",
            "region": "us-east-1",
            "replication_configuration": [],
            "request_payer": "BucketOwner",
            "server_side_encryption_configuration": [
              {
                "rule": [
                  {
                    "apply_server_side_encryption_by_default": [
                      {
                        "kms_master_key_id": "",
                        "sse_algorithm": "AES256"
                      }
                    ],
                    "bucket_key_enabled": false
                  }
                ]
              }
            ],
            "tags": {
              "Environment": "dev",
              "ManagedBy": "terraform",
              "Name": "blacktickets-dev-posters",
              "Project": "blacktickets"
            },
            "tags_all": {
              "Environment": "dev",
              "ManagedBy": "terraform",
              "Name": "blacktickets-dev-posters",
              "Project": "blacktickets"
            },
            "timeouts": null,
            "versioning": [
              {
                "enabled": false,
                "mfa_delete": false
              }
            ],
            "website": [],
            "website_domain": null,
            "website_endpoint": null
          },
          "sensitive_attributes": [],
          "identity_schema_version": 0,
          "identity": {
            "account_id": "091869721157",
            "bucket": "blacktickets-dev-posters",
            "region": "us-east-1"
          },
          "private": "eyJlMmJmYjczMC1lY2FhLTExZTYtOGY4OC0zNDM2M2JjN2M0YzAiOnsiY3JlYXRlIjoxMjAwMDAwMDAwMDAwLCJkZWxldGUiOjM2MDAwMDAwMDAwMDAsInJlYWQiOjEyMDAwMDAwMDAwMDAsInVwZGF0ZSI6MTIwMDAwMDAwMDAwMH19"
        }
      ]
    },
    {
      "mode": "managed",
      "type": "aws_s3_bucket",
      "name": "tfstate",
      "provider": "provider[\"registry.terraform.io/hashicorp/aws\"]",
      "instances": [
        {
          "schema_version": 0,
          "attributes": {
            "acceleration_status": "",
            "acl": null,
            "arn": "arn:aws:s3:::blacktickets-dev-tfstate",
            "bucket": "blacktickets-dev-tfstate",
            "bucket_domain_name": "blacktickets-dev-tfstate.s3.amazonaws.com",
            "bucket_namespace": "global",
            "bucket_prefix": "",
            "bucket_region": "us-east-1",
            "bucket_regional_domain_name": "blacktickets-dev-tfstate.s3.us-east-1.amazonaws.com",
            "cors_rule": [],
            "force_destroy": false,
            "grant": [
              {
                "id": "da9ab4f7d01ef08afdd43fe48b0e487138a55178566f26477e05577d7acafcb7",
                "permissions": [
                  "FULL_CONTROL"
                ],
                "type": "CanonicalUser",
                "uri": ""
              }
            ],
            "hosted_zone_id": "Z3AQBSTGFYJSTF",
            "id": "blacktickets-dev-tfstate",
            "lifecycle_rule": [],
            "logging": [],
            "object_lock_configuration": [],
            "object_lock_enabled": false,
            "policy": "",
            "region": "us-east-1",
            "replication_configuration": [],
            "request_payer": "BucketOwner",
            "server_side_encryption_configuration": [
              {
                "rule": [
                  {
                    "apply_server_side_encryption_by_default": [
                      {
                        "kms_master_key_id": "",
                        "sse_algorithm": "AES256"
                      }
                    ],
                    "bucket_key_enabled": false
                  }
                ]
              }
            ],
            "tags": {
              "Environment": "dev",
              "ManagedBy": "terraform",
              "Name": "blacktickets-dev-tfstate",
              "Project": "blacktickets"
            },
            "tags_all": {
              "Environment": "dev",
              "ManagedBy": "terraform",
              "Name": "blacktickets-dev-tfstate",
              "Project": "blacktickets"
            },
            "timeouts": null,
            "versioning": [
              {
                "enabled": false,
                "mfa_delete": false
              }
            ],
            "website": [],
            "website_domain": null,
            "website_endpoint": null
          },
          "sensitive_attributes": [],
          "identity_schema_version": 0,
          "identity": {
            "account_id": "091869721157",
            "bucket": "blacktickets-dev-tfstate",
            "region": "us-east-1"
          },
          "private": "eyJlMmJmYjczMC1lY2FhLTExZTYtOGY4OC0zNDM2M2JjN2M0YzAiOnsiY3JlYXRlIjoxMjAwMDAwMDAwMDAwLCJkZWxldGUiOjM2MDAwMDAwMDAwMDAsInJlYWQiOjEyMDAwMDAwMDAwMDAsInVwZGF0ZSI6MTIwMDAwMDAwMDAwMH19"
        }
      ]
    },
    {
      "mode": "managed",
      "type": "aws_s3_bucket_lifecycle_configuration",
      "name": "cloudtrail_logs",
      "provider": "provider[\"registry.terraform.io/hashicorp/aws\"]",
      "instances": [
        {
          "schema_version": 1,
          "attributes": {
            "bucket": "blacktickets-dev-cloudtrail-logs",
            "expected_bucket_owner": "",
            "id": "blacktickets-dev-cloudtrail-logs",
            "region": "us-east-1",
            "rule": [
              {
                "abort_incomplete_multipart_upload": [],
                "expiration": [
                  {
                    "date": null,
                    "days": 365,
                    "expired_object_delete_marker": false
                  }
                ],
                "filter": [
                  {
                    "and": [],
                    "object_size_greater_than": null,
                    "object_size_less_than": null,
                    "prefix": "",
                    "tag": []
                  }
                ],
                "id": "cloudtrail-log-retention",
                "noncurrent_version_expiration": [],
                "noncurrent_version_transition": [],
                "prefix": "",
                "status": "Enabled",
                "transition": [
                  {
                    "date": null,
                    "days": 30,
                    "storage_class": "STANDARD_IA"
                  }
                ]
              }
            ],
            "timeouts": null,
            "transition_default_minimum_object_size": "all_storage_classes_128K"
          },
          "sensitive_attributes": [],
          "identity_schema_version": 0,
          "identity": {
            "account_id": "091869721157",
            "bucket": "blacktickets-dev-cloudtrail-logs",
            "region": "us-east-1"
          },
          "dependencies": [
            "aws_s3_bucket.cloudtrail_logs"
          ]
        }
      ]
    },
    {
      "mode": "managed",
      "type": "aws_s3_bucket_lifecycle_configuration",
      "name": "posters",
      "provider": "provider[\"registry.terraform.io/hashicorp/aws\"]",
      "instances": [
        {
          "schema_version": 1,
          "attributes": {
            "bucket": "blacktickets-dev-posters",
            "expected_bucket_owner": "",
            "id": "blacktickets-dev-posters",
            "region": "us-east-1",
            "rule": [
              {
                "abort_incomplete_multipart_upload": [
                  {
                    "days_after_initiation": 7
                  }
                ],
                "expiration": [],
                "filter": [],
                "id": "abort-incomplete-multipart-uploads",
                "noncurrent_version_expiration": [],
                "noncurrent_version_transition": [],
                "prefix": "",
                "status": "Enabled",
                "transition": []
              }
            ],
            "timeouts": null,
            "transition_default_minimum_object_size": "all_storage_classes_128K"
          },
          "sensitive_attributes": [],
          "identity_schema_version": 0,
          "identity": {
            "account_id": "091869721157",
            "bucket": "blacktickets-dev-posters",
            "region": "us-east-1"
          },
          "dependencies": [
            "aws_s3_bucket.posters"
          ]
        }
      ]
    },
    {
      "mode": "managed",
      "type": "aws_s3_bucket_lifecycle_configuration",
      "name": "tfstate",
      "provider": "provider[\"registry.terraform.io/hashicorp/aws\"]",
      "instances": [
        {
          "schema_version": 1,
          "attributes": {
            "bucket": "blacktickets-dev-tfstate",
            "expected_bucket_owner": "",
            "id": "blacktickets-dev-tfstate",
            "region": "us-east-1",
            "rule": [
              {
                "abort_incomplete_multipart_upload": [],
                "expiration": [],
                "filter": [
                  {
                    "and": [],
                    "object_size_greater_than": null,
                    "object_size_less_than": null,
                    "prefix": "",
                    "tag": []
                  }
                ],
                "id": "expire-noncurrent-state-versions",
                "noncurrent_version_expiration": [
                  {
                    "newer_noncurrent_versions": null,
                    "noncurrent_days": 90
                  }
                ],
                "noncurrent_version_transition": [],
                "prefix": "",
                "status": "Enabled",
                "transition": []
              }
            ],
            "timeouts": null,
            "transition_default_minimum_object_size": "all_storage_classes_128K"
          },
          "sensitive_attributes": [],
          "identity_schema_version": 0,
          "identity": {
            "account_id": "091869721157",
            "bucket": "blacktickets-dev-tfstate",
            "region": "us-east-1"
          },
          "dependencies": [
            "aws_s3_bucket.tfstate"
          ]
        }
      ]
    },
    {
      "mode": "managed",
      "type": "aws_s3_bucket_ownership_controls",
      "name": "cloudtrail_logs",
      "provider": "provider[\"registry.terraform.io/hashicorp/aws\"]",
      "instances": [
        {
          "schema_version": 0,
          "attributes": {
            "bucket": "blacktickets-dev-cloudtrail-logs",
            "id": "blacktickets-dev-cloudtrail-logs",
            "region": "us-east-1",
            "rule": [
              {
                "object_ownership": "BucketOwnerEnforced"
              }
            ]
          },
          "sensitive_attributes": [],
          "identity_schema_version": 0,
          "identity": {
            "account_id": "091869721157",
            "bucket": "blacktickets-dev-cloudtrail-logs",
            "region": "us-east-1"
          },
          "private": "bnVsbA==",
          "dependencies": [
            "aws_s3_bucket.cloudtrail_logs"
          ]
        }
      ]
    },
    {
      "mode": "managed",
      "type": "aws_s3_bucket_ownership_controls",
      "name": "posters",
      "provider": "provider[\"registry.terraform.io/hashicorp/aws\"]",
      "instances": [
        {
          "schema_version": 0,
          "attributes": {
            "bucket": "blacktickets-dev-posters",
            "id": "blacktickets-dev-posters",
            "region": "us-east-1",
            "rule": [
              {
                "object_ownership": "BucketOwnerEnforced"
              }
            ]
          },
          "sensitive_attributes": [],
          "identity_schema_version": 0,
          "identity": {
            "account_id": "091869721157",
            "bucket": "blacktickets-dev-posters",
            "region": "us-east-1"
          },
          "private": "bnVsbA==",
          "dependencies": [
            "aws_s3_bucket.posters"
          ]
        }
      ]
    },
    {
      "mode": "managed",
      "type": "aws_s3_bucket_policy",
      "name": "cloudtrail_logs",
      "provider": "provider[\"registry.terraform.io/hashicorp/aws\"]",
      "instances": [
        {
          "schema_version": 0,
          "attributes": {
            "bucket": "blacktickets-dev-cloudtrail-logs",
            "id": "blacktickets-dev-cloudtrail-logs",
            "policy": "{\"Statement\":[{\"Action\":\"s3:GetBucketAcl\",\"Condition\":{\"StringEquals\":{\"AWS:SourceArn\":\"arn:aws:cloudtrail:us-east-1:091869721157:trail/blacktickets-dev-trail\"}},\"Effect\":\"Allow\",\"Principal\":{\"Service\":\"cloudtrail.amazonaws.com\"},\"Resource\":\"arn:aws:s3:::blacktickets-dev-cloudtrail-logs\",\"Sid\":\"AWSCloudTrailAclCheck\"},{\"Action\":\"s3:PutObject\",\"Condition\":{\"StringEquals\":{\"AWS:SourceArn\":\"arn:aws:cloudtrail:us-east-1:091869721157:trail/blacktickets-dev-trail\",\"s3:x-amz-acl\":\"bucket-owner-full-control\"}},\"Effect\":\"Allow\",\"Principal\":{\"Service\":\"cloudtrail.amazonaws.com\"},\"Resource\":\"arn:aws:s3:::blacktickets-dev-cloudtrail-logs/AWSLogs/091869721157/*\",\"Sid\":\"AWSCloudTrailWrite\"}],\"Version\":\"2012-10-17\"}",
            "region": "us-east-1"
          },
          "sensitive_attributes": [],
          "identity_schema_version": 0,
          "identity": {
            "account_id": "091869721157",
            "bucket": "blacktickets-dev-cloudtrail-logs",
            "region": "us-east-1"
          },
          "private": "bnVsbA==",
          "dependencies": [
            "aws_s3_bucket.cloudtrail_logs",
            "data.aws_caller_identity.current",
            "data.aws_iam_policy_document.cloudtrail_bucket"
          ]
        }
      ]
    },
    {
      "mode": "managed",
      "type": "aws_s3_bucket_policy",
      "name": "posters",
      "provider": "provider[\"registry.terraform.io/hashicorp/aws\"]",
      "instances": [
        {
          "schema_version": 0,
          "attributes": {
            "bucket": "blacktickets-dev-posters",
            "id": "blacktickets-dev-posters",
            "policy": "{\"Statement\":[{\"Action\":\"s3:GetObject\",\"Condition\":{\"StringEquals\":{\"AWS:SourceArn\":\"arn:aws:cloudfront::091869721157:distribution/E9UC9UFP8MN13\"}},\"Effect\":\"Allow\",\"Principal\":{\"Service\":\"cloudfront.amazonaws.com\"},\"Resource\":\"arn:aws:s3:::blacktickets-dev-posters/event-posters/*\"}],\"Version\":\"2012-10-17\"}",
            "region": "us-east-1"
          },
          "sensitive_attributes": [],
          "identity_schema_version": 0,
          "identity": {
            "account_id": "091869721157",
            "bucket": "blacktickets-dev-posters",
            "region": "us-east-1"
          },
          "private": "bnVsbA==",
          "dependencies": [
            "aws_cloudfront_distribution.posters",
            "aws_cloudfront_origin_access_control.posters",
            "aws_s3_bucket.posters",
            "data.aws_iam_policy_document.poster_bucket_cloudfront_read"
          ]
        }
      ]
    },
    {
      "mode": "managed",
      "type": "aws_s3_bucket_public_access_block",
      "name": "cloudtrail_logs",
      "provider": "provider[\"registry.terraform.io/hashicorp/aws\"]",
      "instances": [
        {
          "schema_version": 0,
          "attributes": {
            "block_public_acls": true,
            "block_public_policy": true,
            "bucket": "blacktickets-dev-cloudtrail-logs",
            "id": "blacktickets-dev-cloudtrail-logs",
            "ignore_public_acls": true,
            "region": "us-east-1",
            "restrict_public_buckets": true,
            "skip_destroy": null
          },
          "sensitive_attributes": [],
          "identity_schema_version": 0,
          "identity": {
            "account_id": "091869721157",
            "bucket": "blacktickets-dev-cloudtrail-logs",
            "region": "us-east-1"
          },
          "private": "bnVsbA==",
          "dependencies": [
            "aws_s3_bucket.cloudtrail_logs"
          ]
        }
      ]
    },
    {
      "mode": "managed",
      "type": "aws_s3_bucket_public_access_block",
      "name": "posters",
      "provider": "provider[\"registry.terraform.io/hashicorp/aws\"]",
      "instances": [
        {
          "schema_version": 0,
          "attributes": {
            "block_public_acls": true,
            "block_public_policy": true,
            "bucket": "blacktickets-dev-posters",
            "id": "blacktickets-dev-posters",
            "ignore_public_acls": true,
            "region": "us-east-1",
            "restrict_public_buckets": true,
            "skip_destroy": null
          },
          "sensitive_attributes": [],
          "identity_schema_version": 0,
          "identity": {
            "account_id": "091869721157",
            "bucket": "blacktickets-dev-posters",
            "region": "us-east-1"
          },
          "private": "bnVsbA==",
          "dependencies": [
            "aws_s3_bucket.posters"
          ]
        }
      ]
    },
    {
      "mode": "managed",
      "type": "aws_s3_bucket_public_access_block",
      "name": "tfstate",
      "provider": "provider[\"registry.terraform.io/hashicorp/aws\"]",
      "instances": [
        {
          "schema_version": 0,
          "attributes": {
            "block_public_acls": true,
            "block_public_policy": true,
            "bucket": "blacktickets-dev-tfstate",
            "id": "blacktickets-dev-tfstate",
            "ignore_public_acls": true,
            "region": "us-east-1",
            "restrict_public_buckets": true,
            "skip_destroy": null
          },
          "sensitive_attributes": [],
          "identity_schema_version": 0,
          "identity": {
            "account_id": "091869721157",
            "bucket": "blacktickets-dev-tfstate",
            "region": "us-east-1"
          },
          "private": "bnVsbA==",
          "dependencies": [
            "aws_s3_bucket.tfstate"
          ]
        }
      ]
    },
    {
      "mode": "managed",
      "type": "aws_s3_bucket_server_side_encryption_configuration",
      "name": "cloudtrail_logs",
      "provider": "provider[\"registry.terraform.io/hashicorp/aws\"]",
      "instances": [
        {
          "schema_version": 0,
          "attributes": {
            "bucket": "blacktickets-dev-cloudtrail-logs",
            "expected_bucket_owner": "",
            "id": "blacktickets-dev-cloudtrail-logs",
            "region": "us-east-1",
            "rule": [
              {
                "apply_server_side_encryption_by_default": [
                  {
                    "kms_master_key_id": "",
                    "sse_algorithm": "AES256"
                  }
                ],
                "blocked_encryption_types": [
                  "SSE-C"
                ],
                "bucket_key_enabled": false
              }
            ]
          },
          "sensitive_attributes": [],
          "identity_schema_version": 1,
          "identity": {
            "account_id": "091869721157",
            "bucket": "blacktickets-dev-cloudtrail-logs",
            "region": "us-east-1"
          },
          "private": "bnVsbA==",
          "dependencies": [
            "aws_s3_bucket.cloudtrail_logs"
          ]
        }
      ]
    },
    {
      "mode": "managed",
      "type": "aws_s3_bucket_server_side_encryption_configuration",
      "name": "posters",
      "provider": "provider[\"registry.terraform.io/hashicorp/aws\"]",
      "instances": [
        {
          "schema_version": 0,
          "attributes": {
            "bucket": "blacktickets-dev-posters",
            "expected_bucket_owner": "",
            "id": "blacktickets-dev-posters",
            "region": "us-east-1",
            "rule": [
              {
                "apply_server_side_encryption_by_default": [
                  {
                    "kms_master_key_id": "",
                    "sse_algorithm": "AES256"
                  }
                ],
                "blocked_encryption_types": [
                  "SSE-C"
                ],
                "bucket_key_enabled": false
              }
            ]
          },
          "sensitive_attributes": [],
          "identity_schema_version": 1,
          "identity": {
            "account_id": "091869721157",
            "bucket": "blacktickets-dev-posters",
            "region": "us-east-1"
          },
          "private": "bnVsbA==",
          "dependencies": [
            "aws_s3_bucket.posters"
          ]
        }
      ]
    },
    {
      "mode": "managed",
      "type": "aws_s3_bucket_server_side_encryption_configuration",
      "name": "tfstate",
      "provider": "provider[\"registry.terraform.io/hashicorp/aws\"]",
      "instances": [
        {
          "schema_version": 0,
          "attributes": {
            "bucket": "blacktickets-dev-tfstate",
            "expected_bucket_owner": "",
            "id": "blacktickets-dev-tfstate",
            "region": "us-east-1",
            "rule": [
              {
                "apply_server_side_encryption_by_default": [
                  {
                    "kms_master_key_id": "",
                    "sse_algorithm": "AES256"
                  }
                ],
                "blocked_encryption_types": [
                  "SSE-C"
                ],
                "bucket_key_enabled": false
              }
            ]
          },
          "sensitive_attributes": [],
          "identity_schema_version": 1,
          "identity": {
            "account_id": "091869721157",
            "bucket": "blacktickets-dev-tfstate",
            "region": "us-east-1"
          },
          "private": "bnVsbA==",
          "dependencies": [
            "aws_s3_bucket.tfstate"
          ]
        }
      ]
    },
    {
      "mode": "managed",
      "type": "aws_s3_bucket_versioning",
      "name": "cloudtrail_logs",
      "provider": "provider[\"registry.terraform.io/hashicorp/aws\"]",
      "instances": [
        {
          "schema_version": 0,
          "attributes": {
            "bucket": "blacktickets-dev-cloudtrail-logs",
            "expected_bucket_owner": "",
            "id": "blacktickets-dev-cloudtrail-logs",
            "mfa": null,
            "region": "us-east-1",
            "versioning_configuration": [
              {
                "mfa_delete": "Disabled",
                "status": "Enabled"
              }
            ]
          },
          "sensitive_attributes": [],
          "identity_schema_version": 1,
          "identity": {
            "account_id": "091869721157",
            "bucket": "blacktickets-dev-cloudtrail-logs",
            "region": "us-east-1"
          },
          "private": "bnVsbA==",
          "dependencies": [
            "aws_s3_bucket.cloudtrail_logs"
          ]
        }
      ]
    },
    {
      "mode": "managed",
      "type": "aws_s3_bucket_versioning",
      "name": "tfstate",
      "provider": "provider[\"registry.terraform.io/hashicorp/aws\"]",
      "instances": [
        {
          "schema_version": 0,
          "attributes": {
            "bucket": "blacktickets-dev-tfstate",
            "expected_bucket_owner": "",
            "id": "blacktickets-dev-tfstate",
            "mfa": null,
            "region": "us-east-1",
            "versioning_configuration": [
              {
                "mfa_delete": "Disabled",
                "status": "Enabled"
              }
            ]
          },
          "sensitive_attributes": [],
          "identity_schema_version": 1,
          "identity": {
            "account_id": "091869721157",
            "bucket": "blacktickets-dev-tfstate",
            "region": "us-east-1"
          },
          "private": "bnVsbA==",
          "dependencies": [
            "aws_s3_bucket.tfstate"
          ]
        }
      ]
    },
    {
      "mode": "managed",
      "type": "aws_secretsmanager_secret",
      "name": "app_config",
      "provider": "provider[\"registry.terraform.io/hashicorp/aws\"]",
      "instances": [
        {
          "schema_version": 0,
          "attributes": {
            "arn": "arn:aws:secretsmanager:us-east-1:091869721157:secret:blacktickets-dev/app-config-Edhx0h",
            "description": "Runtime configuration for BlackTickets application services.",
            "force_overwrite_replica_secret": false,
            "id": "arn:aws:secretsmanager:us-east-1:091869721157:secret:blacktickets-dev/app-config-Edhx0h",
            "kms_key_id": "",
            "name": "blacktickets-dev/app-config",
            "name_prefix": "",
            "policy": "",
            "recovery_window_in_days": 30,
            "region": "us-east-1",
            "replica": [],
            "tags": {
              "Environment": "dev",
              "ManagedBy": "terraform",
              "Name": "blacktickets-dev-app-config-secret",
              "Project": "blacktickets"
            },
            "tags_all": {
              "Environment": "dev",
              "ManagedBy": "terraform",
              "Name": "blacktickets-dev-app-config-secret",
              "Project": "blacktickets"
            }
          },
          "sensitive_attributes": [],
          "identity_schema_version": 0,
          "identity": {
            "arn": "arn:aws:secretsmanager:us-east-1:091869721157:secret:blacktickets-dev/app-config-Edhx0h"
          },
          "private": "bnVsbA=="
        }
      ]
    },
    {
      "mode": "managed",
      "type": "aws_secretsmanager_secret_version",
      "name": "app_config",
      "provider": "provider[\"registry.terraform.io/hashicorp/aws\"]",
      "instances": [
        {
          "schema_version": 0,
          "attributes": {
            "arn": "arn:aws:secretsmanager:us-east-1:091869721157:secret:blacktickets-dev/app-config-Edhx0h",
            "has_secret_string_wo": null,
            "id": "arn:aws:secretsmanager:us-east-1:091869721157:secret:blacktickets-dev/app-config-Edhx0h|terraform-20260609103146584700000001",
            "region": "us-east-1",
            "secret_arn": "arn:aws:secretsmanager:us-east-1:091869721157:secret:blacktickets-dev/app-config-Edhx0h",
            "secret_binary": "",
            "secret_id": "arn:aws:secretsmanager:us-east-1:091869721157:secret:blacktickets-dev/app-config-Edhx0h",
            "secret_string": "{\"ADMIN_EMAIL\":\"admin@blacktickets.com\",\"ADMIN_PASSWORD\":\"Admin@12345\",\"BOOKING_NOTIFICATION_QUEUE_URL\":\"https://sqs.us-east-1.amazonaws.com/091869721157/blacktickets-dev-booking-notifications\",\"DB_HOST\":\"blacktickets-dev-postgres.cqpkso2i290v.us-east-1.rds.amazonaws.com\",\"DB_PASSWORD\":\"BlackTicketsDB123!\",\"DB_PORT\":\"5432\",\"DB_USER\":\"postgres\",\"INTERNAL_SERVICE_TOKEN\":\"InternalServiceToken2026\",\"JWT_SECRET\":\"MyVeryLongJWTSecretForBlackTickets2026\",\"USER_EMAIL\":\"user@blacktickets.com\",\"USER_PASSWORD\":\"User@12345\"}",
            "secret_string_wo": null,
            "secret_string_wo_version": null,
            "version_id": "terraform-20260609103146584700000001",
            "version_stages": [
              "AWSCURRENT"
            ]
          },
          "sensitive_attributes": [
            [
              {
                "type": "get_attr",
                "value": "secret_binary"
              }
            ],
            [
              {
                "type": "get_attr",
                "value": "secret_string"
              }
            ],
            [
              {
                "type": "get_attr",
                "value": "secret_string_wo"
              }
            ]
          ],
          "identity_schema_version": 0,
          "identity": {
            "account_id": "091869721157",
            "region": "us-east-1",
            "secret_id": "arn:aws:secretsmanager:us-east-1:091869721157:secret:blacktickets-dev/app-config-Edhx0h",
            "version_id": "terraform-20260609103146584700000001"
          },
          "private": "bnVsbA==",
          "dependencies": [
            "aws_db_instance.postgres",
            "aws_db_subnet_group.main",
            "aws_secretsmanager_secret.app_config",
            "aws_security_group.ec2_app",
            "aws_security_group.rds",
            "aws_sqs_queue.booking_notifications",
            "aws_subnet.private_db",
            "aws_vpc.main",
            "data.aws_availability_zones.available"
          ]
        }
      ]
    },
    {
      "mode": "managed",
      "type": "aws_security_group",
      "name": "alb",
      "provider": "provider[\"registry.terraform.io/hashicorp/aws\"]",
      "instances": [
        {
          "schema_version": 1,
          "attributes": {
            "arn": "arn:aws:ec2:us-east-1:091869721157:security-group/sg-0825596952b78fc5b",
            "description": "Allow public HTTP and HTTPS traffic to the public ALB.",
            "egress": [
              {
                "cidr_blocks": [
                  "0.0.0.0/0"
                ],
                "description": "Outbound to app targets",
                "from_port": 0,
                "ipv6_cidr_blocks": [],
                "prefix_list_ids": [],
                "protocol": "-1",
                "security_groups": [],
                "self": false,
                "to_port": 0
              }
            ],
            "id": "sg-0825596952b78fc5b",
            "ingress": [
              {
                "cidr_blocks": [
                  "0.0.0.0/0"
                ],
                "description": "HTTP from allowed CIDRs",
                "from_port": 80,
                "ipv6_cidr_blocks": [],
                "prefix_list_ids": [],
                "protocol": "tcp",
                "security_groups": [],
                "self": false,
                "to_port": 80
              },
              {
                "cidr_blocks": [
                  "0.0.0.0/0"
                ],
                "description": "HTTPS from allowed CIDRs",
                "from_port": 443,
                "ipv6_cidr_blocks": [],
                "prefix_list_ids": [],
                "protocol": "tcp",
                "security_groups": [],
                "self": false,
                "to_port": 443
              }
            ],
            "name": "blacktickets-dev-alb-sg",
            "name_prefix": "",
            "owner_id": "091869721157",
            "region": "us-east-1",
            "revoke_rules_on_delete": false,
            "tags": {
              "Environment": "dev",
              "ManagedBy": "terraform",
              "Name": "blacktickets-dev-alb-sg",
              "Project": "blacktickets"
            },
            "tags_all": {
              "Environment": "dev",
              "ManagedBy": "terraform",
              "Name": "blacktickets-dev-alb-sg",
              "Project": "blacktickets"
            },
            "timeouts": null,
            "vpc_id": "vpc-086a5e59000af6f38"
          },
          "sensitive_attributes": [],
          "identity_schema_version": 0,
          "identity": {
            "account_id": "091869721157",
            "id": "sg-0825596952b78fc5b",
            "region": "us-east-1"
          },
          "private": "eyJlMmJmYjczMC1lY2FhLTExZTYtOGY4OC0zNDM2M2JjN2M0YzAiOnsiY3JlYXRlIjo2MDAwMDAwMDAwMDAsImRlbGV0ZSI6OTAwMDAwMDAwMDAwfSwic2NoZW1hX3ZlcnNpb24iOiIxIn0=",
          "dependencies": [
            "aws_vpc.main"
          ]
        }
      ]
    },
    {
      "mode": "managed",
      "type": "aws_security_group",
      "name": "ec2_app",
      "provider": "provider[\"registry.terraform.io/hashicorp/aws\"]",
      "instances": [
        {
          "schema_version": 1,
          "attributes": {
            "arn": "arn:aws:ec2:us-east-1:091869721157:security-group/sg-0b9537c4caaa723d0",
            "description": "Allow ALB traffic to EC2 application instances.",
            "egress": [
              {
                "cidr_blocks": [
                  "0.0.0.0/0"
                ],
                "description": "Outbound application traffic",
                "from_port": 0,
                "ipv6_cidr_blocks": [],
                "prefix_list_ids": [],
                "protocol": "-1",
                "security_groups": [],
                "self": false,
                "to_port": 0
              }
            ],
            "id": "sg-0b9537c4caaa723d0",
            "ingress": [
              {
                "cidr_blocks": [],
                "description": "Backend service traffic from private ALB",
                "from_port": 4001,
                "ipv6_cidr_blocks": [],
                "prefix_list_ids": [],
                "protocol": "tcp",
                "security_groups": [
                  "sg-0b890d97bf0a0c205"
                ],
                "self": false,
                "to_port": 4004
              },
              {
                "cidr_blocks": [],
                "description": "Frontend traffic from public ALB",
                "from_port": 80,
                "ipv6_cidr_blocks": [],
                "prefix_list_ids": [],
                "protocol": "tcp",
                "security_groups": [
                  "sg-0825596952b78fc5b"
                ],
                "self": false,
                "to_port": 80
              }
            ],
            "name": "blacktickets-dev-ec2-app-sg",
            "name_prefix": "",
            "owner_id": "091869721157",
            "region": "us-east-1",
            "revoke_rules_on_delete": false,
            "tags": {
              "Environment": "dev",
              "ManagedBy": "terraform",
              "Name": "blacktickets-dev-ec2-app-sg",
              "Project": "blacktickets"
            },
            "tags_all": {
              "Environment": "dev",
              "ManagedBy": "terraform",
              "Name": "blacktickets-dev-ec2-app-sg",
              "Project": "blacktickets"
            },
            "timeouts": null,
            "vpc_id": "vpc-086a5e59000af6f38"
          },
          "sensitive_attributes": [],
          "identity_schema_version": 0,
          "identity": {
            "account_id": "091869721157",
            "id": "sg-0b9537c4caaa723d0",
            "region": "us-east-1"
          },
          "private": "eyJlMmJmYjczMC1lY2FhLTExZTYtOGY4OC0zNDM2M2JjN2M0YzAiOnsiY3JlYXRlIjo2MDAwMDAwMDAwMDAsImRlbGV0ZSI6OTAwMDAwMDAwMDAwfSwic2NoZW1hX3ZlcnNpb24iOiIxIn0=",
          "dependencies": [
            "aws_vpc.main"
          ]
        }
      ]
    },
    {
      "mode": "managed",
      "type": "aws_security_group",
      "name": "private_alb",
      "provider": "provider[\"registry.terraform.io/hashicorp/aws\"]",
      "instances": [
        {
          "schema_version": 1,
          "attributes": {
            "arn": "arn:aws:ec2:us-east-1:091869721157:security-group/sg-0b890d97bf0a0c205",
            "description": "Allow HTTP from app instances to the private ALB.",
            "egress": [
              {
                "cidr_blocks": [],
                "description": "Backend service traffic to app instances",
                "from_port": 4001,
                "ipv6_cidr_blocks": [],
                "prefix_list_ids": [],
                "protocol": "tcp",
                "security_groups": [
                  "sg-0b9537c4caaa723d0"
                ],
                "self": false,
                "to_port": 4004
              }
            ],
            "id": "sg-0b890d97bf0a0c205",
            "ingress": [
              {
                "cidr_blocks": [],
                "description": "HTTP from app instances",
                "from_port": 80,
                "ipv6_cidr_blocks": [],
                "prefix_list_ids": [],
                "protocol": "tcp",
                "security_groups": [
                  "sg-0b9537c4caaa723d0"
                ],
                "self": false,
                "to_port": 80
              }
            ],
            "name": "blacktickets-dev-private-alb-sg",
            "name_prefix": "",
            "owner_id": "091869721157",
            "region": "us-east-1",
            "revoke_rules_on_delete": false,
            "tags": {
              "Environment": "dev",
              "ManagedBy": "terraform",
              "Name": "blacktickets-dev-private-alb-sg",
              "Project": "blacktickets"
            },
            "tags_all": {
              "Environment": "dev",
              "ManagedBy": "terraform",
              "Name": "blacktickets-dev-private-alb-sg",
              "Project": "blacktickets"
            },
            "timeouts": null,
            "vpc_id": "vpc-086a5e59000af6f38"
          },
          "sensitive_attributes": [],
          "identity_schema_version": 0,
          "identity": {
            "account_id": "091869721157",
            "id": "sg-0b890d97bf0a0c205",
            "region": "us-east-1"
          },
          "private": "eyJlMmJmYjczMC1lY2FhLTExZTYtOGY4OC0zNDM2M2JjN2M0YzAiOnsiY3JlYXRlIjo2MDAwMDAwMDAwMDAsImRlbGV0ZSI6OTAwMDAwMDAwMDAwfSwic2NoZW1hX3ZlcnNpb24iOiIxIn0=",
          "dependencies": [
            "aws_vpc.main"
          ]
        }
      ]
    },
    {
      "mode": "managed",
      "type": "aws_security_group",
      "name": "rds",
      "provider": "provider[\"registry.terraform.io/hashicorp/aws\"]",
      "instances": [
        {
          "schema_version": 1,
          "attributes": {
            "arn": "arn:aws:ec2:us-east-1:091869721157:security-group/sg-0b1a323651a4c5fb5",
            "description": "Allow PostgreSQL traffic from EC2 application instances.",
            "egress": [
              {
                "cidr_blocks": [
                  "0.0.0.0/0"
                ],
                "description": "Outbound database traffic",
                "from_port": 0,
                "ipv6_cidr_blocks": [],
                "prefix_list_ids": [],
                "protocol": "-1",
                "security_groups": [],
                "self": false,
                "to_port": 0
              }
            ],
            "id": "sg-0b1a323651a4c5fb5",
            "ingress": [
              {
                "cidr_blocks": [],
                "description": "PostgreSQL from app instances",
                "from_port": 5432,
                "ipv6_cidr_blocks": [],
                "prefix_list_ids": [],
                "protocol": "tcp",
                "security_groups": [
                  "sg-0b9537c4caaa723d0"
                ],
                "self": false,
                "to_port": 5432
              }
            ],
            "name": "blacktickets-dev-rds-sg",
            "name_prefix": "",
            "owner_id": "091869721157",
            "region": "us-east-1",
            "revoke_rules_on_delete": false,
            "tags": {
              "Environment": "dev",
              "ManagedBy": "terraform",
              "Name": "blacktickets-dev-rds-sg",
              "Project": "blacktickets"
            },
            "tags_all": {
              "Environment": "dev",
              "ManagedBy": "terraform",
              "Name": "blacktickets-dev-rds-sg",
              "Project": "blacktickets"
            },
            "timeouts": null,
            "vpc_id": "vpc-086a5e59000af6f38"
          },
          "sensitive_attributes": [],
          "identity_schema_version": 0,
          "identity": {
            "account_id": "091869721157",
            "id": "sg-0b1a323651a4c5fb5",
            "region": "us-east-1"
          },
          "private": "eyJlMmJmYjczMC1lY2FhLTExZTYtOGY4OC0zNDM2M2JjN2M0YzAiOnsiY3JlYXRlIjo2MDAwMDAwMDAwMDAsImRlbGV0ZSI6OTAwMDAwMDAwMDAwfSwic2NoZW1hX3ZlcnNpb24iOiIxIn0=",
          "dependencies": [
            "aws_security_group.ec2_app",
            "aws_vpc.main"
          ]
        }
      ]
    },
    {
      "mode": "managed",
      "type": "aws_security_group",
      "name": "vpc_endpoints",
      "provider": "provider[\"registry.terraform.io/hashicorp/aws\"]",
      "instances": [
        {
          "schema_version": 1,
          "attributes": {
            "arn": "arn:aws:ec2:us-east-1:091869721157:security-group/sg-067422c4f704caa35",
            "description": "Allow HTTPS from app instances to interface VPC endpoints.",
            "egress": [
              {
                "cidr_blocks": [
                  "0.0.0.0/0"
                ],
                "description": "Outbound endpoint traffic",
                "from_port": 0,
                "ipv6_cidr_blocks": [],
                "prefix_list_ids": [],
                "protocol": "-1",
                "security_groups": [],
                "self": false,
                "to_port": 0
              }
            ],
            "id": "sg-067422c4f704caa35",
            "ingress": [
              {
                "cidr_blocks": [],
                "description": "HTTPS from app instances",
                "from_port": 443,
                "ipv6_cidr_blocks": [],
                "prefix_list_ids": [],
                "protocol": "tcp",
                "security_groups": [
                  "sg-0b9537c4caaa723d0"
                ],
                "self": false,
                "to_port": 443
              }
            ],
            "name": "blacktickets-dev-vpc-endpoints-sg",
            "name_prefix": "",
            "owner_id": "091869721157",
            "region": "us-east-1",
            "revoke_rules_on_delete": false,
            "tags": {
              "Environment": "dev",
              "ManagedBy": "terraform",
              "Name": "blacktickets-dev-vpc-endpoints-sg",
              "Project": "blacktickets"
            },
            "tags_all": {
              "Environment": "dev",
              "ManagedBy": "terraform",
              "Name": "blacktickets-dev-vpc-endpoints-sg",
              "Project": "blacktickets"
            },
            "timeouts": null,
            "vpc_id": "vpc-086a5e59000af6f38"
          },
          "sensitive_attributes": [],
          "identity_schema_version": 0,
          "identity": {
            "account_id": "091869721157",
            "id": "sg-067422c4f704caa35",
            "region": "us-east-1"
          },
          "private": "eyJlMmJmYjczMC1lY2FhLTExZTYtOGY4OC0zNDM2M2JjN2M0YzAiOnsiY3JlYXRlIjo2MDAwMDAwMDAwMDAsImRlbGV0ZSI6OTAwMDAwMDAwMDAwfSwic2NoZW1hX3ZlcnNpb24iOiIxIn0=",
          "dependencies": [
            "aws_security_group.ec2_app",
            "aws_vpc.main"
          ]
        }
      ]
    },
    {
      "mode": "managed",
      "type": "aws_sns_topic",
      "name": "booking_notifications",
      "provider": "provider[\"registry.terraform.io/hashicorp/aws\"]",
      "instances": [
        {
          "schema_version": 0,
          "attributes": {
            "application_failure_feedback_role_arn": "",
            "application_success_feedback_role_arn": "",
            "application_success_feedback_sample_rate": 0,
            "archive_policy": "",
            "arn": "arn:aws:sns:us-east-1:091869721157:blacktickets-dev-booking-notifications",
            "beginning_archive_time": "",
            "content_based_deduplication": false,
            "delivery_policy": "",
            "display_name": "",
            "fifo_throughput_scope": "",
            "fifo_topic": false,
            "firehose_failure_feedback_role_arn": "",
            "firehose_success_feedback_role_arn": "",
            "firehose_success_feedback_sample_rate": 0,
            "http_failure_feedback_role_arn": "",
            "http_success_feedback_role_arn": "",
            "http_success_feedback_sample_rate": 0,
            "id": "arn:aws:sns:us-east-1:091869721157:blacktickets-dev-booking-notifications",
            "kms_master_key_id": "",
            "lambda_failure_feedback_role_arn": "",
            "lambda_success_feedback_role_arn": "",
            "lambda_success_feedback_sample_rate": 0,
            "name": "blacktickets-dev-booking-notifications",
            "name_prefix": "",
            "owner": "091869721157",
            "policy": "{\"Id\":\"__default_policy_ID\",\"Statement\":[{\"Action\":[\"SNS:GetTopicAttributes\",\"SNS:SetTopicAttributes\",\"SNS:AddPermission\",\"SNS:RemovePermission\",\"SNS:DeleteTopic\",\"SNS:Subscribe\",\"SNS:ListSubscriptionsByTopic\",\"SNS:Publish\"],\"Condition\":{\"StringEquals\":{\"AWS:SourceOwner\":\"091869721157\"}},\"Effect\":\"Allow\",\"Principal\":{\"AWS\":\"*\"},\"Resource\":\"arn:aws:sns:us-east-1:091869721157:blacktickets-dev-booking-notifications\",\"Sid\":\"__default_statement_ID\"}],\"Version\":\"2008-10-17\"}",
            "region": "us-east-1",
            "signature_version": 0,
            "sqs_failure_feedback_role_arn": "",
            "sqs_success_feedback_role_arn": "",
            "sqs_success_feedback_sample_rate": 0,
            "tags": {
              "Environment": "dev",
              "ManagedBy": "terraform",
              "Name": "blacktickets-dev-booking-notifications",
              "Project": "blacktickets"
            },
            "tags_all": {
              "Environment": "dev",
              "ManagedBy": "terraform",
              "Name": "blacktickets-dev-booking-notifications",
              "Project": "blacktickets"
            },
            "tracing_config": ""
          },
          "sensitive_attributes": [],
          "identity_schema_version": 0,
          "identity": {
            "arn": "arn:aws:sns:us-east-1:091869721157:blacktickets-dev-booking-notifications"
          },
          "private": "bnVsbA=="
        }
      ]
    },
    {
      "mode": "managed",
      "type": "aws_sns_topic_subscription",
      "name": "booking_notifications_email",
      "provider": "provider[\"registry.terraform.io/hashicorp/aws\"]",
      "instances": [
        {
          "schema_version": 0,
          "attributes": {
            "arn": "arn:aws:sns:us-east-1:091869721157:blacktickets-dev-booking-notifications:4e308061-12b8-495b-9b8f-a019e004cc66",
            "confirmation_timeout_in_minutes": 1,
            "confirmation_was_authenticated": false,
            "delivery_policy": "",
            "endpoint": "ananthakkumarv@gmail.com",
            "endpoint_auto_confirms": false,
            "filter_policy": "",
            "filter_policy_scope": "",
            "id": "arn:aws:sns:us-east-1:091869721157:blacktickets-dev-booking-notifications:4e308061-12b8-495b-9b8f-a019e004cc66",
            "owner_id": "091869721157",
            "pending_confirmation": false,
            "protocol": "email",
            "raw_message_delivery": false,
            "redrive_policy": "",
            "region": "us-east-1",
            "replay_policy": "",
            "subscription_role_arn": "",
            "topic_arn": "arn:aws:sns:us-east-1:091869721157:blacktickets-dev-booking-notifications"
          },
          "sensitive_attributes": [],
          "identity_schema_version": 0,
          "identity": {
            "arn": "arn:aws:sns:us-east-1:091869721157:blacktickets-dev-booking-notifications:4e308061-12b8-495b-9b8f-a019e004cc66"
          },
          "private": "bnVsbA==",
          "dependencies": [
            "aws_sns_topic.booking_notifications"
          ]
        }
      ]
    },
    {
      "mode": "managed",
      "type": "aws_sqs_queue",
      "name": "booking_notifications",
      "provider": "provider[\"registry.terraform.io/hashicorp/aws\"]",
      "instances": [
        {
          "schema_version": 0,
          "attributes": {
            "arn": "arn:aws:sqs:us-east-1:091869721157:blacktickets-dev-booking-notifications",
            "content_based_deduplication": false,
            "deduplication_scope": "",
            "delay_seconds": 0,
            "fifo_queue": false,
            "fifo_throughput_limit": "",
            "id": "https://sqs.us-east-1.amazonaws.com/091869721157/blacktickets-dev-booking-notifications",
            "kms_data_key_reuse_period_seconds": 300,
            "kms_master_key_id": "",
            "max_message_size": 262144,
            "message_retention_seconds": 345600,
            "name": "blacktickets-dev-booking-notifications",
            "name_prefix": "",
            "policy": "",
            "receive_wait_time_seconds": 20,
            "redrive_allow_policy": "",
            "redrive_policy": "",
            "region": "us-east-1",
            "sqs_managed_sse_enabled": true,
            "tags": {
              "Environment": "dev",
              "ManagedBy": "terraform",
              "Name": "blacktickets-dev-booking-notifications",
              "Project": "blacktickets"
            },
            "tags_all": {
              "Environment": "dev",
              "ManagedBy": "terraform",
              "Name": "blacktickets-dev-booking-notifications",
              "Project": "blacktickets"
            },
            "timeouts": null,
            "url": "https://sqs.us-east-1.amazonaws.com/091869721157/blacktickets-dev-booking-notifications",
            "visibility_timeout_seconds": 30
          },
          "sensitive_attributes": [],
          "identity_schema_version": 1,
          "identity": {
            "url": "https://sqs.us-east-1.amazonaws.com/091869721157/blacktickets-dev-booking-notifications"
          },
          "private": "eyJlMmJmYjczMC1lY2FhLTExZTYtOGY4OC0zNDM2M2JjN2M0YzAiOnsiY3JlYXRlIjoxODAwMDAwMDAwMDAsImRlbGV0ZSI6MTgwMDAwMDAwMDAwLCJ1cGRhdGUiOjE4MDAwMDAwMDAwMH19"
        }
      ]
    },
    {
      "mode": "managed",
      "type": "aws_subnet",
      "name": "private_app",
      "provider": "provider[\"registry.terraform.io/hashicorp/aws\"]",
      "instances": [
        {
          "index_key": 0,
          "schema_version": 1,
          "attributes": {
            "arn": "arn:aws:ec2:us-east-1:091869721157:subnet/subnet-0c1abec4a36d722dc",
            "assign_ipv6_address_on_creation": false,
            "availability_zone": "us-east-1a",
            "availability_zone_id": "use1-az1",
            "cidr_block": "10.0.11.0/24",
            "customer_owned_ipv4_pool": "",
            "enable_dns64": false,
            "enable_lni_at_device_index": 0,
            "enable_resource_name_dns_a_record_on_launch": false,
            "enable_resource_name_dns_aaaa_record_on_launch": false,
            "id": "subnet-0c1abec4a36d722dc",
            "ipv4_ipam_pool_id": null,
            "ipv4_netmask_length": null,
            "ipv6_cidr_block": "",
            "ipv6_cidr_block_association_id": "",
            "ipv6_ipam_pool_id": null,
            "ipv6_native": false,
            "ipv6_netmask_length": null,
            "map_customer_owned_ip_on_launch": false,
            "map_public_ip_on_launch": false,
            "outpost_arn": "",
            "owner_id": "091869721157",
            "private_dns_hostname_type_on_launch": "ip-name",
            "region": "us-east-1",
            "tags": {
              "Environment": "dev",
              "ManagedBy": "terraform",
              "Name": "blacktickets-dev-private-app-1",
              "Project": "blacktickets",
              "Tier": "private-app"
            },
            "tags_all": {
              "Environment": "dev",
              "ManagedBy": "terraform",
              "Name": "blacktickets-dev-private-app-1",
              "Project": "blacktickets",
              "Tier": "private-app"
            },
            "timeouts": null,
            "vpc_id": "vpc-086a5e59000af6f38"
          },
          "sensitive_attributes": [],
          "identity_schema_version": 0,
          "identity": {
            "account_id": "091869721157",
            "id": "subnet-0c1abec4a36d722dc",
            "region": "us-east-1"
          },
          "private": "eyJlMmJmYjczMC1lY2FhLTExZTYtOGY4OC0zNDM2M2JjN2M0YzAiOnsiY3JlYXRlIjo2MDAwMDAwMDAwMDAsImRlbGV0ZSI6MTIwMDAwMDAwMDAwMH0sInNjaGVtYV92ZXJzaW9uIjoiMSJ9",
          "dependencies": [
            "aws_vpc.main",
            "data.aws_availability_zones.available"
          ]
        },
        {
          "index_key": 1,
          "schema_version": 1,
          "attributes": {
            "arn": "arn:aws:ec2:us-east-1:091869721157:subnet/subnet-06d4d03d4b66828ec",
            "assign_ipv6_address_on_creation": false,
            "availability_zone": "us-east-1b",
            "availability_zone_id": "use1-az2",
            "cidr_block": "10.0.12.0/24",
            "customer_owned_ipv4_pool": "",
            "enable_dns64": false,
            "enable_lni_at_device_index": 0,
            "enable_resource_name_dns_a_record_on_launch": false,
            "enable_resource_name_dns_aaaa_record_on_launch": false,
            "id": "subnet-06d4d03d4b66828ec",
            "ipv4_ipam_pool_id": null,
            "ipv4_netmask_length": null,
            "ipv6_cidr_block": "",
            "ipv6_cidr_block_association_id": "",
            "ipv6_ipam_pool_id": null,
            "ipv6_native": false,
            "ipv6_netmask_length": null,
            "map_customer_owned_ip_on_launch": false,
            "map_public_ip_on_launch": false,
            "outpost_arn": "",
            "owner_id": "091869721157",
            "private_dns_hostname_type_on_launch": "ip-name",
            "region": "us-east-1",
            "tags": {
              "Environment": "dev",
              "ManagedBy": "terraform",
              "Name": "blacktickets-dev-private-app-2",
              "Project": "blacktickets",
              "Tier": "private-app"
            },
            "tags_all": {
              "Environment": "dev",
              "ManagedBy": "terraform",
              "Name": "blacktickets-dev-private-app-2",
              "Project": "blacktickets",
              "Tier": "private-app"
            },
            "timeouts": null,
            "vpc_id": "vpc-086a5e59000af6f38"
          },
          "sensitive_attributes": [],
          "identity_schema_version": 0,
          "identity": {
            "account_id": "091869721157",
            "id": "subnet-06d4d03d4b66828ec",
            "region": "us-east-1"
          },
          "private": "eyJlMmJmYjczMC1lY2FhLTExZTYtOGY4OC0zNDM2M2JjN2M0YzAiOnsiY3JlYXRlIjo2MDAwMDAwMDAwMDAsImRlbGV0ZSI6MTIwMDAwMDAwMDAwMH0sInNjaGVtYV92ZXJzaW9uIjoiMSJ9",
          "dependencies": [
            "aws_vpc.main",
            "data.aws_availability_zones.available"
          ]
        }
      ]
    },
    {
      "mode": "managed",
      "type": "aws_subnet",
      "name": "private_db",
      "provider": "provider[\"registry.terraform.io/hashicorp/aws\"]",
      "instances": [
        {
          "index_key": 0,
          "schema_version": 1,
          "attributes": {
            "arn": "arn:aws:ec2:us-east-1:091869721157:subnet/subnet-0021137a192e9efb3",
            "assign_ipv6_address_on_creation": false,
            "availability_zone": "us-east-1a",
            "availability_zone_id": "use1-az1",
            "cidr_block": "10.0.21.0/24",
            "customer_owned_ipv4_pool": "",
            "enable_dns64": false,
            "enable_lni_at_device_index": 0,
            "enable_resource_name_dns_a_record_on_launch": false,
            "enable_resource_name_dns_aaaa_record_on_launch": false,
            "id": "subnet-0021137a192e9efb3",
            "ipv4_ipam_pool_id": null,
            "ipv4_netmask_length": null,
            "ipv6_cidr_block": "",
            "ipv6_cidr_block_association_id": "",
            "ipv6_ipam_pool_id": null,
            "ipv6_native": false,
            "ipv6_netmask_length": null,
            "map_customer_owned_ip_on_launch": false,
            "map_public_ip_on_launch": false,
            "outpost_arn": "",
            "owner_id": "091869721157",
            "private_dns_hostname_type_on_launch": "ip-name",
            "region": "us-east-1",
            "tags": {
              "Environment": "dev",
              "ManagedBy": "terraform",
              "Name": "blacktickets-dev-private-db-1",
              "Project": "blacktickets",
              "Tier": "private-db"
            },
            "tags_all": {
              "Environment": "dev",
              "ManagedBy": "terraform",
              "Name": "blacktickets-dev-private-db-1",
              "Project": "blacktickets",
              "Tier": "private-db"
            },
            "timeouts": null,
            "vpc_id": "vpc-086a5e59000af6f38"
          },
          "sensitive_attributes": [],
          "identity_schema_version": 0,
          "identity": {
            "account_id": "091869721157",
            "id": "subnet-0021137a192e9efb3",
            "region": "us-east-1"
          },
          "private": "eyJlMmJmYjczMC1lY2FhLTExZTYtOGY4OC0zNDM2M2JjN2M0YzAiOnsiY3JlYXRlIjo2MDAwMDAwMDAwMDAsImRlbGV0ZSI6MTIwMDAwMDAwMDAwMH0sInNjaGVtYV92ZXJzaW9uIjoiMSJ9",
          "dependencies": [
            "aws_vpc.main",
            "data.aws_availability_zones.available"
          ]
        },
        {
          "index_key": 1,
          "schema_version": 1,
          "attributes": {
            "arn": "arn:aws:ec2:us-east-1:091869721157:subnet/subnet-09a126839c35a7626",
            "assign_ipv6_address_on_creation": false,
            "availability_zone": "us-east-1b",
            "availability_zone_id": "use1-az2",
            "cidr_block": "10.0.22.0/24",
            "customer_owned_ipv4_pool": "",
            "enable_dns64": false,
            "enable_lni_at_device_index": 0,
            "enable_resource_name_dns_a_record_on_launch": false,
            "enable_resource_name_dns_aaaa_record_on_launch": false,
            "id": "subnet-09a126839c35a7626",
            "ipv4_ipam_pool_id": null,
            "ipv4_netmask_length": null,
            "ipv6_cidr_block": "",
            "ipv6_cidr_block_association_id": "",
            "ipv6_ipam_pool_id": null,
            "ipv6_native": false,
            "ipv6_netmask_length": null,
            "map_customer_owned_ip_on_launch": false,
            "map_public_ip_on_launch": false,
            "outpost_arn": "",
            "owner_id": "091869721157",
            "private_dns_hostname_type_on_launch": "ip-name",
            "region": "us-east-1",
            "tags": {
              "Environment": "dev",
              "ManagedBy": "terraform",
              "Name": "blacktickets-dev-private-db-2",
              "Project": "blacktickets",
              "Tier": "private-db"
            },
            "tags_all": {
              "Environment": "dev",
              "ManagedBy": "terraform",
              "Name": "blacktickets-dev-private-db-2",
              "Project": "blacktickets",
              "Tier": "private-db"
            },
            "timeouts": null,
            "vpc_id": "vpc-086a5e59000af6f38"
          },
          "sensitive_attributes": [],
          "identity_schema_version": 0,
          "identity": {
            "account_id": "091869721157",
            "id": "subnet-09a126839c35a7626",
            "region": "us-east-1"
          },
          "private": "eyJlMmJmYjczMC1lY2FhLTExZTYtOGY4OC0zNDM2M2JjN2M0YzAiOnsiY3JlYXRlIjo2MDAwMDAwMDAwMDAsImRlbGV0ZSI6MTIwMDAwMDAwMDAwMH0sInNjaGVtYV92ZXJzaW9uIjoiMSJ9",
          "dependencies": [
            "aws_vpc.main",
            "data.aws_availability_zones.available"
          ]
        }
      ]
    },
    {
      "mode": "managed",
      "type": "aws_subnet",
      "name": "public",
      "provider": "provider[\"registry.terraform.io/hashicorp/aws\"]",
      "instances": [
        {
          "index_key": 0,
          "schema_version": 1,
          "attributes": {
            "arn": "arn:aws:ec2:us-east-1:091869721157:subnet/subnet-07ee3e7f89d27ea31",
            "assign_ipv6_address_on_creation": false,
            "availability_zone": "us-east-1a",
            "availability_zone_id": "use1-az1",
            "cidr_block": "10.0.1.0/24",
            "customer_owned_ipv4_pool": "",
            "enable_dns64": false,
            "enable_lni_at_device_index": 0,
            "enable_resource_name_dns_a_record_on_launch": false,
            "enable_resource_name_dns_aaaa_record_on_launch": false,
            "id": "subnet-07ee3e7f89d27ea31",
            "ipv4_ipam_pool_id": null,
            "ipv4_netmask_length": null,
            "ipv6_cidr_block": "",
            "ipv6_cidr_block_association_id": "",
            "ipv6_ipam_pool_id": null,
            "ipv6_native": false,
            "ipv6_netmask_length": null,
            "map_customer_owned_ip_on_launch": false,
            "map_public_ip_on_launch": true,
            "outpost_arn": "",
            "owner_id": "091869721157",
            "private_dns_hostname_type_on_launch": "ip-name",
            "region": "us-east-1",
            "tags": {
              "Environment": "dev",
              "ManagedBy": "terraform",
              "Name": "blacktickets-dev-public-1",
              "Project": "blacktickets",
              "Tier": "public"
            },
            "tags_all": {
              "Environment": "dev",
              "ManagedBy": "terraform",
              "Name": "blacktickets-dev-public-1",
              "Project": "blacktickets",
              "Tier": "public"
            },
            "timeouts": null,
            "vpc_id": "vpc-086a5e59000af6f38"
          },
          "sensitive_attributes": [],
          "identity_schema_version": 0,
          "identity": {
            "account_id": "091869721157",
            "id": "subnet-07ee3e7f89d27ea31",
            "region": "us-east-1"
          },
          "private": "eyJlMmJmYjczMC1lY2FhLTExZTYtOGY4OC0zNDM2M2JjN2M0YzAiOnsiY3JlYXRlIjo2MDAwMDAwMDAwMDAsImRlbGV0ZSI6MTIwMDAwMDAwMDAwMH0sInNjaGVtYV92ZXJzaW9uIjoiMSJ9",
          "dependencies": [
            "aws_vpc.main",
            "data.aws_availability_zones.available"
          ]
        },
        {
          "index_key": 1,
          "schema_version": 1,
          "attributes": {
            "arn": "arn:aws:ec2:us-east-1:091869721157:subnet/subnet-08ad07e63fe464e4c",
            "assign_ipv6_address_on_creation": false,
            "availability_zone": "us-east-1b",
            "availability_zone_id": "use1-az2",
            "cidr_block": "10.0.2.0/24",
            "customer_owned_ipv4_pool": "",
            "enable_dns64": false,
            "enable_lni_at_device_index": 0,
            "enable_resource_name_dns_a_record_on_launch": false,
            "enable_resource_name_dns_aaaa_record_on_launch": false,
            "id": "subnet-08ad07e63fe464e4c",
            "ipv4_ipam_pool_id": null,
            "ipv4_netmask_length": null,
            "ipv6_cidr_block": "",
            "ipv6_cidr_block_association_id": "",
            "ipv6_ipam_pool_id": null,
            "ipv6_native": false,
            "ipv6_netmask_length": null,
            "map_customer_owned_ip_on_launch": false,
            "map_public_ip_on_launch": true,
            "outpost_arn": "",
            "owner_id": "091869721157",
            "private_dns_hostname_type_on_launch": "ip-name",
            "region": "us-east-1",
            "tags": {
              "Environment": "dev",
              "ManagedBy": "terraform",
              "Name": "blacktickets-dev-public-2",
              "Project": "blacktickets",
              "Tier": "public"
            },
            "tags_all": {
              "Environment": "dev",
              "ManagedBy": "terraform",
              "Name": "blacktickets-dev-public-2",
              "Project": "blacktickets",
              "Tier": "public"
            },
            "timeouts": null,
            "vpc_id": "vpc-086a5e59000af6f38"
          },
          "sensitive_attributes": [],
          "identity_schema_version": 0,
          "identity": {
            "account_id": "091869721157",
            "id": "subnet-08ad07e63fe464e4c",
            "region": "us-east-1"
          },
          "private": "eyJlMmJmYjczMC1lY2FhLTExZTYtOGY4OC0zNDM2M2JjN2M0YzAiOnsiY3JlYXRlIjo2MDAwMDAwMDAwMDAsImRlbGV0ZSI6MTIwMDAwMDAwMDAwMH0sInNjaGVtYV92ZXJzaW9uIjoiMSJ9",
          "dependencies": [
            "aws_vpc.main",
            "data.aws_availability_zones.available"
          ]
        }
      ]
    },
    {
      "mode": "managed",
      "type": "aws_vpc",
      "name": "main",
      "provider": "provider[\"registry.terraform.io/hashicorp/aws\"]",
      "instances": [
        {
          "schema_version": 1,
          "attributes": {
            "arn": "arn:aws:ec2:us-east-1:091869721157:vpc/vpc-086a5e59000af6f38",
            "assign_generated_ipv6_cidr_block": false,
            "cidr_block": "10.0.0.0/16",
            "default_network_acl_id": "acl-0a5501562feb5ff0a",
            "default_route_table_id": "rtb-0745e3fd63cc17f31",
            "default_security_group_id": "sg-09134b56f5d9ddda2",
            "dhcp_options_id": "dopt-0aa8e2880af035515",
            "enable_dns_hostnames": true,
            "enable_dns_support": true,
            "enable_network_address_usage_metrics": false,
            "id": "vpc-086a5e59000af6f38",
            "instance_tenancy": "default",
            "ipv4_ipam_pool_id": null,
            "ipv4_netmask_length": null,
            "ipv6_association_id": "",
            "ipv6_cidr_block": "",
            "ipv6_cidr_block_network_border_group": "",
            "ipv6_ipam_pool_id": "",
            "ipv6_netmask_length": 0,
            "main_route_table_id": "rtb-0745e3fd63cc17f31",
            "owner_id": "091869721157",
            "region": "us-east-1",
            "tags": {
              "Environment": "dev",
              "ManagedBy": "terraform",
              "Name": "blacktickets-dev-vpc",
              "Project": "blacktickets"
            },
            "tags_all": {
              "Environment": "dev",
              "ManagedBy": "terraform",
              "Name": "blacktickets-dev-vpc",
              "Project": "blacktickets"
            }
          },
          "sensitive_attributes": [],
          "identity_schema_version": 0,
          "identity": {
            "account_id": "091869721157",
            "id": "vpc-086a5e59000af6f38",
            "region": "us-east-1"
          },
          "private": "eyJzY2hlbWFfdmVyc2lvbiI6IjEifQ=="
        }
      ]
    },
    {
      "mode": "managed",
      "type": "aws_vpc_endpoint",
      "name": "cloudwatch_logs",
      "provider": "provider[\"registry.terraform.io/hashicorp/aws\"]",
      "instances": [
        {
          "schema_version": 0,
          "attributes": {
            "arn": "arn:aws:ec2:us-east-1:091869721157:vpc-endpoint/vpce-0b4fab68b58493c0c",
            "auto_accept": null,
            "cidr_blocks": [],
            "dns_entry": [
              {
                "dns_name": "vpce-0b4fab68b58493c0c-lbckutej.logs.us-east-1.vpce.amazonaws.com",
                "hosted_zone_id": "Z7HUB22UULQXV"
              },
              {
                "dns_name": "vpce-0b4fab68b58493c0c-lbckutej-us-east-1b.logs.us-east-1.vpce.amazonaws.com",
                "hosted_zone_id": "Z7HUB22UULQXV"
              },
              {
                "dns_name": "vpce-0b4fab68b58493c0c-lbckutej-us-east-1a.logs.us-east-1.vpce.amazonaws.com",
                "hosted_zone_id": "Z7HUB22UULQXV"
              },
              {
                "dns_name": "logs.us-east-1.amazonaws.com",
                "hosted_zone_id": "Z05738861ZM6W4HLPL9X7"
              },
              {
                "dns_name": "streaming-logs.us-east-1.amazonaws.com",
                "hosted_zone_id": "Z05916183KTJOADQJ92YN"
              },
              {
                "dns_name": "streaming-logs.us-east-1.api.aws",
                "hosted_zone_id": "Z05743692LVDP57DDMX7H"
              },
              {
                "dns_name": "logs.us-east-1.api.aws",
                "hosted_zone_id": "Z05904443N3WPFJKTO8DE"
              }
            ],
            "dns_options": [
              {
                "dns_record_ip_type": "ipv4",
                "private_dns_only_for_inbound_resolver_endpoint": false,
                "private_dns_preference": "",
                "private_dns_specified_domains": []
              }
            ],
            "id": "vpce-0b4fab68b58493c0c",
            "ip_address_type": "ipv4",
            "network_interface_ids": [
              "eni-04d76a2282bfa49f3",
              "eni-09d7b0bedb2884210"
            ],
            "owner_id": "091869721157",
            "policy": "{\"Statement\":[{\"Action\":\"*\",\"Effect\":\"Allow\",\"Principal\":\"*\",\"Resource\":\"*\"}]}",
            "prefix_list_id": null,
            "private_dns_enabled": true,
            "region": "us-east-1",
            "requester_managed": false,
            "resource_configuration_arn": "",
            "route_table_ids": [],
            "security_group_ids": [
              "sg-067422c4f704caa35"
            ],
            "service_name": "com.amazonaws.us-east-1.logs",
            "service_network_arn": "",
            "service_region": "us-east-1",
            "state": "available",
            "subnet_configuration": [
              {
                "ipv4": "10.0.11.135",
                "ipv6": "",
                "subnet_id": "subnet-0c1abec4a36d722dc"
              },
              {
                "ipv4": "10.0.12.199",
                "ipv6": "",
                "subnet_id": "subnet-06d4d03d4b66828ec"
              }
            ],
            "subnet_ids": [
              "subnet-06d4d03d4b66828ec",
              "subnet-0c1abec4a36d722dc"
            ],
            "tags": {
              "Environment": "dev",
              "ManagedBy": "terraform",
              "Name": "blacktickets-dev-logs-endpoint",
              "Project": "blacktickets"
            },
            "tags_all": {
              "Environment": "dev",
              "ManagedBy": "terraform",
              "Name": "blacktickets-dev-logs-endpoint",
              "Project": "blacktickets"
            },
            "timeouts": null,
            "vpc_endpoint_type": "Interface",
            "vpc_id": "vpc-086a5e59000af6f38"
          },
          "sensitive_attributes": [],
          "identity_schema_version": 0,
          "identity": {
            "account_id": "091869721157",
            "id": "vpce-0b4fab68b58493c0c",
            "region": "us-east-1"
          },
          "private": "eyJlMmJmYjczMC1lY2FhLTExZTYtOGY4OC0zNDM2M2JjN2M0YzAiOnsiY3JlYXRlIjo2MDAwMDAwMDAwMDAsImRlbGV0ZSI6NjAwMDAwMDAwMDAwLCJ1cGRhdGUiOjYwMDAwMDAwMDAwMH19",
          "dependencies": [
            "aws_security_group.ec2_app",
            "aws_security_group.vpc_endpoints",
            "aws_subnet.private_app",
            "aws_vpc.main",
            "data.aws_availability_zones.available"
          ]
        }
      ]
    },
    {
      "mode": "managed",
      "type": "aws_vpc_endpoint",
      "name": "ec2_messages",
      "provider": "provider[\"registry.terraform.io/hashicorp/aws\"]",
      "instances": [
        {
          "schema_version": 0,
          "attributes": {
            "arn": "arn:aws:ec2:us-east-1:091869721157:vpc-endpoint/vpce-0cc2733ee7c7d71e3",
            "auto_accept": null,
            "cidr_blocks": [],
            "dns_entry": [
              {
                "dns_name": "vpce-0cc2733ee7c7d71e3-ghgem3rl.ec2messages.us-east-1.vpce.amazonaws.com",
                "hosted_zone_id": "Z7HUB22UULQXV"
              },
              {
                "dns_name": "vpce-0cc2733ee7c7d71e3-ghgem3rl-us-east-1b.ec2messages.us-east-1.vpce.amazonaws.com",
                "hosted_zone_id": "Z7HUB22UULQXV"
              },
              {
                "dns_name": "vpce-0cc2733ee7c7d71e3-ghgem3rl-us-east-1a.ec2messages.us-east-1.vpce.amazonaws.com",
                "hosted_zone_id": "Z7HUB22UULQXV"
              },
              {
                "dns_name": "ec2messages.us-east-1.amazonaws.com",
                "hosted_zone_id": "Z05912603QWOBHFOGGK8L"
              }
            ],
            "dns_options": [
              {
                "dns_record_ip_type": "ipv4",
                "private_dns_only_for_inbound_resolver_endpoint": false,
                "private_dns_preference": "",
                "private_dns_specified_domains": []
              }
            ],
            "id": "vpce-0cc2733ee7c7d71e3",
            "ip_address_type": "ipv4",
            "network_interface_ids": [
              "eni-00e536b93cc92756d",
              "eni-07845b8c9b72c38c6"
            ],
            "owner_id": "091869721157",
            "policy": "{\"Statement\":[{\"Action\":\"*\",\"Effect\":\"Allow\",\"Principal\":\"*\",\"Resource\":\"*\"}]}",
            "prefix_list_id": null,
            "private_dns_enabled": true,
            "region": "us-east-1",
            "requester_managed": false,
            "resource_configuration_arn": "",
            "route_table_ids": [],
            "security_group_ids": [
              "sg-067422c4f704caa35"
            ],
            "service_name": "com.amazonaws.us-east-1.ec2messages",
            "service_network_arn": "",
            "service_region": "us-east-1",
            "state": "available",
            "subnet_configuration": [
              {
                "ipv4": "10.0.11.234",
                "ipv6": "",
                "subnet_id": "subnet-0c1abec4a36d722dc"
              },
              {
                "ipv4": "10.0.12.83",
                "ipv6": "",
                "subnet_id": "subnet-06d4d03d4b66828ec"
              }
            ],
            "subnet_ids": [
              "subnet-06d4d03d4b66828ec",
              "subnet-0c1abec4a36d722dc"
            ],
            "tags": {
              "Environment": "dev",
              "ManagedBy": "terraform",
              "Name": "blacktickets-dev-ec2messages-endpoint",
              "Project": "blacktickets"
            },
            "tags_all": {
              "Environment": "dev",
              "ManagedBy": "terraform",
              "Name": "blacktickets-dev-ec2messages-endpoint",
              "Project": "blacktickets"
            },
            "timeouts": null,
            "vpc_endpoint_type": "Interface",
            "vpc_id": "vpc-086a5e59000af6f38"
          },
          "sensitive_attributes": [],
          "identity_schema_version": 0,
          "identity": {
            "account_id": "091869721157",
            "id": "vpce-0cc2733ee7c7d71e3",
            "region": "us-east-1"
          },
          "private": "eyJlMmJmYjczMC1lY2FhLTExZTYtOGY4OC0zNDM2M2JjN2M0YzAiOnsiY3JlYXRlIjo2MDAwMDAwMDAwMDAsImRlbGV0ZSI6NjAwMDAwMDAwMDAwLCJ1cGRhdGUiOjYwMDAwMDAwMDAwMH19",
          "dependencies": [
            "aws_security_group.ec2_app",
            "aws_security_group.vpc_endpoints",
            "aws_subnet.private_app",
            "aws_vpc.main",
            "data.aws_availability_zones.available"
          ]
        }
      ]
    },
    {
      "mode": "managed",
      "type": "aws_vpc_endpoint",
      "name": "ecr_api",
      "provider": "provider[\"registry.terraform.io/hashicorp/aws\"]",
      "instances": [
        {
          "schema_version": 0,
          "attributes": {
            "arn": "arn:aws:ec2:us-east-1:091869721157:vpc-endpoint/vpce-0c79d2a39a460e2d6",
            "auto_accept": null,
            "cidr_blocks": [],
            "dns_entry": [
              {
                "dns_name": "vpce-0c79d2a39a460e2d6-uas57vac.api.ecr.us-east-1.vpce.amazonaws.com",
                "hosted_zone_id": "Z7HUB22UULQXV"
              },
              {
                "dns_name": "vpce-0c79d2a39a460e2d6-uas57vac-us-east-1b.api.ecr.us-east-1.vpce.amazonaws.com",
                "hosted_zone_id": "Z7HUB22UULQXV"
              },
              {
                "dns_name": "vpce-0c79d2a39a460e2d6-uas57vac-us-east-1a.api.ecr.us-east-1.vpce.amazonaws.com",
                "hosted_zone_id": "Z7HUB22UULQXV"
              },
              {
                "dns_name": "api.ecr.us-east-1.amazonaws.com",
                "hosted_zone_id": "Z05919323RJ9VTOZSU1BV"
              },
              {
                "dns_name": "ecr.us-east-1.api.aws",
                "hosted_zone_id": "Z029702726FTGJT63U0JV"
              }
            ],
            "dns_options": [
              {
                "dns_record_ip_type": "ipv4",
                "private_dns_only_for_inbound_resolver_endpoint": false,
                "private_dns_preference": "",
                "private_dns_specified_domains": []
              }
            ],
            "id": "vpce-0c79d2a39a460e2d6",
            "ip_address_type": "ipv4",
            "network_interface_ids": [
              "eni-02aac457267becc6a",
              "eni-03801b8bb6b639626"
            ],
            "owner_id": "091869721157",
            "policy": "{\"Statement\":[{\"Action\":\"*\",\"Effect\":\"Allow\",\"Principal\":\"*\",\"Resource\":\"*\"}]}",
            "prefix_list_id": null,
            "private_dns_enabled": true,
            "region": "us-east-1",
            "requester_managed": false,
            "resource_configuration_arn": "",
            "route_table_ids": [],
            "security_group_ids": [
              "sg-067422c4f704caa35"
            ],
            "service_name": "com.amazonaws.us-east-1.ecr.api",
            "service_network_arn": "",
            "service_region": "us-east-1",
            "state": "available",
            "subnet_configuration": [
              {
                "ipv4": "10.0.11.93",
                "ipv6": "",
                "subnet_id": "subnet-0c1abec4a36d722dc"
              },
              {
                "ipv4": "10.0.12.37",
                "ipv6": "",
                "subnet_id": "subnet-06d4d03d4b66828ec"
              }
            ],
            "subnet_ids": [
              "subnet-06d4d03d4b66828ec",
              "subnet-0c1abec4a36d722dc"
            ],
            "tags": {
              "Environment": "dev",
              "ManagedBy": "terraform",
              "Name": "blacktickets-dev-ecr-api-endpoint",
              "Project": "blacktickets"
            },
            "tags_all": {
              "Environment": "dev",
              "ManagedBy": "terraform",
              "Name": "blacktickets-dev-ecr-api-endpoint",
              "Project": "blacktickets"
            },
            "timeouts": null,
            "vpc_endpoint_type": "Interface",
            "vpc_id": "vpc-086a5e59000af6f38"
          },
          "sensitive_attributes": [],
          "identity_schema_version": 0,
          "identity": {
            "account_id": "091869721157",
            "id": "vpce-0c79d2a39a460e2d6",
            "region": "us-east-1"
          },
          "private": "eyJlMmJmYjczMC1lY2FhLTExZTYtOGY4OC0zNDM2M2JjN2M0YzAiOnsiY3JlYXRlIjo2MDAwMDAwMDAwMDAsImRlbGV0ZSI6NjAwMDAwMDAwMDAwLCJ1cGRhdGUiOjYwMDAwMDAwMDAwMH19",
          "dependencies": [
            "aws_security_group.ec2_app",
            "aws_security_group.vpc_endpoints",
            "aws_subnet.private_app",
            "aws_vpc.main",
            "data.aws_availability_zones.available"
          ]
        }
      ]
    },
    {
      "mode": "managed",
      "type": "aws_vpc_endpoint",
      "name": "ecr_dkr",
      "provider": "provider[\"registry.terraform.io/hashicorp/aws\"]",
      "instances": [
        {
          "schema_version": 0,
          "attributes": {
            "arn": "arn:aws:ec2:us-east-1:091869721157:vpc-endpoint/vpce-0ff8f6d241c937c86",
            "auto_accept": null,
            "cidr_blocks": [],
            "dns_entry": [
              {
                "dns_name": "vpce-0ff8f6d241c937c86-z68sqpl8.dkr.ecr.us-east-1.vpce.amazonaws.com",
                "hosted_zone_id": "Z7HUB22UULQXV"
              },
              {
                "dns_name": "vpce-0ff8f6d241c937c86-z68sqpl8-us-east-1a.dkr.ecr.us-east-1.vpce.amazonaws.com",
                "hosted_zone_id": "Z7HUB22UULQXV"
              },
              {
                "dns_name": "vpce-0ff8f6d241c937c86-z68sqpl8-us-east-1b.dkr.ecr.us-east-1.vpce.amazonaws.com",
                "hosted_zone_id": "Z7HUB22UULQXV"
              },
              {
                "dns_name": "dkr.ecr.us-east-1.amazonaws.com",
                "hosted_zone_id": "Z0580240UYV0N42J2Q2U"
              },
              {
                "dns_name": "*.dkr.ecr.us-east-1.amazonaws.com",
                "hosted_zone_id": "Z0580240UYV0N42J2Q2U"
              },
              {
                "dns_name": "dkr-ecr.us-east-1.on.aws",
                "hosted_zone_id": "Z05806461IIMJLPM1YER5"
              },
              {
                "dns_name": "*.dkr-ecr.us-east-1.on.aws",
                "hosted_zone_id": "Z05806461IIMJLPM1YER5"
              }
            ],
            "dns_options": [
              {
                "dns_record_ip_type": "ipv4",
                "private_dns_only_for_inbound_resolver_endpoint": false,
                "private_dns_preference": "",
                "private_dns_specified_domains": []
              }
            ],
            "id": "vpce-0ff8f6d241c937c86",
            "ip_address_type": "ipv4",
            "network_interface_ids": [
              "eni-04c4c02a842737ace",
              "eni-0c1c1d1d84671d6db"
            ],
            "owner_id": "091869721157",
            "policy": "{\"Statement\":[{\"Action\":\"*\",\"Effect\":\"Allow\",\"Principal\":\"*\",\"Resource\":\"*\"}]}",
            "prefix_list_id": null,
            "private_dns_enabled": true,
            "region": "us-east-1",
            "requester_managed": false,
            "resource_configuration_arn": "",
            "route_table_ids": [],
            "security_group_ids": [
              "sg-067422c4f704caa35"
            ],
            "service_name": "com.amazonaws.us-east-1.ecr.dkr",
            "service_network_arn": "",
            "service_region": "us-east-1",
            "state": "available",
            "subnet_configuration": [
              {
                "ipv4": "10.0.11.183",
                "ipv6": "",
                "subnet_id": "subnet-0c1abec4a36d722dc"
              },
              {
                "ipv4": "10.0.12.27",
                "ipv6": "",
                "subnet_id": "subnet-06d4d03d4b66828ec"
              }
            ],
            "subnet_ids": [
              "subnet-06d4d03d4b66828ec",
              "subnet-0c1abec4a36d722dc"
            ],
            "tags": {
              "Environment": "dev",
              "ManagedBy": "terraform",
              "Name": "blacktickets-dev-ecr-dkr-endpoint",
              "Project": "blacktickets"
            },
            "tags_all": {
              "Environment": "dev",
              "ManagedBy": "terraform",
              "Name": "blacktickets-dev-ecr-dkr-endpoint",
              "Project": "blacktickets"
            },
            "timeouts": null,
            "vpc_endpoint_type": "Interface",
            "vpc_id": "vpc-086a5e59000af6f38"
          },
          "sensitive_attributes": [],
          "identity_schema_version": 0,
          "identity": {
            "account_id": "091869721157",
            "id": "vpce-0ff8f6d241c937c86",
            "region": "us-east-1"
          },
          "private": "eyJlMmJmYjczMC1lY2FhLTExZTYtOGY4OC0zNDM2M2JjN2M0YzAiOnsiY3JlYXRlIjo2MDAwMDAwMDAwMDAsImRlbGV0ZSI6NjAwMDAwMDAwMDAwLCJ1cGRhdGUiOjYwMDAwMDAwMDAwMH19",
          "dependencies": [
            "aws_security_group.ec2_app",
            "aws_security_group.vpc_endpoints",
            "aws_subnet.private_app",
            "aws_vpc.main",
            "data.aws_availability_zones.available"
          ]
        }
      ]
    },
    {
      "mode": "managed",
      "type": "aws_vpc_endpoint",
      "name": "s3",
      "provider": "provider[\"registry.terraform.io/hashicorp/aws\"]",
      "instances": [
        {
          "schema_version": 0,
          "attributes": {
            "arn": "arn:aws:ec2:us-east-1:091869721157:vpc-endpoint/vpce-04af200fb233e8ecf",
            "auto_accept": null,
            "cidr_blocks": [
              "16.15.176.0/20",
              "16.182.0.0/16",
              "18.34.0.0/19",
              "52.216.0.0/15",
              "54.231.0.0/16",
              "3.5.0.0/19",
              "18.34.232.0/21",
              "16.15.192.0/18"
            ],
            "dns_entry": [],
            "dns_options": [
              {
                "dns_record_ip_type": "service-defined",
                "private_dns_only_for_inbound_resolver_endpoint": false,
                "private_dns_preference": "",
                "private_dns_specified_domains": []
              }
            ],
            "id": "vpce-04af200fb233e8ecf",
            "ip_address_type": "ipv4",
            "network_interface_ids": [],
            "owner_id": "091869721157",
            "policy": "{\"Statement\":[{\"Action\":\"*\",\"Effect\":\"Allow\",\"Principal\":\"*\",\"Resource\":\"*\"}],\"Version\":\"2008-10-17\"}",
            "prefix_list_id": "pl-63a5400a",
            "private_dns_enabled": false,
            "region": "us-east-1",
            "requester_managed": false,
            "resource_configuration_arn": "",
            "route_table_ids": [
              "rtb-00a33ee741c0f4b26",
              "rtb-0d8ed62600f4afa16"
            ],
            "security_group_ids": [],
            "service_name": "com.amazonaws.us-east-1.s3",
            "service_network_arn": "",
            "service_region": "us-east-1",
            "state": "available",
            "subnet_configuration": [],
            "subnet_ids": [],
            "tags": {
              "Environment": "dev",
              "ManagedBy": "terraform",
              "Name": "blacktickets-dev-s3-endpoint",
              "Project": "blacktickets"
            },
            "tags_all": {
              "Environment": "dev",
              "ManagedBy": "terraform",
              "Name": "blacktickets-dev-s3-endpoint",
              "Project": "blacktickets"
            },
            "timeouts": null,
            "vpc_endpoint_type": "Gateway",
            "vpc_id": "vpc-086a5e59000af6f38"
          },
          "sensitive_attributes": [],
          "identity_schema_version": 0,
          "identity": {
            "account_id": "091869721157",
            "id": "vpce-04af200fb233e8ecf",
            "region": "us-east-1"
          },
          "private": "eyJlMmJmYjczMC1lY2FhLTExZTYtOGY4OC0zNDM2M2JjN2M0YzAiOnsiY3JlYXRlIjo2MDAwMDAwMDAwMDAsImRlbGV0ZSI6NjAwMDAwMDAwMDAwLCJ1cGRhdGUiOjYwMDAwMDAwMDAwMH19",
          "dependencies": [
            "aws_route_table.private_app",
            "aws_subnet.private_app",
            "aws_vpc.main",
            "data.aws_availability_zones.available"
          ]
        }
      ]
    },
    {
      "mode": "managed",
      "type": "aws_vpc_endpoint",
      "name": "secretsmanager",
      "provider": "provider[\"registry.terraform.io/hashicorp/aws\"]",
      "instances": [
        {
          "schema_version": 0,
          "attributes": {
            "arn": "arn:aws:ec2:us-east-1:091869721157:vpc-endpoint/vpce-0e41676dc80175948",
            "auto_accept": null,
            "cidr_blocks": [],
            "dns_entry": [
              {
                "dns_name": "vpce-0e41676dc80175948-pndc9sv0.secretsmanager.us-east-1.vpce.amazonaws.com",
                "hosted_zone_id": "Z7HUB22UULQXV"
              },
              {
                "dns_name": "vpce-0e41676dc80175948-pndc9sv0-us-east-1b.secretsmanager.us-east-1.vpce.amazonaws.com",
                "hosted_zone_id": "Z7HUB22UULQXV"
              },
              {
                "dns_name": "vpce-0e41676dc80175948-pndc9sv0-us-east-1a.secretsmanager.us-east-1.vpce.amazonaws.com",
                "hosted_zone_id": "Z7HUB22UULQXV"
              },
              {
                "dns_name": "secretsmanager.us-east-1.amazonaws.com",
                "hosted_zone_id": "Z03328902HGQT1CWJ7TAX"
              }
            ],
            "dns_options": [
              {
                "dns_record_ip_type": "ipv4",
                "private_dns_only_for_inbound_resolver_endpoint": false,
                "private_dns_preference": "",
                "private_dns_specified_domains": []
              }
            ],
            "id": "vpce-0e41676dc80175948",
            "ip_address_type": "ipv4",
            "network_interface_ids": [
              "eni-0f2dfcc75b6c12af6",
              "eni-0faebdeac0eddb531"
            ],
            "owner_id": "091869721157",
            "policy": "{\"Statement\":[{\"Action\":\"*\",\"Effect\":\"Allow\",\"Principal\":\"*\",\"Resource\":\"*\"}]}",
            "prefix_list_id": null,
            "private_dns_enabled": true,
            "region": "us-east-1",
            "requester_managed": false,
            "resource_configuration_arn": "",
            "route_table_ids": [],
            "security_group_ids": [
              "sg-067422c4f704caa35"
            ],
            "service_name": "com.amazonaws.us-east-1.secretsmanager",
            "service_network_arn": "",
            "service_region": "us-east-1",
            "state": "available",
            "subnet_configuration": [
              {
                "ipv4": "10.0.11.132",
                "ipv6": "",
                "subnet_id": "subnet-0c1abec4a36d722dc"
              },
              {
                "ipv4": "10.0.12.180",
                "ipv6": "",
                "subnet_id": "subnet-06d4d03d4b66828ec"
              }
            ],
            "subnet_ids": [
              "subnet-06d4d03d4b66828ec",
              "subnet-0c1abec4a36d722dc"
            ],
            "tags": {
              "Environment": "dev",
              "ManagedBy": "terraform",
              "Name": "blacktickets-dev-secretsmanager-endpoint",
              "Project": "blacktickets"
            },
            "tags_all": {
              "Environment": "dev",
              "ManagedBy": "terraform",
              "Name": "blacktickets-dev-secretsmanager-endpoint",
              "Project": "blacktickets"
            },
            "timeouts": null,
            "vpc_endpoint_type": "Interface",
            "vpc_id": "vpc-086a5e59000af6f38"
          },
          "sensitive_attributes": [],
          "identity_schema_version": 0,
          "identity": {
            "account_id": "091869721157",
            "id": "vpce-0e41676dc80175948",
            "region": "us-east-1"
          },
          "private": "eyJlMmJmYjczMC1lY2FhLTExZTYtOGY4OC0zNDM2M2JjN2M0YzAiOnsiY3JlYXRlIjo2MDAwMDAwMDAwMDAsImRlbGV0ZSI6NjAwMDAwMDAwMDAwLCJ1cGRhdGUiOjYwMDAwMDAwMDAwMH19",
          "dependencies": [
            "aws_security_group.ec2_app",
            "aws_security_group.vpc_endpoints",
            "aws_subnet.private_app",
            "aws_vpc.main",
            "data.aws_availability_zones.available"
          ]
        }
      ]
    },
    {
      "mode": "managed",
      "type": "aws_vpc_endpoint",
      "name": "ssm",
      "provider": "provider[\"registry.terraform.io/hashicorp/aws\"]",
      "instances": [
        {
          "schema_version": 0,
          "attributes": {
            "arn": "arn:aws:ec2:us-east-1:091869721157:vpc-endpoint/vpce-0c3e5da47db3f590f",
            "auto_accept": null,
            "cidr_blocks": [],
            "dns_entry": [
              {
                "dns_name": "vpce-0c3e5da47db3f590f-kicbetu4.ssm.us-east-1.vpce.amazonaws.com",
                "hosted_zone_id": "Z7HUB22UULQXV"
              },
              {
                "dns_name": "vpce-0c3e5da47db3f590f-kicbetu4-us-east-1b.ssm.us-east-1.vpce.amazonaws.com",
                "hosted_zone_id": "Z7HUB22UULQXV"
              },
              {
                "dns_name": "vpce-0c3e5da47db3f590f-kicbetu4-us-east-1a.ssm.us-east-1.vpce.amazonaws.com",
                "hosted_zone_id": "Z7HUB22UULQXV"
              },
              {
                "dns_name": "ssm.us-east-1.amazonaws.com",
                "hosted_zone_id": "Z02967772HOT5CH0ZJJIL"
              },
              {
                "dns_name": "ssm.us-east-1.api.aws",
                "hosted_zone_id": "Z03351348EZZVAVQ10SP"
              }
            ],
            "dns_options": [
              {
                "dns_record_ip_type": "ipv4",
                "private_dns_only_for_inbound_resolver_endpoint": false,
                "private_dns_preference": "",
                "private_dns_specified_domains": []
              }
            ],
            "id": "vpce-0c3e5da47db3f590f",
            "ip_address_type": "ipv4",
            "network_interface_ids": [
              "eni-01c08ad0214e71adc",
              "eni-08a39703bc7605f80"
            ],
            "owner_id": "091869721157",
            "policy": "{\"Statement\":[{\"Action\":\"*\",\"Effect\":\"Allow\",\"Principal\":\"*\",\"Resource\":\"*\"}]}",
            "prefix_list_id": null,
            "private_dns_enabled": true,
            "region": "us-east-1",
            "requester_managed": false,
            "resource_configuration_arn": "",
            "route_table_ids": [],
            "security_group_ids": [
              "sg-067422c4f704caa35"
            ],
            "service_name": "com.amazonaws.us-east-1.ssm",
            "service_network_arn": "",
            "service_region": "us-east-1",
            "state": "available",
            "subnet_configuration": [
              {
                "ipv4": "10.0.11.45",
                "ipv6": "",
                "subnet_id": "subnet-0c1abec4a36d722dc"
              },
              {
                "ipv4": "10.0.12.143",
                "ipv6": "",
                "subnet_id": "subnet-06d4d03d4b66828ec"
              }
            ],
            "subnet_ids": [
              "subnet-06d4d03d4b66828ec",
              "subnet-0c1abec4a36d722dc"
            ],
            "tags": {
              "Environment": "dev",
              "ManagedBy": "terraform",
              "Name": "blacktickets-dev-ssm-endpoint",
              "Project": "blacktickets"
            },
            "tags_all": {
              "Environment": "dev",
              "ManagedBy": "terraform",
              "Name": "blacktickets-dev-ssm-endpoint",
              "Project": "blacktickets"
            },
            "timeouts": null,
            "vpc_endpoint_type": "Interface",
            "vpc_id": "vpc-086a5e59000af6f38"
          },
          "sensitive_attributes": [],
          "identity_schema_version": 0,
          "identity": {
            "account_id": "091869721157",
            "id": "vpce-0c3e5da47db3f590f",
            "region": "us-east-1"
          },
          "private": "eyJlMmJmYjczMC1lY2FhLTExZTYtOGY4OC0zNDM2M2JjN2M0YzAiOnsiY3JlYXRlIjo2MDAwMDAwMDAwMDAsImRlbGV0ZSI6NjAwMDAwMDAwMDAwLCJ1cGRhdGUiOjYwMDAwMDAwMDAwMH19",
          "dependencies": [
            "aws_security_group.ec2_app",
            "aws_security_group.vpc_endpoints",
            "aws_subnet.private_app",
            "aws_vpc.main",
            "data.aws_availability_zones.available"
          ]
        }
      ]
    },
    {
      "mode": "managed",
      "type": "aws_vpc_endpoint",
      "name": "ssm_messages",
      "provider": "provider[\"registry.terraform.io/hashicorp/aws\"]",
      "instances": [
        {
          "schema_version": 0,
          "attributes": {
            "arn": "arn:aws:ec2:us-east-1:091869721157:vpc-endpoint/vpce-08e78ea03cd235d67",
            "auto_accept": null,
            "cidr_blocks": [],
            "dns_entry": [
              {
                "dns_name": "vpce-08e78ea03cd235d67-rz0ptgew.ssmmessages.us-east-1.vpce.amazonaws.com",
                "hosted_zone_id": "Z7HUB22UULQXV"
              },
              {
                "dns_name": "vpce-08e78ea03cd235d67-rz0ptgew-us-east-1a.ssmmessages.us-east-1.vpce.amazonaws.com",
                "hosted_zone_id": "Z7HUB22UULQXV"
              },
              {
                "dns_name": "vpce-08e78ea03cd235d67-rz0ptgew-us-east-1b.ssmmessages.us-east-1.vpce.amazonaws.com",
                "hosted_zone_id": "Z7HUB22UULQXV"
              },
              {
                "dns_name": "ssmmessages.us-east-1.amazonaws.com",
                "hosted_zone_id": "Z0576368318MYQ9WIGGM0"
              },
              {
                "dns_name": "ssmmessages.us-east-1.api.aws",
                "hosted_zone_id": "Z0296596176J0VUHZ9ZRF"
              }
            ],
            "dns_options": [
              {
                "dns_record_ip_type": "ipv4",
                "private_dns_only_for_inbound_resolver_endpoint": false,
                "private_dns_preference": "",
                "private_dns_specified_domains": []
              }
            ],
            "id": "vpce-08e78ea03cd235d67",
            "ip_address_type": "ipv4",
            "network_interface_ids": [
              "eni-09d43f19e5ad35fa4",
              "eni-0b329d0beba604409"
            ],
            "owner_id": "091869721157",
            "policy": "{\"Statement\":[{\"Action\":\"*\",\"Effect\":\"Allow\",\"Principal\":\"*\",\"Resource\":\"*\"}]}",
            "prefix_list_id": null,
            "private_dns_enabled": true,
            "region": "us-east-1",
            "requester_managed": false,
            "resource_configuration_arn": "",
            "route_table_ids": [],
            "security_group_ids": [
              "sg-067422c4f704caa35"
            ],
            "service_name": "com.amazonaws.us-east-1.ssmmessages",
            "service_network_arn": "",
            "service_region": "us-east-1",
            "state": "available",
            "subnet_configuration": [
              {
                "ipv4": "10.0.11.136",
                "ipv6": "",
                "subnet_id": "subnet-0c1abec4a36d722dc"
              },
              {
                "ipv4": "10.0.12.185",
                "ipv6": "",
                "subnet_id": "subnet-06d4d03d4b66828ec"
              }
            ],
            "subnet_ids": [
              "subnet-06d4d03d4b66828ec",
              "subnet-0c1abec4a36d722dc"
            ],
            "tags": {
              "Environment": "dev",
              "ManagedBy": "terraform",
              "Name": "blacktickets-dev-ssmmessages-endpoint",
              "Project": "blacktickets"
            },
            "tags_all": {
              "Environment": "dev",
              "ManagedBy": "terraform",
              "Name": "blacktickets-dev-ssmmessages-endpoint",
              "Project": "blacktickets"
            },
            "timeouts": null,
            "vpc_endpoint_type": "Interface",
            "vpc_id": "vpc-086a5e59000af6f38"
          },
          "sensitive_attributes": [],
          "identity_schema_version": 0,
          "identity": {
            "account_id": "091869721157",
            "id": "vpce-08e78ea03cd235d67",
            "region": "us-east-1"
          },
          "private": "eyJlMmJmYjczMC1lY2FhLTExZTYtOGY4OC0zNDM2M2JjN2M0YzAiOnsiY3JlYXRlIjo2MDAwMDAwMDAwMDAsImRlbGV0ZSI6NjAwMDAwMDAwMDAwLCJ1cGRhdGUiOjYwMDAwMDAwMDAwMH19",
          "dependencies": [
            "aws_security_group.ec2_app",
            "aws_security_group.vpc_endpoints",
            "aws_subnet.private_app",
            "aws_vpc.main",
            "data.aws_availability_zones.available"
          ]
        }
      ]
    },
    {
      "mode": "managed",
      "type": "aws_vpc_security_group_egress_rule",
      "name": "private_alb_backend_to_ec2_app",
      "provider": "provider[\"registry.terraform.io/hashicorp/aws\"]",
      "instances": [
        {
          "schema_version": 0,
          "attributes": {
            "arn": "arn:aws:ec2:us-east-1:091869721157:security-group-rule/sgr-04d1142bb50595975",
            "cidr_ipv4": null,
            "cidr_ipv6": null,
            "description": "Backend service traffic to app instances",
            "from_port": 4001,
            "id": "sgr-04d1142bb50595975",
            "ip_protocol": "tcp",
            "prefix_list_id": null,
            "referenced_security_group_id": "sg-0b9537c4caaa723d0",
            "region": "us-east-1",
            "security_group_id": "sg-0b890d97bf0a0c205",
            "security_group_rule_id": "sgr-04d1142bb50595975",
            "tags": null,
            "tags_all": {},
            "to_port": 4004
          },
          "sensitive_attributes": [],
          "identity_schema_version": 0,
          "identity": {
            "account_id": "091869721157",
            "id": "sgr-04d1142bb50595975",
            "region": "us-east-1"
          },
          "dependencies": [
            "aws_security_group.ec2_app",
            "aws_security_group.private_alb",
            "aws_vpc.main"
          ]
        }
      ]
    },
    {
      "mode": "managed",
      "type": "aws_vpc_security_group_ingress_rule",
      "name": "ec2_app_backend_from_private_alb",
      "provider": "provider[\"registry.terraform.io/hashicorp/aws\"]",
      "instances": [
        {
          "schema_version": 0,
          "attributes": {
            "arn": "arn:aws:ec2:us-east-1:091869721157:security-group-rule/sgr-03610ffb6ed37c209",
            "cidr_ipv4": null,
            "cidr_ipv6": null,
            "description": "Backend service traffic from private ALB",
            "from_port": 4001,
            "id": "sgr-03610ffb6ed37c209",
            "ip_protocol": "tcp",
            "prefix_list_id": null,
            "referenced_security_group_id": "sg-0b890d97bf0a0c205",
            "region": "us-east-1",
            "security_group_id": "sg-0b9537c4caaa723d0",
            "security_group_rule_id": "sgr-03610ffb6ed37c209",
            "tags": null,
            "tags_all": {},
            "to_port": 4004
          },
          "sensitive_attributes": [],
          "identity_schema_version": 0,
          "identity": {
            "account_id": "091869721157",
            "id": "sgr-03610ffb6ed37c209",
            "region": "us-east-1"
          },
          "dependencies": [
            "aws_security_group.ec2_app",
            "aws_security_group.private_alb",
            "aws_vpc.main"
          ]
        }
      ]
    },
    {
      "mode": "managed",
      "type": "aws_vpc_security_group_ingress_rule",
      "name": "ec2_app_frontend_from_public_alb",
      "provider": "provider[\"registry.terraform.io/hashicorp/aws\"]",
      "instances": [
        {
          "schema_version": 0,
          "attributes": {
            "arn": "arn:aws:ec2:us-east-1:091869721157:security-group-rule/sgr-04ea9a9a6c0a4976f",
            "cidr_ipv4": null,
            "cidr_ipv6": null,
            "description": "Frontend traffic from public ALB",
            "from_port": 80,
            "id": "sgr-04ea9a9a6c0a4976f",
            "ip_protocol": "tcp",
            "prefix_list_id": null,
            "referenced_security_group_id": "sg-0825596952b78fc5b",
            "region": "us-east-1",
            "security_group_id": "sg-0b9537c4caaa723d0",
            "security_group_rule_id": "sgr-04ea9a9a6c0a4976f",
            "tags": null,
            "tags_all": {},
            "to_port": 80
          },
          "sensitive_attributes": [],
          "identity_schema_version": 0,
          "identity": {
            "account_id": "091869721157",
            "id": "sgr-04ea9a9a6c0a4976f",
            "region": "us-east-1"
          },
          "dependencies": [
            "aws_security_group.alb",
            "aws_security_group.ec2_app",
            "aws_vpc.main"
          ]
        }
      ]
    },
    {
      "mode": "managed",
      "type": "aws_vpc_security_group_ingress_rule",
      "name": "private_alb_http_from_ec2_app",
      "provider": "provider[\"registry.terraform.io/hashicorp/aws\"]",
      "instances": [
        {
          "schema_version": 0,
          "attributes": {
            "arn": "arn:aws:ec2:us-east-1:091869721157:security-group-rule/sgr-064050f236980fb34",
            "cidr_ipv4": null,
            "cidr_ipv6": null,
            "description": "HTTP from app instances",
            "from_port": 80,
            "id": "sgr-064050f236980fb34",
            "ip_protocol": "tcp",
            "prefix_list_id": null,
            "referenced_security_group_id": "sg-0b9537c4caaa723d0",
            "region": "us-east-1",
            "security_group_id": "sg-0b890d97bf0a0c205",
            "security_group_rule_id": "sgr-064050f236980fb34",
            "tags": null,
            "tags_all": {},
            "to_port": 80
          },
          "sensitive_attributes": [],
          "identity_schema_version": 0,
          "identity": {
            "account_id": "091869721157",
            "id": "sgr-064050f236980fb34",
            "region": "us-east-1"
          },
          "dependencies": [
            "aws_security_group.ec2_app",
            "aws_security_group.private_alb",
            "aws_vpc.main"
          ]
        }
      ]
    },
    {
      "mode": "managed",
      "type": "aws_wafv2_web_acl",
      "name": "public_alb",
      "provider": "provider[\"registry.terraform.io/hashicorp/aws\"]",
      "instances": [
        {
          "schema_version": 0,
          "attributes": {
            "application_integration_url": "",
            "arn": "arn:aws:wafv2:us-east-1:091869721157:regional/webacl/blacktickets-dev-web-acl/0a6a164e-be32-482f-8230-6e0630c5caea",
            "association_config": [],
            "capacity": 902,
            "captcha_config": [],
            "challenge_config": [],
            "custom_response_body": [],
            "data_protection_config": [],
            "default_action": [
              {
                "allow": [
                  {
                    "custom_request_handling": []
                  }
                ],
                "block": []
              }
            ],
            "description": "Regional WAF Web ACL for the BlackTickets public ALB.",
            "id": "0a6a164e-be32-482f-8230-6e0630c5caea",
            "lock_token": "94a075f4-2cf4-4367-99ed-712a6e2c3bf0",
            "name": "blacktickets-dev-web-acl",
            "name_prefix": "",
            "region": "us-east-1",
            "rule": [
              {
                "action": [
                  {
                    "allow": [],
                    "block": [
                      {
                        "custom_response": []
                      }
                    ],
                    "captcha": [],
                    "challenge": [],
                    "count": []
                  }
                ],
                "captcha_config": [],
                "challenge_config": [],
                "name": "RateLimit100",
                "override_action": [],
                "priority": 3,
                "rule_label": [],
                "statement": [
                  {
                    "and_statement": [],
                    "asn_match_statement": [],
                    "byte_match_statement": [],
                    "geo_match_statement": [],
                    "ip_set_reference_statement": [],
                    "label_match_statement": [],
                    "managed_rule_group_statement": [],
                    "not_statement": [],
                    "or_statement": [],
                    "rate_based_statement": [
                      {
                        "aggregate_key_type": "IP",
                        "custom_key": [],
                        "evaluation_window_sec": 300,
                        "forwarded_ip_config": [],
                        "limit": 100,
                        "scope_down_statement": []
                      }
                    ],
                    "regex_match_statement": [],
                    "regex_pattern_set_reference_statement": [],
                    "rule_group_reference_statement": [],
                    "size_constraint_statement": [],
                    "sqli_match_statement": [],
                    "xss_match_statement": []
                  }
                ],
                "visibility_config": [
                  {
                    "cloudwatch_metrics_enabled": true,
                    "metric_name": "RateLimit100",
                    "sampled_requests_enabled": true
                  }
                ]
              },
              {
                "action": [],
                "captcha_config": [],
                "challenge_config": [],
                "name": "AWSManagedRulesCommonRuleSet",
                "override_action": [
                  {
                    "count": [],
                    "none": [
                      {}
                    ]
                  }
                ],
                "priority": 1,
                "rule_label": [],
                "statement": [
                  {
                    "and_statement": [],
                    "asn_match_statement": [],
                    "byte_match_statement": [],
                    "geo_match_statement": [],
                    "ip_set_reference_statement": [],
                    "label_match_statement": [],
                    "managed_rule_group_statement": [
                      {
                        "managed_rule_group_configs": [],
                        "name": "AWSManagedRulesCommonRuleSet",
                        "rule_action_override": [
                          {
                            "action_to_use": [
                              {
                                "allow": [],
                                "block": [],
                                "captcha": [],
                                "challenge": [],
                                "count": [
                                  {
                                    "custom_request_handling": []
                                  }
                                ]
                              }
                            ],
                            "name": "SizeRestrictions_BODY"
                          }
                        ],
                        "scope_down_statement": [],
                        "vendor_name": "AWS",
                        "version": ""
                      }
                    ],
                    "not_statement": [],
                    "or_statement": [],
                    "rate_based_statement": [],
                    "regex_match_statement": [],
                    "regex_pattern_set_reference_statement": [],
                    "rule_group_reference_statement": [],
                    "size_constraint_statement": [],
                    "sqli_match_statement": [],
                    "xss_match_statement": []
                  }
                ],
                "visibility_config": [
                  {
                    "cloudwatch_metrics_enabled": true,
                    "metric_name": "AWSManagedRulesCommonRuleSet",
                    "sampled_requests_enabled": true
                  }
                ]
              },
              {
                "action": [],
                "captcha_config": [],
                "challenge_config": [],
                "name": "AWSManagedRulesSQLiRuleSet",
                "override_action": [
                  {
                    "count": [],
                    "none": [
                      {}
                    ]
                  }
                ],
                "priority": 2,
                "rule_label": [],
                "statement": [
                  {
                    "and_statement": [],
                    "asn_match_statement": [],
                    "byte_match_statement": [],
                    "geo_match_statement": [],
                    "ip_set_reference_statement": [],
                    "label_match_statement": [],
                    "managed_rule_group_statement": [
                      {
                        "managed_rule_group_configs": [],
                        "name": "AWSManagedRulesSQLiRuleSet",
                        "rule_action_override": [],
                        "scope_down_statement": [],
                        "vendor_name": "AWS",
                        "version": ""
                      }
                    ],
                    "not_statement": [],
                    "or_statement": [],
                    "rate_based_statement": [],
                    "regex_match_statement": [],
                    "regex_pattern_set_reference_statement": [],
                    "rule_group_reference_statement": [],
                    "size_constraint_statement": [],
                    "sqli_match_statement": [],
                    "xss_match_statement": []
                  }
                ],
                "visibility_config": [
                  {
                    "cloudwatch_metrics_enabled": true,
                    "metric_name": "AWSManagedRulesSQLiRuleSet",
                    "sampled_requests_enabled": true
                  }
                ]
              }
            ],
            "rule_json": null,
            "scope": "REGIONAL",
            "tags": {
              "Environment": "dev",
              "ManagedBy": "terraform",
              "Name": "blacktickets-dev-web-acl",
              "Project": "blacktickets"
            },
            "tags_all": {
              "Environment": "dev",
              "ManagedBy": "terraform",
              "Name": "blacktickets-dev-web-acl",
              "Project": "blacktickets"
            },
            "token_domains": [],
            "visibility_config": [
              {
                "cloudwatch_metrics_enabled": true,
                "metric_name": "blacktickets-dev-web-acl",
                "sampled_requests_enabled": true
              }
            ]
          },
          "sensitive_attributes": [],
          "identity_schema_version": 0,
          "private": "bnVsbA=="
        }
      ]
    },
    {
      "mode": "managed",
      "type": "aws_wafv2_web_acl_association",
      "name": "public_alb",
      "provider": "provider[\"registry.terraform.io/hashicorp/aws\"]",
      "instances": [
        {
          "schema_version": 0,
          "attributes": {
            "id": "arn:aws:wafv2:us-east-1:091869721157:regional/webacl/blacktickets-dev-web-acl/0a6a164e-be32-482f-8230-6e0630c5caea,arn:aws:elasticloadbalancing:us-east-1:091869721157:loadbalancer/app/blacktickets-dev-public-alb/f1054844ac8f9d95",
            "region": "us-east-1",
            "resource_arn": "arn:aws:elasticloadbalancing:us-east-1:091869721157:loadbalancer/app/blacktickets-dev-public-alb/f1054844ac8f9d95",
            "timeouts": null,
            "web_acl_arn": "arn:aws:wafv2:us-east-1:091869721157:regional/webacl/blacktickets-dev-web-acl/0a6a164e-be32-482f-8230-6e0630c5caea"
          },
          "sensitive_attributes": [],
          "identity_schema_version": 0,
          "private": "eyJlMmJmYjczMC1lY2FhLTExZTYtOGY4OC0zNDM2M2JjN2M0YzAiOnsiY3JlYXRlIjo2MDAwMDAwMDAwMDB9fQ==",
          "dependencies": [
            "aws_lb.public",
            "aws_security_group.alb",
            "aws_subnet.public",
            "aws_vpc.main",
            "aws_wafv2_web_acl.public_alb",
            "data.aws_availability_zones.available"
          ]
        }
      ]
    }
  ],
  "check_results": [
    {
      "object_kind": "var",
      "config_addr": "var.notification_email",
      "status": "pass",
      "objects": [
        {
          "object_addr": "var.notification_email",
          "status": "pass"
        }
      ]
    }
  ]
}
